{
  "version": 4,
  "terraform_version": "0.13.7",
  "serial": 82,
  "lineage": "52a2a99d-fe77-9a76-b445-0d7b4c492452",
  "outputs": {
    "cluster_name": {
      "value": "joey.k8s.local",
      "type": "string"
    },
    "master_autoscaling_group_ids": {
      "value": [
        "master-joey.masters.joey.k8s.local"
      ],
      "type": [
        "tuple",
        [
          "string"
        ]
      ]
    },
    "master_security_group_ids": {
      "value": [
        "sg-065066c21c03b66fe"
      ],
      "type": [
        "tuple",
        [
          "string"
        ]
      ]
    },
    "masters_role_arn": {
      "value": "arn:aws:iam::991571226750:role/masters.joey.k8s.local",
      "type": "string"
    },
    "masters_role_name": {
      "value": "masters.joey.k8s.local",
      "type": "string"
    },
    "node_autoscaling_group_ids": {
      "value": [
        "nodes-joey.joey.k8s.local"
      ],
      "type": [
        "tuple",
        [
          "string"
        ]
      ]
    },
    "node_security_group_ids": {
      "value": [
        "sg-0905d72cec2f91717"
      ],
      "type": [
        "tuple",
        [
          "string"
        ]
      ]
    },
    "node_subnet_ids": {
      "value": [
        "subnet-067587cdbcb3328d6"
      ],
      "type": [
        "tuple",
        [
          "string"
        ]
      ]
    },
    "nodes_role_arn": {
      "value": "arn:aws:iam::991571226750:role/nodes.joey.k8s.local",
      "type": "string"
    },
    "nodes_role_name": {
      "value": "nodes.joey.k8s.local",
      "type": "string"
    },
    "region": {
      "value": "ap-southeast-2",
      "type": "string"
    },
    "route_table_public_id": {
      "value": "rtb-06dbe340bb44656b6",
      "type": "string"
    },
    "subnet_ap-southeast-2a_id": {
      "value": "subnet-067587cdbcb3328d6",
      "type": "string"
    },
    "vpc_cidr_block": {
      "value": "172.20.0.0/16",
      "type": "string"
    },
    "vpc_id": {
      "value": "vpc-06e249415fc0b6909",
      "type": "string"
    }
  },
  "resources": [
    {
      "mode": "managed",
      "type": "aws_autoscaling_group",
      "name": "master-joey-masters-joey-k8s-local",
      "provider": "provider[\"registry.terraform.io/hashicorp/aws\"]",
      "instances": [
        {
          "schema_version": 0,
          "attributes": {
            "arn": "arn:aws:autoscaling:ap-southeast-2:991571226750:autoScalingGroup:a99a9332-d59f-4f62-bdbc-65559ac4e343:autoScalingGroupName/master-joey.masters.joey.k8s.local",
            "availability_zones": [
              "ap-southeast-2a"
            ],
            "capacity_rebalance": false,
            "default_cooldown": 300,
            "desired_capacity": 3,
            "enabled_metrics": [
              "GroupDesiredCapacity",
              "GroupInServiceInstances",
              "GroupMaxSize",
              "GroupMinSize",
              "GroupPendingInstances",
              "GroupStandbyInstances",
              "GroupTerminatingInstances",
              "GroupTotalInstances"
            ],
            "force_delete": false,
            "force_delete_warm_pool": false,
            "health_check_grace_period": 300,
            "health_check_type": "EC2",
            "id": "master-joey.masters.joey.k8s.local",
            "initial_lifecycle_hook": [],
            "instance_refresh": [],
            "launch_configuration": "",
            "launch_template": [
              {
                "id": "lt-08916628a07ed467d",
                "name": "master-joey.masters.joey.k8s.local",
                "version": "1"
              }
            ],
            "load_balancers": [
              "api-joey-k8s-local-p83fsk"
            ],
            "max_instance_lifetime": 0,
            "max_size": 3,
            "metrics_granularity": "1Minute",
            "min_elb_capacity": null,
            "min_size": 3,
            "mixed_instances_policy": [],
            "name": "master-joey.masters.joey.k8s.local",
            "name_prefix": "",
            "placement_group": "",
            "protect_from_scale_in": false,
            "service_linked_role_arn": "arn:aws:iam::991571226750:role/aws-service-role/autoscaling.amazonaws.com/AWSServiceRoleForAutoScaling",
            "suspended_processes": null,
            "tag": [
              {
                "key": "KubernetesCluster",
                "propagate_at_launch": true,
                "value": "joey.k8s.local"
              },
              {
                "key": "Name",
                "propagate_at_launch": true,
                "value": "master-joey.masters.joey.k8s.local"
              },
              {
                "key": "k8s.io/cluster-autoscaler/node-template/label/kops.k8s.io/instancegroup",
                "propagate_at_launch": true,
                "value": "master-joey"
              },
              {
                "key": "k8s.io/cluster-autoscaler/node-template/label/kops.k8s.io/kops-controller-pki",
                "propagate_at_launch": true,
                "value": ""
              },
              {
                "key": "k8s.io/cluster-autoscaler/node-template/label/kubernetes.io/role",
                "propagate_at_launch": true,
                "value": "master"
              },
              {
                "key": "k8s.io/cluster-autoscaler/node-template/label/node-role.kubernetes.io/control-plane",
                "propagate_at_launch": true,
                "value": ""
              },
              {
                "key": "k8s.io/cluster-autoscaler/node-template/label/node-role.kubernetes.io/master",
                "propagate_at_launch": true,
                "value": ""
              },
              {
                "key": "k8s.io/cluster-autoscaler/node-template/label/node.kubernetes.io/exclude-from-external-load-balancers",
                "propagate_at_launch": true,
                "value": ""
              },
              {
                "key": "k8s.io/role/master",
                "propagate_at_launch": true,
                "value": "1"
              },
              {
                "key": "kops.k8s.io/instancegroup",
                "propagate_at_launch": true,
                "value": "master-joey"
              },
              {
                "key": "kubernetes.io/cluster/joey.k8s.local",
                "propagate_at_launch": true,
                "value": "owned"
              }
            ],
            "tags": null,
            "target_group_arns": null,
            "termination_policies": null,
            "timeouts": null,
            "vpc_zone_identifier": [
              "subnet-067587cdbcb3328d6"
            ],
            "wait_for_capacity_timeout": "10m",
            "wait_for_elb_capacity": null,
            "warm_pool": []
          },
          "private": "eyJlMmJmYjczMC1lY2FhLTExZTYtOGY4OC0zNDM2M2JjN2M0YzAiOnsiZGVsZXRlIjo2MDAwMDAwMDAwMDB9fQ==",
          "dependencies": [
            "aws_elb.api-joey-k8s-local",
            "aws_iam_instance_profile.masters-joey-k8s-local",
            "aws_iam_role.masters-joey-k8s-local",
            "aws_key_pair.kubernetes-joey-k8s-local-8ca4be5fdb8e06031d7b7965c0eb6ad3",
            "aws_launch_template.master-joey-masters-joey-k8s-local",
            "aws_security_group.api-elb-joey-k8s-local",
            "aws_security_group.masters-joey-k8s-local",
            "aws_subnet.ap-southeast-2a-joey-k8s-local",
            "aws_vpc.joey-k8s-local"
          ]
        }
      ]
    },
    {
      "mode": "managed",
      "type": "aws_autoscaling_group",
      "name": "nodes-joey-joey-k8s-local",
      "provider": "provider[\"registry.terraform.io/hashicorp/aws\"]",
      "instances": [
        {
          "schema_version": 0,
          "attributes": {
            "arn": "arn:aws:autoscaling:ap-southeast-2:991571226750:autoScalingGroup:734a2caa-14dd-4e94-877c-0eeaae055e1e:autoScalingGroupName/nodes-joey.joey.k8s.local",
            "availability_zones": [
              "ap-southeast-2a"
            ],
            "capacity_rebalance": false,
            "default_cooldown": 300,
            "desired_capacity": 5,
            "enabled_metrics": [
              "GroupDesiredCapacity",
              "GroupInServiceInstances",
              "GroupMaxSize",
              "GroupMinSize",
              "GroupPendingInstances",
              "GroupStandbyInstances",
              "GroupTerminatingInstances",
              "GroupTotalInstances"
            ],
            "force_delete": false,
            "force_delete_warm_pool": false,
            "health_check_grace_period": 300,
            "health_check_type": "EC2",
            "id": "nodes-joey.joey.k8s.local",
            "initial_lifecycle_hook": [],
            "instance_refresh": [],
            "launch_configuration": "",
            "launch_template": [
              {
                "id": "lt-06452391af3bd6290",
                "name": "nodes-joey.joey.k8s.local",
                "version": "1"
              }
            ],
            "load_balancers": null,
            "max_instance_lifetime": 0,
            "max_size": 10,
            "metrics_granularity": "1Minute",
            "min_elb_capacity": null,
            "min_size": 5,
            "mixed_instances_policy": [],
            "name": "nodes-joey.joey.k8s.local",
            "name_prefix": "",
            "placement_group": "",
            "protect_from_scale_in": false,
            "service_linked_role_arn": "arn:aws:iam::991571226750:role/aws-service-role/autoscaling.amazonaws.com/AWSServiceRoleForAutoScaling",
            "suspended_processes": null,
            "tag": [
              {
                "key": "KubernetesCluster",
                "propagate_at_launch": true,
                "value": "joey.k8s.local"
              },
              {
                "key": "Name",
                "propagate_at_launch": true,
                "value": "nodes-joey.joey.k8s.local"
              },
              {
                "key": "k8s.io/cluster-autoscaler/enabled",
                "propagate_at_launch": true,
                "value": ""
              },
              {
                "key": "k8s.io/cluster-autoscaler/joey.k8s.local",
                "propagate_at_launch": true,
                "value": ""
              },
              {
                "key": "k8s.io/cluster-autoscaler/node-template/label",
                "propagate_at_launch": true,
                "value": ""
              },
              {
                "key": "k8s.io/cluster-autoscaler/node-template/label/kops.k8s.io/instancegroup",
                "propagate_at_launch": true,
                "value": "nodes-joey"
              },
              {
                "key": "k8s.io/cluster-autoscaler/node-template/label/kubernetes.io/role",
                "propagate_at_launch": true,
                "value": "node"
              },
              {
                "key": "k8s.io/cluster-autoscaler/node-template/label/node-role.kubernetes.io/node",
                "propagate_at_launch": true,
                "value": ""
              },
              {
                "key": "k8s.io/role/node",
                "propagate_at_launch": true,
                "value": "1"
              },
              {
                "key": "kops.k8s.io/instancegroup",
                "propagate_at_launch": true,
                "value": "nodes-joey"
              },
              {
                "key": "kubernetes.io/cluster/joey.k8s.local",
                "propagate_at_launch": true,
                "value": "owned"
              }
            ],
            "tags": null,
            "target_group_arns": null,
            "termination_policies": null,
            "timeouts": null,
            "vpc_zone_identifier": [
              "subnet-067587cdbcb3328d6"
            ],
            "wait_for_capacity_timeout": "10m",
            "wait_for_elb_capacity": null,
            "warm_pool": []
          },
          "private": "eyJlMmJmYjczMC1lY2FhLTExZTYtOGY4OC0zNDM2M2JjN2M0YzAiOnsiZGVsZXRlIjo2MDAwMDAwMDAwMDB9fQ==",
          "dependencies": [
            "aws_iam_instance_profile.nodes-joey-k8s-local",
            "aws_iam_role.nodes-joey-k8s-local",
            "aws_key_pair.kubernetes-joey-k8s-local-8ca4be5fdb8e06031d7b7965c0eb6ad3",
            "aws_launch_template.nodes-joey-joey-k8s-local",
            "aws_security_group.nodes-joey-k8s-local",
            "aws_subnet.ap-southeast-2a-joey-k8s-local",
            "aws_vpc.joey-k8s-local"
          ]
        }
      ]
    },
    {
      "mode": "managed",
      "type": "aws_ebs_volume",
      "name": "a-etcd-events-joey-k8s-local",
      "provider": "provider[\"registry.terraform.io/hashicorp/aws\"]",
      "instances": [
        {
          "schema_version": 0,
          "attributes": {
            "arn": "arn:aws:ec2:ap-southeast-2:991571226750:volume/vol-08ead266efb63cb86",
            "availability_zone": "ap-southeast-2a",
            "encrypted": false,
            "id": "vol-08ead266efb63cb86",
            "iops": 3000,
            "kms_key_id": "",
            "multi_attach_enabled": false,
            "outpost_arn": "",
            "size": 20,
            "snapshot_id": "",
            "tags": {
              "KubernetesCluster": "joey.k8s.local",
              "Name": "a.etcd-events.joey.k8s.local",
              "k8s.io/etcd/events": "a/a",
              "k8s.io/role/master": "1",
              "kubernetes.io/cluster/joey.k8s.local": "owned"
            },
            "tags_all": {
              "KubernetesCluster": "joey.k8s.local",
              "Name": "a.etcd-events.joey.k8s.local",
              "k8s.io/etcd/events": "a/a",
              "k8s.io/role/master": "1",
              "kubernetes.io/cluster/joey.k8s.local": "owned"
            },
            "throughput": 125,
            "type": "gp3"
          },
          "private": "bnVsbA=="
        }
      ]
    },
    {
      "mode": "managed",
      "type": "aws_ebs_volume",
      "name": "a-etcd-main-joey-k8s-local",
      "provider": "provider[\"registry.terraform.io/hashicorp/aws\"]",
      "instances": [
        {
          "schema_version": 0,
          "attributes": {
            "arn": "arn:aws:ec2:ap-southeast-2:991571226750:volume/vol-0967e0f020589e5af",
            "availability_zone": "ap-southeast-2a",
            "encrypted": false,
            "id": "vol-0967e0f020589e5af",
            "iops": 3000,
            "kms_key_id": "",
            "multi_attach_enabled": false,
            "outpost_arn": "",
            "size": 20,
            "snapshot_id": "",
            "tags": {
              "KubernetesCluster": "joey.k8s.local",
              "Name": "a.etcd-main.joey.k8s.local",
              "k8s.io/etcd/main": "a/a",
              "k8s.io/role/master": "1",
              "kubernetes.io/cluster/joey.k8s.local": "owned"
            },
            "tags_all": {
              "KubernetesCluster": "joey.k8s.local",
              "Name": "a.etcd-main.joey.k8s.local",
              "k8s.io/etcd/main": "a/a",
              "k8s.io/role/master": "1",
              "kubernetes.io/cluster/joey.k8s.local": "owned"
            },
            "throughput": 125,
            "type": "gp3"
          },
          "private": "bnVsbA=="
        }
      ]
    },
    {
      "mode": "managed",
      "type": "aws_elb",
      "name": "api-joey-k8s-local",
      "provider": "provider[\"registry.terraform.io/hashicorp/aws\"]",
      "instances": [
        {
          "schema_version": 0,
          "attributes": {
            "access_logs": [],
            "arn": "arn:aws:elasticloadbalancing:ap-southeast-2:991571226750:loadbalancer/api-joey-k8s-local-p83fsk",
            "availability_zones": [
              "ap-southeast-2a"
            ],
            "connection_draining": false,
            "connection_draining_timeout": 300,
            "cross_zone_load_balancing": false,
            "dns_name": "api-joey-k8s-local-p83fsk-617200574.ap-southeast-2.elb.amazonaws.com",
            "health_check": [
              {
                "healthy_threshold": 2,
                "interval": 10,
                "target": "SSL:443",
                "timeout": 5,
                "unhealthy_threshold": 2
              }
            ],
            "id": "api-joey-k8s-local-p83fsk",
            "idle_timeout": 300,
            "instances": [],
            "internal": false,
            "listener": [
              {
                "instance_port": 443,
                "instance_protocol": "TCP",
                "lb_port": 443,
                "lb_protocol": "TCP",
                "ssl_certificate_id": ""
              }
            ],
            "name": "api-joey-k8s-local-p83fsk",
            "name_prefix": null,
            "security_groups": [
              "sg-0209bdae56bd134a9"
            ],
            "source_security_group": "991571226750/api-elb.joey.k8s.local",
            "source_security_group_id": "sg-0209bdae56bd134a9",
            "subnets": [
              "subnet-067587cdbcb3328d6"
            ],
            "tags": {
              "KubernetesCluster": "joey.k8s.local",
              "Name": "api.joey.k8s.local",
              "kubernetes.io/cluster/joey.k8s.local": "owned"
            },
            "tags_all": {
              "KubernetesCluster": "joey.k8s.local",
              "Name": "api.joey.k8s.local",
              "kubernetes.io/cluster/joey.k8s.local": "owned"
            },
            "zone_id": "Z1GM3OXH4ZPM65"
          },
          "private": "bnVsbA==",
          "dependencies": [
            "aws_security_group.api-elb-joey-k8s-local",
            "aws_subnet.ap-southeast-2a-joey-k8s-local",
            "aws_vpc.joey-k8s-local"
          ]
        }
      ]
    },
    {
      "mode": "managed",
      "type": "aws_iam_instance_profile",
      "name": "masters-joey-k8s-local",
      "provider": "provider[\"registry.terraform.io/hashicorp/aws\"]",
      "instances": [
        {
          "schema_version": 0,
          "attributes": {
            "arn": "arn:aws:iam::991571226750:instance-profile/masters.joey.k8s.local",
            "create_date": "2021-11-24T12:16:29Z",
            "id": "masters.joey.k8s.local",
            "name": "masters.joey.k8s.local",
            "name_prefix": null,
            "path": "/",
            "role": "masters.joey.k8s.local",
            "tags": {
              "KubernetesCluster": "joey.k8s.local",
              "Name": "masters.joey.k8s.local",
              "kubernetes.io/cluster/joey.k8s.local": "owned"
            },
            "tags_all": {
              "KubernetesCluster": "joey.k8s.local",
              "Name": "masters.joey.k8s.local",
              "kubernetes.io/cluster/joey.k8s.local": "owned"
            },
            "unique_id": "AIPA6NXSAGB7JGD5T46N2"
          },
          "private": "bnVsbA==",
          "dependencies": [
            "aws_iam_role.masters-joey-k8s-local"
          ],
          "create_before_destroy": true
        }
      ]
    },
    {
      "mode": "managed",
      "type": "aws_iam_instance_profile",
      "name": "nodes-joey-k8s-local",
      "provider": "provider[\"registry.terraform.io/hashicorp/aws\"]",
      "instances": [
        {
          "schema_version": 0,
          "attributes": {
            "arn": "arn:aws:iam::991571226750:instance-profile/nodes.joey.k8s.local",
            "create_date": "2021-11-24T12:16:29Z",
            "id": "nodes.joey.k8s.local",
            "name": "nodes.joey.k8s.local",
            "name_prefix": null,
            "path": "/",
            "role": "nodes.joey.k8s.local",
            "tags": {
              "KubernetesCluster": "joey.k8s.local",
              "Name": "nodes.joey.k8s.local",
              "kubernetes.io/cluster/joey.k8s.local": "owned"
            },
            "tags_all": {
              "KubernetesCluster": "joey.k8s.local",
              "Name": "nodes.joey.k8s.local",
              "kubernetes.io/cluster/joey.k8s.local": "owned"
            },
            "unique_id": "AIPA6NXSAGB7HBJPGFPGH"
          },
          "private": "bnVsbA==",
          "dependencies": [
            "aws_iam_role.nodes-joey-k8s-local"
          ],
          "create_before_destroy": true
        }
      ]
    },
    {
      "mode": "managed",
      "type": "aws_iam_role",
      "name": "masters-joey-k8s-local",
      "provider": "provider[\"registry.terraform.io/hashicorp/aws\"]",
      "instances": [
        {
          "schema_version": 0,
          "attributes": {
            "arn": "arn:aws:iam::991571226750:role/masters.joey.k8s.local",
            "assume_role_policy": "{\"Version\":\"2012-10-17\",\"Statement\":[{\"Effect\":\"Allow\",\"Principal\":{\"Service\":\"ec2.amazonaws.com\"},\"Action\":\"sts:AssumeRole\"}]}",
            "create_date": "2021-11-24T12:16:24Z",
            "description": "",
            "force_detach_policies": false,
            "id": "masters.joey.k8s.local",
            "inline_policy": [
              {
                "name": "",
                "policy": ""
              }
            ],
            "managed_policy_arns": [],
            "max_session_duration": 3600,
            "name": "masters.joey.k8s.local",
            "name_prefix": "",
            "path": "/",
            "permissions_boundary": null,
            "tags": {
              "KubernetesCluster": "joey.k8s.local",
              "Name": "masters.joey.k8s.local",
              "kubernetes.io/cluster/joey.k8s.local": "owned"
            },
            "tags_all": {
              "KubernetesCluster": "joey.k8s.local",
              "Name": "masters.joey.k8s.local",
              "kubernetes.io/cluster/joey.k8s.local": "owned"
            },
            "unique_id": "AROA6NXSAGB7MLVDUCDNV"
          },
          "private": "bnVsbA==",
          "create_before_destroy": true
        }
      ]
    },
    {
      "mode": "managed",
      "type": "aws_iam_role",
      "name": "nodes-joey-k8s-local",
      "provider": "provider[\"registry.terraform.io/hashicorp/aws\"]",
      "instances": [
        {
          "schema_version": 0,
          "attributes": {
            "arn": "arn:aws:iam::991571226750:role/nodes.joey.k8s.local",
            "assume_role_policy": "{\"Version\":\"2012-10-17\",\"Statement\":[{\"Effect\":\"Allow\",\"Principal\":{\"Service\":\"ec2.amazonaws.com\"},\"Action\":\"sts:AssumeRole\"}]}",
            "create_date": "2021-11-24T12:16:24Z",
            "description": "",
            "force_detach_policies": false,
            "id": "nodes.joey.k8s.local",
            "inline_policy": [
              {
                "name": "",
                "policy": ""
              }
            ],
            "managed_policy_arns": [],
            "max_session_duration": 3600,
            "name": "nodes.joey.k8s.local",
            "name_prefix": "",
            "path": "/",
            "permissions_boundary": null,
            "tags": {
              "KubernetesCluster": "joey.k8s.local",
              "Name": "nodes.joey.k8s.local",
              "kubernetes.io/cluster/joey.k8s.local": "owned"
            },
            "tags_all": {
              "KubernetesCluster": "joey.k8s.local",
              "Name": "nodes.joey.k8s.local",
              "kubernetes.io/cluster/joey.k8s.local": "owned"
            },
            "unique_id": "AROA6NXSAGB7ESLNC6Q7Q"
          },
          "private": "bnVsbA==",
          "create_before_destroy": true
        }
      ]
    },
    {
      "mode": "managed",
      "type": "aws_iam_role_policy",
      "name": "masters-joey-k8s-local",
      "provider": "provider[\"registry.terraform.io/hashicorp/aws\"]",
      "instances": [
        {
          "schema_version": 0,
          "attributes": {
            "id": "masters.joey.k8s.local:masters.joey.k8s.local",
            "name": "masters.joey.k8s.local",
            "name_prefix": null,
            "policy": "{\n  \"Statement\": [\n    {\n      \"Action\": [\n        \"ec2:DescribeAccountAttributes\",\n        \"ec2:DescribeInstances\",\n        \"ec2:DescribeInternetGateways\",\n        \"ec2:DescribeRegions\",\n        \"ec2:DescribeRouteTables\",\n        \"ec2:DescribeSecurityGroups\",\n        \"ec2:DescribeSubnets\",\n        \"ec2:DescribeVolumes\"\n      ],\n      \"Effect\": \"Allow\",\n      \"Resource\": [\n        \"*\"\n      ]\n    },\n    {\n      \"Action\": [\n        \"ec2:CreateSecurityGroup\",\n        \"ec2:CreateTags\",\n        \"ec2:CreateVolume\",\n        \"ec2:DescribeVolumesModifications\",\n        \"ec2:ModifyInstanceAttribute\",\n        \"ec2:ModifyVolume\"\n      ],\n      \"Effect\": \"Allow\",\n      \"Resource\": [\n        \"*\"\n      ]\n    },\n    {\n      \"Action\": [\n        \"ec2:AttachVolume\",\n        \"ec2:AuthorizeSecurityGroupIngress\",\n        \"ec2:CreateRoute\",\n        \"ec2:DeleteRoute\",\n        \"ec2:DeleteSecurityGroup\",\n        \"ec2:DeleteVolume\",\n        \"ec2:DetachVolume\",\n        \"ec2:RevokeSecurityGroupIngress\"\n      ],\n      \"Condition\": {\n        \"StringEquals\": {\n          \"ec2:ResourceTag/KubernetesCluster\": \"joey.k8s.local\"\n        }\n      },\n      \"Effect\": \"Allow\",\n      \"Resource\": [\n        \"*\"\n      ]\n    },\n    {\n      \"Action\": \"autoscaling:CompleteLifecycleAction\",\n      \"Condition\": {\n        \"StringEquals\": {\n          \"autoscaling:ResourceTag/KubernetesCluster\": \"joey.k8s.local\"\n        }\n      },\n      \"Effect\": \"Allow\",\n      \"Resource\": [\n        \"*\"\n      ]\n    },\n    {\n      \"Action\": \"autoscaling:DescribeLifecycleHooks\",\n      \"Effect\": \"Allow\",\n      \"Resource\": [\n        \"*\"\n      ]\n    },\n    {\n      \"Action\": \"autoscaling:DescribeAutoScalingInstances\",\n      \"Effect\": \"Allow\",\n      \"Resource\": [\n        \"*\"\n      ]\n    },\n    {\n      \"Action\": [\n        \"autoscaling:DescribeAutoScalingGroups\",\n        \"autoscaling:DescribeLaunchConfigurations\",\n        \"autoscaling:DescribeTags\",\n        \"ec2:DescribeLaunchTemplateVersions\"\n      ],\n      \"Effect\": \"Allow\",\n      \"Resource\": [\n        \"*\"\n      ]\n    },\n    {\n      \"Action\": [\n        \"autoscaling:SetDesiredCapacity\",\n        \"autoscaling:TerminateInstanceInAutoScalingGroup\",\n        \"autoscaling:UpdateAutoScalingGroup\"\n      ],\n      \"Condition\": {\n        \"StringEquals\": {\n          \"autoscaling:ResourceTag/KubernetesCluster\": \"joey.k8s.local\"\n        }\n      },\n      \"Effect\": \"Allow\",\n      \"Resource\": [\n        \"*\"\n      ]\n    },\n    {\n      \"Action\": [\n        \"autoscaling:CompleteLifecycleAction\",\n        \"autoscaling:DescribeAutoScalingInstances\"\n      ],\n      \"Condition\": {\n        \"StringEquals\": {\n          \"autoscaling:ResourceTag/KubernetesCluster\": \"joey.k8s.local\"\n        }\n      },\n      \"Effect\": \"Allow\",\n      \"Resource\": [\n        \"*\"\n      ]\n    },\n    {\n      \"Action\": [\n        \"elasticloadbalancing:AddTags\",\n        \"elasticloadbalancing:AttachLoadBalancerToSubnets\",\n        \"elasticloadbalancing:ApplySecurityGroupsToLoadBalancer\",\n        \"elasticloadbalancing:CreateLoadBalancer\",\n        \"elasticloadbalancing:CreateLoadBalancerPolicy\",\n        \"elasticloadbalancing:CreateLoadBalancerListeners\",\n        \"elasticloadbalancing:ConfigureHealthCheck\",\n        \"elasticloadbalancing:DeleteLoadBalancer\",\n        \"elasticloadbalancing:DeleteLoadBalancerListeners\",\n        \"elasticloadbalancing:DescribeLoadBalancers\",\n        \"elasticloadbalancing:DescribeLoadBalancerAttributes\",\n        \"elasticloadbalancing:DetachLoadBalancerFromSubnets\",\n        \"elasticloadbalancing:DeregisterInstancesFromLoadBalancer\",\n        \"elasticloadbalancing:ModifyLoadBalancerAttributes\",\n        \"elasticloadbalancing:RegisterInstancesWithLoadBalancer\",\n        \"elasticloadbalancing:SetLoadBalancerPoliciesForBackendServer\"\n      ],\n      \"Effect\": \"Allow\",\n      \"Resource\": [\n        \"*\"\n      ]\n    },\n    {\n      \"Action\": [\n        \"ec2:DescribeVpcs\",\n        \"elasticloadbalancing:AddTags\",\n        \"elasticloadbalancing:CreateListener\",\n        \"elasticloadbalancing:CreateTargetGroup\",\n        \"elasticloadbalancing:DeleteListener\",\n        \"elasticloadbalancing:DeleteTargetGroup\",\n        \"elasticloadbalancing:DeregisterTargets\",\n        \"elasticloadbalancing:DescribeListeners\",\n        \"elasticloadbalancing:DescribeLoadBalancerPolicies\",\n        \"elasticloadbalancing:DescribeTargetGroups\",\n        \"elasticloadbalancing:DescribeTargetHealth\",\n        \"elasticloadbalancing:ModifyListener\",\n        \"elasticloadbalancing:ModifyTargetGroup\",\n        \"elasticloadbalancing:RegisterTargets\",\n        \"elasticloadbalancing:SetLoadBalancerPoliciesOfListener\"\n      ],\n      \"Effect\": \"Allow\",\n      \"Resource\": [\n        \"*\"\n      ]\n    },\n    {\n      \"Action\": [\n        \"iam:ListServerCertificates\",\n        \"iam:GetServerCertificate\"\n      ],\n      \"Effect\": \"Allow\",\n      \"Resource\": [\n        \"*\"\n      ]\n    },\n    {\n      \"Action\": [\n        \"s3:Get*\"\n      ],\n      \"Effect\": \"Allow\",\n      \"Resource\": \"arn:aws:s3:::joey-kops-bkt1/joey.k8s.local/*\"\n    },\n    {\n      \"Action\": [\n        \"s3:GetObject\",\n        \"s3:DeleteObject\",\n        \"s3:DeleteObjectVersion\",\n        \"s3:PutObject\"\n      ],\n      \"Effect\": \"Allow\",\n      \"Resource\": \"arn:aws:s3:::joey-kops-bkt1/joey.k8s.local/backups/etcd/main/*\"\n    },\n    {\n      \"Action\": [\n        \"s3:GetObject\",\n        \"s3:DeleteObject\",\n        \"s3:DeleteObjectVersion\",\n        \"s3:PutObject\"\n      ],\n      \"Effect\": \"Allow\",\n      \"Resource\": \"arn:aws:s3:::joey-kops-bkt1/joey.k8s.local/backups/etcd/events/*\"\n    },\n    {\n      \"Action\": [\n        \"s3:GetBucketLocation\",\n        \"s3:GetEncryptionConfiguration\",\n        \"s3:ListBucket\",\n        \"s3:ListBucketVersions\"\n      ],\n      \"Effect\": \"Allow\",\n      \"Resource\": [\n        \"arn:aws:s3:::joey-kops-bkt1\"\n      ]\n    },\n    {\n      \"Action\": [\n        \"ecr:GetAuthorizationToken\",\n        \"ecr:BatchCheckLayerAvailability\",\n        \"ecr:GetDownloadUrlForLayer\",\n        \"ecr:GetRepositoryPolicy\",\n        \"ecr:DescribeRepositories\",\n        \"ecr:ListImages\",\n        \"ecr:BatchGetImage\"\n      ],\n      \"Effect\": \"Allow\",\n      \"Resource\": [\n        \"*\"\n      ]\n    }\n  ],\n  \"Version\": \"2012-10-17\"\n}",
            "role": "masters.joey.k8s.local"
          },
          "private": "bnVsbA==",
          "dependencies": [
            "aws_iam_role.masters-joey-k8s-local"
          ]
        }
      ]
    },
    {
      "mode": "managed",
      "type": "aws_iam_role_policy",
      "name": "nodes-joey-k8s-local",
      "provider": "provider[\"registry.terraform.io/hashicorp/aws\"]",
      "instances": [
        {
          "schema_version": 0,
          "attributes": {
            "id": "nodes.joey.k8s.local:nodes.joey.k8s.local",
            "name": "nodes.joey.k8s.local",
            "name_prefix": null,
            "policy": "{\n  \"Statement\": [\n    {\n      \"Action\": [\n        \"ec2:DescribeInstances\",\n        \"ec2:DescribeRegions\"\n      ],\n      \"Effect\": \"Allow\",\n      \"Resource\": [\n        \"*\"\n      ]\n    },\n    {\n      \"Action\": \"autoscaling:DescribeAutoScalingInstances\",\n      \"Effect\": \"Allow\",\n      \"Resource\": [\n        \"*\"\n      ]\n    },\n    {\n      \"Action\": [\n        \"s3:Get*\"\n      ],\n      \"Effect\": \"Allow\",\n      \"Resource\": [\n        \"arn:aws:s3:::joey-kops-bkt1/joey.k8s.local/addons/*\",\n        \"arn:aws:s3:::joey-kops-bkt1/joey.k8s.local/cluster.spec\",\n        \"arn:aws:s3:::joey-kops-bkt1/joey.k8s.local/config\",\n        \"arn:aws:s3:::joey-kops-bkt1/joey.k8s.local/instancegroup/*\",\n        \"arn:aws:s3:::joey-kops-bkt1/joey.k8s.local/pki/issued/*\",\n        \"arn:aws:s3:::joey-kops-bkt1/joey.k8s.local/pki/ssh/*\",\n        \"arn:aws:s3:::joey-kops-bkt1/joey.k8s.local/secrets/dockerconfig\"\n      ]\n    },\n    {\n      \"Action\": [\n        \"s3:GetBucketLocation\",\n        \"s3:GetEncryptionConfiguration\",\n        \"s3:ListBucket\",\n        \"s3:ListBucketVersions\"\n      ],\n      \"Effect\": \"Allow\",\n      \"Resource\": [\n        \"arn:aws:s3:::joey-kops-bkt1\"\n      ]\n    },\n    {\n      \"Action\": [\n        \"ecr:GetAuthorizationToken\",\n        \"ecr:BatchCheckLayerAvailability\",\n        \"ecr:GetDownloadUrlForLayer\",\n        \"ecr:GetRepositoryPolicy\",\n        \"ecr:DescribeRepositories\",\n        \"ecr:ListImages\",\n        \"ecr:BatchGetImage\"\n      ],\n      \"Effect\": \"Allow\",\n      \"Resource\": [\n        \"*\"\n      ]\n    }\n  ],\n  \"Version\": \"2012-10-17\"\n}",
            "role": "nodes.joey.k8s.local"
          },
          "private": "bnVsbA==",
          "dependencies": [
            "aws_iam_role.nodes-joey-k8s-local"
          ]
        }
      ]
    },
    {
      "mode": "managed",
      "type": "aws_internet_gateway",
      "name": "joey-k8s-local",
      "provider": "provider[\"registry.terraform.io/hashicorp/aws\"]",
      "instances": [
        {
          "schema_version": 0,
          "attributes": {
            "arn": "arn:aws:ec2:ap-southeast-2:991571226750:internet-gateway/igw-0b0815dfa7789cd22",
            "id": "igw-0b0815dfa7789cd22",
            "owner_id": "991571226750",
            "tags": {
              "KubernetesCluster": "joey.k8s.local",
              "Name": "joey.k8s.local",
              "kubernetes.io/cluster/joey.k8s.local": "owned"
            },
            "tags_all": {
              "KubernetesCluster": "joey.k8s.local",
              "Name": "joey.k8s.local",
              "kubernetes.io/cluster/joey.k8s.local": "owned"
            },
            "vpc_id": "vpc-06e249415fc0b6909"
          },
          "private": "bnVsbA==",
          "dependencies": [
            "aws_vpc.joey-k8s-local"
          ]
        }
      ]
    },
    {
      "mode": "managed",
      "type": "aws_key_pair",
      "name": "kubernetes-joey-k8s-local-8ca4be5fdb8e06031d7b7965c0eb6ad3",
      "provider": "provider[\"registry.terraform.io/hashicorp/aws\"]",
      "instances": [
        {
          "schema_version": 1,
          "attributes": {
            "arn": "arn:aws:ec2:ap-southeast-2:991571226750:key-pair/kubernetes.joey.k8s.local-8c:a4:be:5f:db:8e:06:03:1d:7b:79:65:c0:eb:6a:d3",
            "fingerprint": "2c:01:54:9c:2a:7d:c3:4d:3c:99:7d:53:53:7d:94:a2",
            "id": "kubernetes.joey.k8s.local-8c:a4:be:5f:db:8e:06:03:1d:7b:79:65:c0:eb:6a:d3",
            "key_name": "kubernetes.joey.k8s.local-8c:a4:be:5f:db:8e:06:03:1d:7b:79:65:c0:eb:6a:d3",
            "key_name_prefix": "",
            "key_pair_id": "key-0f0f9901584cf94e2",
            "public_key": "ssh-rsa AAAAB3NzaC1yc2EAAAADAQABAAABgQDOrJW6O7O6GiK8dWGeYbnkw9Ao5DaZ3jNPymOByZD2Tms1kXD4XwVHrLkMSLZRNTzRsoeaIxlBPORDrpAIQ/OFzIsnBMFxGWxNzDdzj6iaM99RZrzdTcLomO57TnK3eIbqYdA93ANfI9Gc4IOJV4fnJ/otbZqCyua27XpAIGsbe+kkUY0FmWNI7RS7GTPuxJ4fwl2/ijzY9ZGv+N9Uj17nhYXQB6Q55eeJFu0v94sSrrfEIhfXF5KCTy45dSM4aNoAHUrLJk8Q06qAGwv1UcCHi9VHak0eAix+Vviz5bBkxdliU0o5+kMLtg4STT8Je5nxx+IWo+ldxQhnvqXr1wyXvk2Rg4ubZONC8Bn3LE0X988+GBGmuG7ye7HsLylv5WPMouFswkilMN27p5AWewNQ856irZp6beC69zPMv5NfRD71Z2hFY2w0ly2p9ywlUcaPtE1jsz9L307Z0BcG2f+m4Ve6iblvGHFPSmxUlncFL4OYU3lh8XO7OBy+ixxluHc= virendersingh@192-168-1-118.tpgi.com.au",
            "tags": {
              "KubernetesCluster": "joey.k8s.local",
              "Name": "joey.k8s.local",
              "kubernetes.io/cluster/joey.k8s.local": "owned"
            },
            "tags_all": {
              "KubernetesCluster": "joey.k8s.local",
              "Name": "joey.k8s.local",
              "kubernetes.io/cluster/joey.k8s.local": "owned"
            }
          },
          "private": "eyJzY2hlbWFfdmVyc2lvbiI6IjEifQ==",
          "create_before_destroy": true
        }
      ]
    },
    {
      "mode": "managed",
      "type": "aws_launch_template",
      "name": "master-joey-masters-joey-k8s-local",
      "provider": "provider[\"registry.terraform.io/hashicorp/aws\"]",
      "instances": [
        {
          "schema_version": 0,
          "attributes": {
            "arn": "arn:aws:ec2:ap-southeast-2:991571226750:launch-template/lt-08916628a07ed467d",
            "block_device_mappings": [
              {
                "device_name": "/dev/sda1",
                "ebs": [
                  {
                    "delete_on_termination": "true",
                    "encrypted": "true",
                    "iops": 3000,
                    "kms_key_id": "",
                    "snapshot_id": "",
                    "throughput": 125,
                    "volume_size": 64,
                    "volume_type": "gp3"
                  }
                ],
                "no_device": "",
                "virtual_name": ""
              }
            ],
            "capacity_reservation_specification": [],
            "cpu_options": [],
            "credit_specification": [],
            "default_version": 1,
            "description": "",
            "disable_api_termination": false,
            "ebs_optimized": "",
            "elastic_gpu_specifications": [],
            "elastic_inference_accelerator": [],
            "enclave_options": [],
            "hibernation_options": [],
            "iam_instance_profile": [
              {
                "arn": "",
                "name": "masters.joey.k8s.local"
              }
            ],
            "id": "lt-08916628a07ed467d",
            "image_id": "ami-0e2e14798f7a300a1",
            "instance_initiated_shutdown_behavior": "",
            "instance_market_options": [],
            "instance_type": "t2.medium",
            "kernel_id": "",
            "key_name": "kubernetes.joey.k8s.local-8c:a4:be:5f:db:8e:06:03:1d:7b:79:65:c0:eb:6a:d3",
            "latest_version": 1,
            "license_specification": [],
            "metadata_options": [
              {
                "http_endpoint": "enabled",
                "http_protocol_ipv6": "disabled",
                "http_put_response_hop_limit": 1,
                "http_tokens": "optional"
              }
            ],
            "monitoring": [
              {
                "enabled": false
              }
            ],
            "name": "master-joey.masters.joey.k8s.local",
            "name_prefix": "",
            "network_interfaces": [
              {
                "associate_carrier_ip_address": "",
                "associate_public_ip_address": "true",
                "delete_on_termination": "true",
                "description": "",
                "device_index": 0,
                "interface_type": "",
                "ipv4_address_count": 0,
                "ipv4_addresses": null,
                "ipv6_address_count": 0,
                "ipv6_addresses": null,
                "network_card_index": 0,
                "network_interface_id": "",
                "private_ip_address": "",
                "security_groups": [
                  "sg-065066c21c03b66fe"
                ],
                "subnet_id": ""
              }
            ],
            "placement": [],
            "ram_disk_id": "",
            "security_group_names": null,
            "tag_specifications": [
              {
                "resource_type": "instance",
                "tags": {
                  "KubernetesCluster": "joey.k8s.local",
                  "Name": "master-joey.masters.joey.k8s.local",
                  "k8s.io/cluster-autoscaler/node-template/label/kops.k8s.io/instancegroup": "master-joey",
                  "k8s.io/cluster-autoscaler/node-template/label/kops.k8s.io/kops-controller-pki": "",
                  "k8s.io/cluster-autoscaler/node-template/label/kubernetes.io/role": "master",
                  "k8s.io/cluster-autoscaler/node-template/label/node-role.kubernetes.io/control-plane": "",
                  "k8s.io/cluster-autoscaler/node-template/label/node-role.kubernetes.io/master": "",
                  "k8s.io/cluster-autoscaler/node-template/label/node.kubernetes.io/exclude-from-external-load-balancers": "",
                  "k8s.io/role/master": "1",
                  "kops.k8s.io/instancegroup": "master-joey",
                  "kubernetes.io/cluster/joey.k8s.local": "owned"
                }
              },
              {
                "resource_type": "volume",
                "tags": {
                  "KubernetesCluster": "joey.k8s.local",
                  "Name": "master-joey.masters.joey.k8s.local",
                  "k8s.io/cluster-autoscaler/node-template/label/kops.k8s.io/instancegroup": "master-joey",
                  "k8s.io/cluster-autoscaler/node-template/label/kops.k8s.io/kops-controller-pki": "",
                  "k8s.io/cluster-autoscaler/node-template/label/kubernetes.io/role": "master",
                  "k8s.io/cluster-autoscaler/node-template/label/node-role.kubernetes.io/control-plane": "",
                  "k8s.io/cluster-autoscaler/node-template/label/node-role.kubernetes.io/master": "",
                  "k8s.io/cluster-autoscaler/node-template/label/node.kubernetes.io/exclude-from-external-load-balancers": "",
                  "k8s.io/role/master": "1",
                  "kops.k8s.io/instancegroup": "master-joey",
                  "kubernetes.io/cluster/joey.k8s.local": "owned"
                }
              }
            ],
            "tags": {
              "KubernetesCluster": "joey.k8s.local",
              "Name": "master-joey.masters.joey.k8s.local",
              "k8s.io/cluster-autoscaler/node-template/label/kops.k8s.io/instancegroup": "master-joey",
              "k8s.io/cluster-autoscaler/node-template/label/kops.k8s.io/kops-controller-pki": "",
              "k8s.io/cluster-autoscaler/node-template/label/kubernetes.io/role": "master",
              "k8s.io/cluster-autoscaler/node-template/label/node-role.kubernetes.io/control-plane": "",
              "k8s.io/cluster-autoscaler/node-template/label/node-role.kubernetes.io/master": "",
              "k8s.io/cluster-autoscaler/node-template/label/node.kubernetes.io/exclude-from-external-load-balancers": "",
              "k8s.io/role/master": "1",
              "kops.k8s.io/instancegroup": "master-joey",
              "kubernetes.io/cluster/joey.k8s.local": "owned"
            },
            "tags_all": {
              "KubernetesCluster": "joey.k8s.local",
              "Name": "master-joey.masters.joey.k8s.local",
              "k8s.io/cluster-autoscaler/node-template/label/kops.k8s.io/instancegroup": "master-joey",
              "k8s.io/cluster-autoscaler/node-template/label/kops.k8s.io/kops-controller-pki": "",
              "k8s.io/cluster-autoscaler/node-template/label/kubernetes.io/role": "master",
              "k8s.io/cluster-autoscaler/node-template/label/node-role.kubernetes.io/control-plane": "",
              "k8s.io/cluster-autoscaler/node-template/label/node-role.kubernetes.io/master": "",
              "k8s.io/cluster-autoscaler/node-template/label/node.kubernetes.io/exclude-from-external-load-balancers": "",
              "k8s.io/role/master": "1",
              "kops.k8s.io/instancegroup": "master-joey",
              "kubernetes.io/cluster/joey.k8s.local": "owned"
            },
            "update_default_version": null,
            "user_data": "IyEvYmluL2Jhc2gKc2V0IC1vIGVycmV4aXQKc2V0IC1vIG5vdW5zZXQKc2V0IC1vIHBpcGVmYWlsCgpOT0RFVVBfVVJMX0FNRDY0PWh0dHBzOi8vYXJ0aWZhY3RzLms4cy5pby9iaW5hcmllcy9rb3BzLzEuMjEuMS9saW51eC9hbWQ2NC9ub2RldXAsaHR0cHM6Ly9naXRodWIuY29tL2t1YmVybmV0ZXMva29wcy9yZWxlYXNlcy9kb3dubG9hZC92MS4yMS4xL25vZGV1cC1saW51eC1hbWQ2NApOT0RFVVBfSEFTSF9BTUQ2ND1kYjM0ZDM4OTRlMGJhNmY5YTMxN2MzMGI1ZGUxNWRmYjQzZTFhMTkxMjhlODYxNTcyNGMwODJjNGI5ZWZkZGY0Ck5PREVVUF9VUkxfQVJNNjQ9aHR0cHM6Ly9hcnRpZmFjdHMuazhzLmlvL2JpbmFyaWVzL2tvcHMvMS4yMS4xL2xpbnV4L2FybTY0L25vZGV1cCxodHRwczovL2dpdGh1Yi5jb20va3ViZXJuZXRlcy9rb3BzL3JlbGVhc2VzL2Rvd25sb2FkL3YxLjIxLjEvbm9kZXVwLWxpbnV4LWFybTY0Ck5PREVVUF9IQVNIX0FSTTY0PWVlZGQxYzM0MmMwMzkwMGIwOWQ3MmNjMzIzYTZkZWRiMzc4NDI3YjBmMmQ2ZGM0MzY3MDQ4ZDM2OTgzNmM3OGYKCmV4cG9ydCBBV1NfUkVHSU9OPWFwLXNvdXRoZWFzdC0yCgoKCgpzeXNjdGwgLXcgbmV0LmlwdjQudGNwX3JtZW09JzQwOTYgMTI1ODI5MTIgMTY3NzcyMTYnIHx8IHRydWUKCgpmdW5jdGlvbiBlbnN1cmUtaW5zdGFsbC1kaXIoKSB7CiAgSU5TVEFMTF9ESVI9Ii9vcHQva29wcyIKICAjIE9uIENvbnRhaW5lck9TLCB3ZSBpbnN0YWxsIHVuZGVyIC92YXIvbGliL3Rvb2xib3g7IC9vcHQgaXMgcm8gYW5kIG5vZXhlYwogIGlmIFtbIC1kIC92YXIvbGliL3Rvb2xib3ggXV07IHRoZW4KICAgIElOU1RBTExfRElSPSIvdmFyL2xpYi90b29sYm94L2tvcHMiCiAgZmkKICBta2RpciAtcCAke0lOU1RBTExfRElSfS9iaW4KICBta2RpciAtcCAke0lOU1RBTExfRElSfS9jb25mCiAgY2QgJHtJTlNUQUxMX0RJUn0KfQoKIyBSZXRyeSBhIGRvd25sb2FkIHVudGlsIHdlIGdldCBpdC4gYXJnczogbmFtZSwgc2hhLCB1cmwxLCB1cmwyLi4uCmRvd25sb2FkLW9yLWJ1c3QoKSB7CiAgbG9jYWwgLXIgZmlsZT0iJDEiCiAgbG9jYWwgLXIgaGFzaD0iJDIiCiAgc2hpZnQgMgoKICB1cmxzPSggJCogKQogIHdoaWxlIHRydWU7IGRvCiAgICBmb3IgdXJsIGluICIke3VybHNbQF19IjsgZG8KICAgICAgY29tbWFuZHM9KAogICAgICAgICJjdXJsIC1mIC0taXB2NCAtLWNvbXByZXNzZWQgLUxvICIke2ZpbGV9IiAtLWNvbm5lY3QtdGltZW91dCAyMCAtLXJldHJ5IDYgLS1yZXRyeS1kZWxheSAxMCIKICAgICAgICAid2dldCAtLWluZXQ0LW9ubHkgLS1jb21wcmVzc2lvbj1hdXRvIC1PICIke2ZpbGV9IiAtLWNvbm5lY3QtdGltZW91dD0yMCAtLXRyaWVzPTYgLS13YWl0PTEwIgogICAgICAgICJjdXJsIC1mIC0taXB2NCAtTG8gIiR7ZmlsZX0iIC0tY29ubmVjdC10aW1lb3V0IDIwIC0tcmV0cnkgNiAtLXJldHJ5LWRlbGF5IDEwIgogICAgICAgICJ3Z2V0IC0taW5ldDQtb25seSAtTyAiJHtmaWxlfSIgLS1jb25uZWN0LXRpbWVvdXQ9MjAgLS10cmllcz02IC0td2FpdD0xMCIKICAgICAgKQogICAgICBmb3IgY21kIGluICIke2NvbW1hbmRzW0BdfSI7IGRvCiAgICAgICAgZWNobyAiQXR0ZW1wdGluZyBkb3dubG9hZCB3aXRoOiAke2NtZH0ge3VybH0iCiAgICAgICAgaWYgISAoJHtjbWR9ICIke3VybH0iKTsgdGhlbgogICAgICAgICAgZWNobyAiPT0gRG93bmxvYWQgZmFpbGVkIHdpdGggJHtjbWR9ID09IgogICAgICAgICAgY29udGludWUKICAgICAgICBmaQogICAgICAgIGlmIFtbIC1uICIke2hhc2h9IiBdXSAmJiAhIHZhbGlkYXRlLWhhc2ggIiR7ZmlsZX0iICIke2hhc2h9IjsgdGhlbgogICAgICAgICAgZWNobyAiPT0gSGFzaCB2YWxpZGF0aW9uIG9mICR7dXJsfSBmYWlsZWQuIFJldHJ5aW5nLiA9PSIKICAgICAgICAgIHJtIC1mICIke2ZpbGV9IgogICAgICAgIGVsc2UKICAgICAgICAgIGlmIFtbIC1uICIke2hhc2h9IiBdXTsgdGhlbgogICAgICAgICAgICBlY2hvICI9PSBEb3dubG9hZGVkICR7dXJsfSAoU0hBMSA9ICR7aGFzaH0pID09IgogICAgICAgICAgZWxzZQogICAgICAgICAgICBlY2hvICI9PSBEb3dubG9hZGVkICR7dXJsfSA9PSIKICAgICAgICAgIGZpCiAgICAgICAgICByZXR1cm4KICAgICAgICBmaQogICAgICBkb25lCiAgICBkb25lCgogICAgZWNobyAiQWxsIGRvd25sb2FkcyBmYWlsZWQ7IHNsZWVwaW5nIGJlZm9yZSByZXRyeWluZyIKICAgIHNsZWVwIDYwCiAgZG9uZQp9Cgp2YWxpZGF0ZS1oYXNoKCkgewogIGxvY2FsIC1yIGZpbGU9IiQxIgogIGxvY2FsIC1yIGV4cGVjdGVkPSIkMiIKICBsb2NhbCBhY3R1YWwKCiAgYWN0dWFsPSQoc2hhMjU2c3VtICR7ZmlsZX0gfCBhd2sgJ3sgcHJpbnQgJDEgfScpIHx8IHRydWUKICBpZiBbWyAiJHthY3R1YWx9IiAhPSAiJHtleHBlY3RlZH0iIF1dOyB0aGVuCiAgICBlY2hvICI9PSAke2ZpbGV9IGNvcnJ1cHRlZCwgaGFzaCAke2FjdHVhbH0gZG9lc24ndCBtYXRjaCBleHBlY3RlZCAke2V4cGVjdGVkfSA9PSIKICAgIHJldHVybiAxCiAgZmkKfQoKZnVuY3Rpb24gc3BsaXQtY29tbWFzKCkgewogIGVjaG8gJDEgfCB0ciAiLCIgIlxuIgp9CgpmdW5jdGlvbiB0cnktZG93bmxvYWQtcmVsZWFzZSgpIHsKICBsb2NhbCAtciBub2RldXBfdXJscz0oICQoc3BsaXQtY29tbWFzICIke05PREVVUF9VUkx9IikgKQogIGlmIFtbIC1uICIke05PREVVUF9IQVNIOi19IiBdXTsgdGhlbgogICAgbG9jYWwgLXIgbm9kZXVwX2hhc2g9IiR7Tk9ERVVQX0hBU0h9IgogIGVsc2UKICAjIFRPRE86IFJlbW92ZT8KICAgIGVjaG8gIkRvd25sb2FkaW5nIHNoYTI1NiAobm90IGZvdW5kIGluIGVudikiCiAgICBkb3dubG9hZC1vci1idXN0IG5vZGV1cC5zaGEyNTYgIiIgIiR7bm9kZXVwX3VybHNbQF0vJS8uc2hhMjU2fSIKICAgIGxvY2FsIC1yIG5vZGV1cF9oYXNoPSQoY2F0IG5vZGV1cC5zaGEyNTYpCiAgZmkKCiAgZWNobyAiRG93bmxvYWRpbmcgbm9kZXVwICgke25vZGV1cF91cmxzW0BdfSkiCiAgZG93bmxvYWQtb3ItYnVzdCBub2RldXAgIiR7bm9kZXVwX2hhc2h9IiAiJHtub2RldXBfdXJsc1tAXX0iCgogIGNobW9kICt4IG5vZGV1cAp9CgpmdW5jdGlvbiBkb3dubG9hZC1yZWxlYXNlKCkgewogIGNhc2UgIiQodW5hbWUgLW0pIiBpbgogIHg4Nl82NCp8aT84Nl82NCp8YW1kNjQqKQogICAgTk9ERVVQX1VSTD0iJHtOT0RFVVBfVVJMX0FNRDY0fSIKICAgIE5PREVVUF9IQVNIPSIke05PREVVUF9IQVNIX0FNRDY0fSIKICAgIDs7CiAgYWFyY2g2NCp8YXJtNjQqKQogICAgTk9ERVVQX1VSTD0iJHtOT0RFVVBfVVJMX0FSTTY0fSIKICAgIE5PREVVUF9IQVNIPSIke05PREVVUF9IQVNIX0FSTTY0fSIKICAgIDs7CiAgKikKICAgIGVjaG8gIlVuc3VwcG9ydGVkIGhvc3QgYXJjaDogJCh1bmFtZSAtbSkiID4mMgogICAgZXhpdCAxCiAgICA7OwogIGVzYWMKCiAgIyBJbiBjYXNlIG9mIGZhaWx1cmUgY2hlY2tpbmcgaW50ZWdyaXR5IG9mIHJlbGVhc2UsIHJldHJ5LgogIGNkICR7SU5TVEFMTF9ESVJ9L2JpbgogIHVudGlsIHRyeS1kb3dubG9hZC1yZWxlYXNlOyBkbwogICAgc2xlZXAgMTUKICAgIGVjaG8gIkNvdWxkbid0IGRvd25sb2FkIHJlbGVhc2UuIFJldHJ5aW5nLi4uIgogIGRvbmUKCiAgZWNobyAiUnVubmluZyBub2RldXAiCiAgIyBXZSBjYW4ndCBydW4gaW4gdGhlIGZvcmVncm91bmQgYmVjYXVzZSBvZiBodHRwczovL2dpdGh1Yi5jb20vZG9ja2VyL2RvY2tlci9pc3N1ZXMvMjM3OTMKICAoIGNkICR7SU5TVEFMTF9ESVJ9L2JpbjsgLi9ub2RldXAgLS1pbnN0YWxsLXN5c3RlbWQtdW5pdCAtLWNvbmY9JHtJTlNUQUxMX0RJUn0vY29uZi9rdWJlX2Vudi55YW1sIC0tdj04ICApCn0KCiMjIyMjIyMjIyMjIyMjIyMjIyMjIyMjIyMjIyMjIyMjIyMjIyMjIyMjIyMjIyMjIyMjIyMjIyMjIyMjIyMjIyMjIyMjIyMjIyMjIyMjIyMjIyMjIwoKL2Jpbi9zeXN0ZW1kLW1hY2hpbmUtaWQtc2V0dXAgfHwgZWNobyAiZmFpbGVkIHRvIHNldCB1cCBlbnN1cmUgbWFjaGluZS1pZCBjb25maWd1cmVkIgoKZWNobyAiPT0gbm9kZXVwIG5vZGUgY29uZmlnIHN0YXJ0aW5nID09IgplbnN1cmUtaW5zdGFsbC1kaXIKCmNhdCA+IGNvbmYvY2x1c3Rlcl9zcGVjLnlhbWwgPDwgJ19fRU9GX0NMVVNURVJfU1BFQycKY2xvdWRDb25maWc6CiAgYXdzRUJTQ1NJRHJpdmVyOgogICAgZW5hYmxlZDogZmFsc2UKICBtYW5hZ2VTdG9yYWdlQ2xhc3NlczogdHJ1ZQpjb250YWluZXJSdW50aW1lOiBkb2NrZXIKY29udGFpbmVyZDoKICBjb25maWdPdmVycmlkZTogfAogICAgZGlzYWJsZWRfcGx1Z2lucyA9IFsiY3JpIl0KICBsb2dMZXZlbDogaW5mbwpkb2NrZXI6CiAgaXBNYXNxOiBmYWxzZQogIGlwVGFibGVzOiBmYWxzZQogIGxvZ0RyaXZlcjoganNvbi1maWxlCiAgbG9nTGV2ZWw6IGluZm8KICBsb2dPcHQ6CiAgLSBtYXgtc2l6ZT0xMG0KICAtIG1heC1maWxlPTUKICBzdG9yYWdlOiBvdmVybGF5MixvdmVybGF5LGF1ZnMKICB2ZXJzaW9uOiAxOS4wMy4xNQplbmNyeXB0aW9uQ29uZmlnOiBudWxsCmV0Y2RDbHVzdGVyczoKICBldmVudHM6CiAgICBjcHVSZXF1ZXN0OiAxMDBtCiAgICBtZW1vcnlSZXF1ZXN0OiAxMDBNaQogICAgdmVyc2lvbjogMy40LjEzCiAgbWFpbjoKICAgIGNwdVJlcXVlc3Q6IDIwMG0KICAgIG1lbW9yeVJlcXVlc3Q6IDEwME1pCiAgICB2ZXJzaW9uOiAzLjQuMTMKa3ViZUFQSVNlcnZlcjoKICBhbGxvd1ByaXZpbGVnZWQ6IHRydWUKICBhbm9ueW1vdXNBdXRoOiBmYWxzZQogIGFwaVNlcnZlckNvdW50OiAxCiAgYXV0aG9yaXphdGlvbk1vZGU6IE5vZGUsUkJBQwogIGJpbmRBZGRyZXNzOiAwLjAuMC4wCiAgY2xvdWRQcm92aWRlcjogYXdzCiAgZW5hYmxlQWRtaXNzaW9uUGx1Z2luczoKICAtIE5hbWVzcGFjZUxpZmVjeWNsZQogIC0gTGltaXRSYW5nZXIKICAtIFNlcnZpY2VBY2NvdW50CiAgLSBQZXJzaXN0ZW50Vm9sdW1lTGFiZWwKICAtIERlZmF1bHRTdG9yYWdlQ2xhc3MKICAtIERlZmF1bHRUb2xlcmF0aW9uU2Vjb25kcwogIC0gTXV0YXRpbmdBZG1pc3Npb25XZWJob29rCiAgLSBWYWxpZGF0aW5nQWRtaXNzaW9uV2ViaG9vawogIC0gTm9kZVJlc3RyaWN0aW9uCiAgLSBSZXNvdXJjZVF1b3RhCiAgZXRjZFNlcnZlcnM6CiAgLSBodHRwczovLzEyNy4wLjAuMTo0MDAxCiAgZXRjZFNlcnZlcnNPdmVycmlkZXM6CiAgLSAvZXZlbnRzI2h0dHBzOi8vMTI3LjAuMC4xOjQwMDIKICBpbWFnZTogazhzLmdjci5pby9rdWJlLWFwaXNlcnZlcjp2MS4xOS43CiAga3ViZWxldFByZWZlcnJlZEFkZHJlc3NUeXBlczoKICAtIEludGVybmFsSVAKICAtIEhvc3RuYW1lCiAgLSBFeHRlcm5hbElQCiAgbG9nTGV2ZWw6IDIKICByZXF1ZXN0aGVhZGVyQWxsb3dlZE5hbWVzOgogIC0gYWdncmVnYXRvcgogIHJlcXVlc3RoZWFkZXJFeHRyYUhlYWRlclByZWZpeGVzOgogIC0gWC1SZW1vdGUtRXh0cmEtCiAgcmVxdWVzdGhlYWRlckdyb3VwSGVhZGVyczoKICAtIFgtUmVtb3RlLUdyb3VwCiAgcmVxdWVzdGhlYWRlclVzZXJuYW1lSGVhZGVyczoKICAtIFgtUmVtb3RlLVVzZXIKICBzZWN1cmVQb3J0OiA0NDMKICBzZXJ2aWNlQ2x1c3RlcklQUmFuZ2U6IDEwMC42NC4wLjAvMTMKICBzdG9yYWdlQmFja2VuZDogZXRjZDMKa3ViZUNvbnRyb2xsZXJNYW5hZ2VyOgogIGFsbG9jYXRlTm9kZUNJRFJzOiB0cnVlCiAgYXR0YWNoRGV0YWNoUmVjb25jaWxlU3luY1BlcmlvZDogMW0wcwogIGNsb3VkUHJvdmlkZXI6IGF3cwogIGNsdXN0ZXJDSURSOiAxMDAuOTYuMC4wLzExCiAgY2x1c3Rlck5hbWU6IGpvZXkuazhzLmxvY2FsCiAgY29uZmlndXJlQ2xvdWRSb3V0ZXM6IHRydWUKICBpbWFnZTogazhzLmdjci5pby9rdWJlLWNvbnRyb2xsZXItbWFuYWdlcjp2MS4xOS43CiAgbGVhZGVyRWxlY3Rpb246CiAgICBsZWFkZXJFbGVjdDogdHJ1ZQogIGxvZ0xldmVsOiAyCiAgdXNlU2VydmljZUFjY291bnRDcmVkZW50aWFsczogdHJ1ZQprdWJlUHJveHk6CiAgY2x1c3RlckNJRFI6IDEwMC45Ni4wLjAvMTEKICBjcHVSZXF1ZXN0OiAxMDBtCiAgaG9zdG5hbWVPdmVycmlkZTogJ0Bhd3MnCiAgaW1hZ2U6IGs4cy5nY3IuaW8va3ViZS1wcm94eTp2MS4xOS43CiAgbG9nTGV2ZWw6IDIKa3ViZVNjaGVkdWxlcjoKICBpbWFnZTogazhzLmdjci5pby9rdWJlLXNjaGVkdWxlcjp2MS4xOS43CiAgbGVhZGVyRWxlY3Rpb246CiAgICBsZWFkZXJFbGVjdDogdHJ1ZQogIGxvZ0xldmVsOiAyCmt1YmVsZXQ6CiAgYW5vbnltb3VzQXV0aDogZmFsc2UKICBjZ3JvdXBSb290OiAvCiAgY2xvdWRQcm92aWRlcjogYXdzCiAgY2x1c3RlckROUzogMTAwLjY0LjAuMTAKICBjbHVzdGVyRG9tYWluOiBjbHVzdGVyLmxvY2FsCiAgZW5hYmxlRGVidWdnaW5nSGFuZGxlcnM6IHRydWUKICBldmljdGlvbkhhcmQ6IG1lbW9yeS5hdmFpbGFibGU8MTAwTWksbm9kZWZzLmF2YWlsYWJsZTwxMCUsbm9kZWZzLmlub2Rlc0ZyZWU8NSUsaW1hZ2Vmcy5hdmFpbGFibGU8MTAlLGltYWdlZnMuaW5vZGVzRnJlZTw1JQogIGhvc3RuYW1lT3ZlcnJpZGU6ICdAYXdzJwogIGt1YmVjb25maWdQYXRoOiAvdmFyL2xpYi9rdWJlbGV0L2t1YmVjb25maWcKICBsb2dMZXZlbDogMgogIG5ldHdvcmtQbHVnaW5NVFU6IDkwMDEKICBuZXR3b3JrUGx1Z2luTmFtZToga3ViZW5ldAogIG5vbk1hc3F1ZXJhZGVDSURSOiAxMDAuNjQuMC4wLzEwCiAgcG9kSW5mcmFDb250YWluZXJJbWFnZTogazhzLmdjci5pby9wYXVzZTozLjIKICBwb2RNYW5pZmVzdFBhdGg6IC9ldGMva3ViZXJuZXRlcy9tYW5pZmVzdHMKbWFzdGVyS3ViZWxldDoKICBhbm9ueW1vdXNBdXRoOiBmYWxzZQogIGNncm91cFJvb3Q6IC8KICBjbG91ZFByb3ZpZGVyOiBhd3MKICBjbHVzdGVyRE5TOiAxMDAuNjQuMC4xMAogIGNsdXN0ZXJEb21haW46IGNsdXN0ZXIubG9jYWwKICBlbmFibGVEZWJ1Z2dpbmdIYW5kbGVyczogdHJ1ZQogIGV2aWN0aW9uSGFyZDogbWVtb3J5LmF2YWlsYWJsZTwxMDBNaSxub2RlZnMuYXZhaWxhYmxlPDEwJSxub2RlZnMuaW5vZGVzRnJlZTw1JSxpbWFnZWZzLmF2YWlsYWJsZTwxMCUsaW1hZ2Vmcy5pbm9kZXNGcmVlPDUlCiAgaG9zdG5hbWVPdmVycmlkZTogJ0Bhd3MnCiAga3ViZWNvbmZpZ1BhdGg6IC92YXIvbGliL2t1YmVsZXQva3ViZWNvbmZpZwogIGxvZ0xldmVsOiAyCiAgbmV0d29ya1BsdWdpbk1UVTogOTAwMQogIG5ldHdvcmtQbHVnaW5OYW1lOiBrdWJlbmV0CiAgbm9uTWFzcXVlcmFkZUNJRFI6IDEwMC42NC4wLjAvMTAKICBwb2RJbmZyYUNvbnRhaW5lckltYWdlOiBrOHMuZ2NyLmlvL3BhdXNlOjMuMgogIHBvZE1hbmlmZXN0UGF0aDogL2V0Yy9rdWJlcm5ldGVzL21hbmlmZXN0cwogIHJlZ2lzdGVyU2NoZWR1bGFibGU6IGZhbHNlCgpfX0VPRl9DTFVTVEVSX1NQRUMKCmNhdCA+IGNvbmYvaWdfc3BlYy55YW1sIDw8ICdfX0VPRl9JR19TUEVDJwp7fQoKX19FT0ZfSUdfU1BFQwoKY2F0ID4gY29uZi9rdWJlX2Vudi55YW1sIDw8ICdfX0VPRl9LVUJFX0VOVicKQXNzZXRzOgogIGFtZDY0OgogIC0gZDhiMjk2ODI1ZjZkZDdhMTcyODdiNzNjZDY2MDRkMzIyMTBhYmJiYTg2Yzg4ZmI2OGMxYjFjNTAxNjkwNmM1NEBodHRwczovL3N0b3JhZ2UuZ29vZ2xlYXBpcy5jb20va3ViZXJuZXRlcy1yZWxlYXNlL3JlbGVhc2UvdjEuMTkuNy9iaW4vbGludXgvYW1kNjQva3ViZWxldAogIC0gZDQ2ZWIzYmJlMjU3NWU1YjZiZWRiYzZkMzUxOTQyNGI0ZjJmNTc5MjlkN2RhMWVmN2UxMWMwOTA2OGYzNzI5N0BodHRwczovL3N0b3JhZ2UuZ29vZ2xlYXBpcy5jb20va3ViZXJuZXRlcy1yZWxlYXNlL3JlbGVhc2UvdjEuMTkuNy9iaW4vbGludXgvYW1kNjQva3ViZWN0bAogIC0gOTc3ODI0OTMyZDU2NjdjN2EzN2FhNmEzY2JiYTQwMTAwYTY4NzNlN2JkOTdlODNlOGJlODM3ZTNlN2FmZDBhOEBodHRwczovL3N0b3JhZ2UuZ29vZ2xlYXBpcy5jb20vazhzLWFydGlmYWN0cy1jbmkvcmVsZWFzZS92MC44LjcvY25pLXBsdWdpbnMtbGludXgtYW1kNjQtdjAuOC43LnRnegogIC0gNTUwNGQxOTBlZWYzNzM1NTIzMTMyNWMxNzY2ODZkNTFhZGU2ZTBjYWJlMmRhNTI2ZDU2MWEzOGQ4NjExNTA2ZkBodHRwczovL2Rvd25sb2FkLmRvY2tlci5jb20vbGludXgvc3RhdGljL3N0YWJsZS94ODZfNjQvZG9ja2VyLTE5LjAzLjE1LnRnegogIC0gYTQ3MWYwNDhkYjJmMWUzNTIzNzkxMDBhZTBkOTJjYjQ0NzExZDg5NjkzNDFlMjg2Y2JhMjZjZjU4MWMzYzJlMkBodHRwczovL2FydGlmYWN0cy5rOHMuaW8vYmluYXJpZXMva29wcy8xLjIxLjEvbGludXgvYW1kNjQvcHJvdG9rdWJlLGh0dHBzOi8vZ2l0aHViLmNvbS9rdWJlcm5ldGVzL2tvcHMvcmVsZWFzZXMvZG93bmxvYWQvdjEuMjEuMS9wcm90b2t1YmUtbGludXgtYW1kNjQKICAtIDI5ZTU0YTg5NjE3MTkxNTVlZDI4N2MxZmJhNWIwNTI0YzdhMjVmYWM0NzRhYWMwMDlhMmU0Y2I3ZWJjNDFkYmVAaHR0cHM6Ly9hcnRpZmFjdHMuazhzLmlvL2JpbmFyaWVzL2tvcHMvMS4yMS4xL2xpbnV4L2FtZDY0L2NoYW5uZWxzLGh0dHBzOi8vZ2l0aHViLmNvbS9rdWJlcm5ldGVzL2tvcHMvcmVsZWFzZXMvZG93bmxvYWQvdjEuMjEuMS9jaGFubmVscy1saW51eC1hbWQ2NAogIGFybTY0OgogIC0gNDczMDE2Y2YxMTY1YWI1YzcwNWJkMjljNjU0NTE5ODRlNDhkZWFkZTZmZjk2YmY4NjFjNDZlMTVmYzUyYmEzZkBodHRwczovL3N0b3JhZ2UuZ29vZ2xlYXBpcy5jb20va3ViZXJuZXRlcy1yZWxlYXNlL3JlbGVhc2UvdjEuMTkuNy9iaW4vbGludXgvYXJtNjQva3ViZWxldAogIC0gYTBmNTgyMjJlOGQ2MmI4NmIxMTQ4NzQ2NTMxZmEwYzNiOTFmYTIwODU4NmNiMDY4ODgzNTUwZmMzZGNkNDk4YkBodHRwczovL3N0b3JhZ2UuZ29vZ2xlYXBpcy5jb20va3ViZXJuZXRlcy1yZWxlYXNlL3JlbGVhc2UvdjEuMTkuNy9iaW4vbGludXgvYXJtNjQva3ViZWN0bAogIC0gYWUxM2Q3YjVjMDViZDE4MGVhOWI1YjY4ZjQ0YmRhYTdiZmI0MTAzNGEyZWYxZDY4ZmQ4ZTEyNTk3OTdkNjQyZkBodHRwczovL3N0b3JhZ2UuZ29vZ2xlYXBpcy5jb20vazhzLWFydGlmYWN0cy1jbmkvcmVsZWFzZS92MC44LjcvY25pLXBsdWdpbnMtbGludXgtYXJtNjQtdjAuOC43LnRnegogIC0gMjY0ZjMzOTY2MzA1MDc2MDZhODY0NmZkYTZhMjhhOThkM2NlZDg5MjdkZjg0YmU4ZWU5YTc0YWI3M2NjMTU2NkBodHRwczovL2Rvd25sb2FkLmRvY2tlci5jb20vbGludXgvc3RhdGljL3N0YWJsZS9hYXJjaDY0L2RvY2tlci0xOS4wMy4xNS50Z3oKICAtIGIzMjJlOGZiYjc2ZmU3MWRmMDE5MWQ2NTA5OTEyYWMxZjE1ZDMxYjg3MjFjODE4YWY4NWI3NmM2NWY4ZmQ5YmNAaHR0cHM6Ly9hcnRpZmFjdHMuazhzLmlvL2JpbmFyaWVzL2tvcHMvMS4yMS4xL2xpbnV4L2FybTY0L3Byb3Rva3ViZSxodHRwczovL2dpdGh1Yi5jb20va3ViZXJuZXRlcy9rb3BzL3JlbGVhc2VzL2Rvd25sb2FkL3YxLjIxLjEvcHJvdG9rdWJlLWxpbnV4LWFybTY0CiAgLSA0MTU1ZjQyNDRmN2ZiNTM1YTY2MTA3MzJjNjhhNGIxYjM2YTEyMzkyY2IyODc5YTRiYjlkMTBkYWNmOWJlYTZhQGh0dHBzOi8vYXJ0aWZhY3RzLms4cy5pby9iaW5hcmllcy9rb3BzLzEuMjEuMS9saW51eC9hcm02NC9jaGFubmVscyxodHRwczovL2dpdGh1Yi5jb20va3ViZXJuZXRlcy9rb3BzL3JlbGVhc2VzL2Rvd25sb2FkL3YxLjIxLjEvY2hhbm5lbHMtbGludXgtYXJtNjQKQ2x1c3Rlck5hbWU6IGpvZXkuazhzLmxvY2FsCkNvbmZpZ0Jhc2U6IHMzOi8vam9leS1rb3BzLWJrdDEvam9leS5rOHMubG9jYWwKSW5zdGFuY2VHcm91cE5hbWU6IG1hc3Rlci1qb2V5Ckluc3RhbmNlR3JvdXBSb2xlOiBNYXN0ZXIKS3ViZWxldENvbmZpZzoKICBhbm9ueW1vdXNBdXRoOiBmYWxzZQogIGNncm91cFJvb3Q6IC8KICBjbG91ZFByb3ZpZGVyOiBhd3MKICBjbHVzdGVyRE5TOiAxMDAuNjQuMC4xMAogIGNsdXN0ZXJEb21haW46IGNsdXN0ZXIubG9jYWwKICBlbmFibGVEZWJ1Z2dpbmdIYW5kbGVyczogdHJ1ZQogIGV2aWN0aW9uSGFyZDogbWVtb3J5LmF2YWlsYWJsZTwxMDBNaSxub2RlZnMuYXZhaWxhYmxlPDEwJSxub2RlZnMuaW5vZGVzRnJlZTw1JSxpbWFnZWZzLmF2YWlsYWJsZTwxMCUsaW1hZ2Vmcy5pbm9kZXNGcmVlPDUlCiAgaG9zdG5hbWVPdmVycmlkZTogJ0Bhd3MnCiAga3ViZWNvbmZpZ1BhdGg6IC92YXIvbGliL2t1YmVsZXQva3ViZWNvbmZpZwogIGxvZ0xldmVsOiAyCiAgbmV0d29ya1BsdWdpbk1UVTogOTAwMQogIG5ldHdvcmtQbHVnaW5OYW1lOiBrdWJlbmV0CiAgbm9kZUxhYmVsczoKICAgIGtvcHMuazhzLmlvL2luc3RhbmNlZ3JvdXA6IG1hc3Rlci1qb2V5CiAgICBrb3BzLms4cy5pby9rb3BzLWNvbnRyb2xsZXItcGtpOiAiIgogICAga3ViZXJuZXRlcy5pby9yb2xlOiBtYXN0ZXIKICAgIG5vZGUtcm9sZS5rdWJlcm5ldGVzLmlvL2NvbnRyb2wtcGxhbmU6ICIiCiAgICBub2RlLXJvbGUua3ViZXJuZXRlcy5pby9tYXN0ZXI6ICIiCiAgICBub2RlLmt1YmVybmV0ZXMuaW8vZXhjbHVkZS1mcm9tLWV4dGVybmFsLWxvYWQtYmFsYW5jZXJzOiAiIgogIG5vbk1hc3F1ZXJhZGVDSURSOiAxMDAuNjQuMC4wLzEwCiAgcG9kSW5mcmFDb250YWluZXJJbWFnZTogazhzLmdjci5pby9wYXVzZTozLjIKICBwb2RNYW5pZmVzdFBhdGg6IC9ldGMva3ViZXJuZXRlcy9tYW5pZmVzdHMKICByZWdpc3RlclNjaGVkdWxhYmxlOiBmYWxzZQpVcGRhdGVQb2xpY3k6IGF1dG9tYXRpYwpjaGFubmVsczoKLSBzMzovL2pvZXkta29wcy1ia3QxL2pvZXkuazhzLmxvY2FsL2FkZG9ucy9ib290c3RyYXAtY2hhbm5lbC55YW1sCmV0Y2RNYW5pZmVzdHM6Ci0gczM6Ly9qb2V5LWtvcHMtYmt0MS9qb2V5Lms4cy5sb2NhbC9tYW5pZmVzdHMvZXRjZC9tYWluLnlhbWwKLSBzMzovL2pvZXkta29wcy1ia3QxL2pvZXkuazhzLmxvY2FsL21hbmlmZXN0cy9ldGNkL2V2ZW50cy55YW1sCnN0YXRpY01hbmlmZXN0czoKLSBrZXk6IGt1YmUtYXBpc2VydmVyLWhlYWx0aGNoZWNrCiAgcGF0aDogbWFuaWZlc3RzL3N0YXRpYy9rdWJlLWFwaXNlcnZlci1oZWFsdGhjaGVjay55YW1sCgpfX0VPRl9LVUJFX0VOVgoKZG93bmxvYWQtcmVsZWFzZQplY2hvICI9PSBub2RldXAgbm9kZSBjb25maWcgZG9uZSA9PSIK",
            "vpc_security_group_ids": null
          },
          "private": "bnVsbA==",
          "dependencies": [
            "aws_iam_instance_profile.masters-joey-k8s-local",
            "aws_iam_role.masters-joey-k8s-local",
            "aws_key_pair.kubernetes-joey-k8s-local-8ca4be5fdb8e06031d7b7965c0eb6ad3",
            "aws_security_group.masters-joey-k8s-local",
            "aws_vpc.joey-k8s-local"
          ],
          "create_before_destroy": true
        }
      ]
    },
    {
      "mode": "managed",
      "type": "aws_launch_template",
      "name": "nodes-joey-joey-k8s-local",
      "provider": "provider[\"registry.terraform.io/hashicorp/aws\"]",
      "instances": [
        {
          "schema_version": 0,
          "attributes": {
            "arn": "arn:aws:ec2:ap-southeast-2:991571226750:launch-template/lt-06452391af3bd6290",
            "block_device_mappings": [
              {
                "device_name": "/dev/sda1",
                "ebs": [
                  {
                    "delete_on_termination": "true",
                    "encrypted": "true",
                    "iops": 3000,
                    "kms_key_id": "",
                    "snapshot_id": "",
                    "throughput": 125,
                    "volume_size": 128,
                    "volume_type": "gp3"
                  }
                ],
                "no_device": "",
                "virtual_name": ""
              }
            ],
            "capacity_reservation_specification": [],
            "cpu_options": [],
            "credit_specification": [],
            "default_version": 1,
            "description": "",
            "disable_api_termination": false,
            "ebs_optimized": "",
            "elastic_gpu_specifications": [],
            "elastic_inference_accelerator": [],
            "enclave_options": [],
            "hibernation_options": [],
            "iam_instance_profile": [
              {
                "arn": "",
                "name": "nodes.joey.k8s.local"
              }
            ],
            "id": "lt-06452391af3bd6290",
            "image_id": "ami-0e2e14798f7a300a1",
            "instance_initiated_shutdown_behavior": "",
            "instance_market_options": [],
            "instance_type": "t2.medium",
            "kernel_id": "",
            "key_name": "kubernetes.joey.k8s.local-8c:a4:be:5f:db:8e:06:03:1d:7b:79:65:c0:eb:6a:d3",
            "latest_version": 1,
            "license_specification": [],
            "metadata_options": [
              {
                "http_endpoint": "enabled",
                "http_protocol_ipv6": "disabled",
                "http_put_response_hop_limit": 1,
                "http_tokens": "optional"
              }
            ],
            "monitoring": [
              {
                "enabled": false
              }
            ],
            "name": "nodes-joey.joey.k8s.local",
            "name_prefix": "",
            "network_interfaces": [
              {
                "associate_carrier_ip_address": "",
                "associate_public_ip_address": "true",
                "delete_on_termination": "true",
                "description": "",
                "device_index": 0,
                "interface_type": "",
                "ipv4_address_count": 0,
                "ipv4_addresses": null,
                "ipv6_address_count": 0,
                "ipv6_addresses": null,
                "network_card_index": 0,
                "network_interface_id": "",
                "private_ip_address": "",
                "security_groups": [
                  "sg-0905d72cec2f91717"
                ],
                "subnet_id": ""
              }
            ],
            "placement": [],
            "ram_disk_id": "",
            "security_group_names": null,
            "tag_specifications": [
              {
                "resource_type": "instance",
                "tags": {
                  "KubernetesCluster": "joey.k8s.local",
                  "Name": "nodes-joey.joey.k8s.local",
                  "k8s.io/cluster-autoscaler/enabled": "",
                  "k8s.io/cluster-autoscaler/joey.k8s.local": "",
                  "k8s.io/cluster-autoscaler/node-template/label": "",
                  "k8s.io/cluster-autoscaler/node-template/label/kops.k8s.io/instancegroup": "nodes-joey",
                  "k8s.io/cluster-autoscaler/node-template/label/kubernetes.io/role": "node",
                  "k8s.io/cluster-autoscaler/node-template/label/node-role.kubernetes.io/node": "",
                  "k8s.io/role/node": "1",
                  "kops.k8s.io/instancegroup": "nodes-joey",
                  "kubernetes.io/cluster/joey.k8s.local": "owned"
                }
              },
              {
                "resource_type": "volume",
                "tags": {
                  "KubernetesCluster": "joey.k8s.local",
                  "Name": "nodes-joey.joey.k8s.local",
                  "k8s.io/cluster-autoscaler/enabled": "",
                  "k8s.io/cluster-autoscaler/joey.k8s.local": "",
                  "k8s.io/cluster-autoscaler/node-template/label": "",
                  "k8s.io/cluster-autoscaler/node-template/label/kops.k8s.io/instancegroup": "nodes-joey",
                  "k8s.io/cluster-autoscaler/node-template/label/kubernetes.io/role": "node",
                  "k8s.io/cluster-autoscaler/node-template/label/node-role.kubernetes.io/node": "",
                  "k8s.io/role/node": "1",
                  "kops.k8s.io/instancegroup": "nodes-joey",
                  "kubernetes.io/cluster/joey.k8s.local": "owned"
                }
              }
            ],
            "tags": {
              "KubernetesCluster": "joey.k8s.local",
              "Name": "nodes-joey.joey.k8s.local",
              "k8s.io/cluster-autoscaler/enabled": "",
              "k8s.io/cluster-autoscaler/joey.k8s.local": "",
              "k8s.io/cluster-autoscaler/node-template/label": "",
              "k8s.io/cluster-autoscaler/node-template/label/kops.k8s.io/instancegroup": "nodes-joey",
              "k8s.io/cluster-autoscaler/node-template/label/kubernetes.io/role": "node",
              "k8s.io/cluster-autoscaler/node-template/label/node-role.kubernetes.io/node": "",
              "k8s.io/role/node": "1",
              "kops.k8s.io/instancegroup": "nodes-joey",
              "kubernetes.io/cluster/joey.k8s.local": "owned"
            },
            "tags_all": {
              "KubernetesCluster": "joey.k8s.local",
              "Name": "nodes-joey.joey.k8s.local",
              "k8s.io/cluster-autoscaler/enabled": "",
              "k8s.io/cluster-autoscaler/joey.k8s.local": "",
              "k8s.io/cluster-autoscaler/node-template/label": "",
              "k8s.io/cluster-autoscaler/node-template/label/kops.k8s.io/instancegroup": "nodes-joey",
              "k8s.io/cluster-autoscaler/node-template/label/kubernetes.io/role": "node",
              "k8s.io/cluster-autoscaler/node-template/label/node-role.kubernetes.io/node": "",
              "k8s.io/role/node": "1",
              "kops.k8s.io/instancegroup": "nodes-joey",
              "kubernetes.io/cluster/joey.k8s.local": "owned"
            },
            "update_default_version": null,
            "user_data": "IyEvYmluL2Jhc2gKc2V0IC1vIGVycmV4aXQKc2V0IC1vIG5vdW5zZXQKc2V0IC1vIHBpcGVmYWlsCgpOT0RFVVBfVVJMX0FNRDY0PWh0dHBzOi8vYXJ0aWZhY3RzLms4cy5pby9iaW5hcmllcy9rb3BzLzEuMjEuMS9saW51eC9hbWQ2NC9ub2RldXAsaHR0cHM6Ly9naXRodWIuY29tL2t1YmVybmV0ZXMva29wcy9yZWxlYXNlcy9kb3dubG9hZC92MS4yMS4xL25vZGV1cC1saW51eC1hbWQ2NApOT0RFVVBfSEFTSF9BTUQ2ND1kYjM0ZDM4OTRlMGJhNmY5YTMxN2MzMGI1ZGUxNWRmYjQzZTFhMTkxMjhlODYxNTcyNGMwODJjNGI5ZWZkZGY0Ck5PREVVUF9VUkxfQVJNNjQ9aHR0cHM6Ly9hcnRpZmFjdHMuazhzLmlvL2JpbmFyaWVzL2tvcHMvMS4yMS4xL2xpbnV4L2FybTY0L25vZGV1cCxodHRwczovL2dpdGh1Yi5jb20va3ViZXJuZXRlcy9rb3BzL3JlbGVhc2VzL2Rvd25sb2FkL3YxLjIxLjEvbm9kZXVwLWxpbnV4LWFybTY0Ck5PREVVUF9IQVNIX0FSTTY0PWVlZGQxYzM0MmMwMzkwMGIwOWQ3MmNjMzIzYTZkZWRiMzc4NDI3YjBmMmQ2ZGM0MzY3MDQ4ZDM2OTgzNmM3OGYKCmV4cG9ydCBBV1NfUkVHSU9OPWFwLXNvdXRoZWFzdC0yCgoKCgpzeXNjdGwgLXcgbmV0LmlwdjQudGNwX3JtZW09JzQwOTYgMTI1ODI5MTIgMTY3NzcyMTYnIHx8IHRydWUKCgpmdW5jdGlvbiBlbnN1cmUtaW5zdGFsbC1kaXIoKSB7CiAgSU5TVEFMTF9ESVI9Ii9vcHQva29wcyIKICAjIE9uIENvbnRhaW5lck9TLCB3ZSBpbnN0YWxsIHVuZGVyIC92YXIvbGliL3Rvb2xib3g7IC9vcHQgaXMgcm8gYW5kIG5vZXhlYwogIGlmIFtbIC1kIC92YXIvbGliL3Rvb2xib3ggXV07IHRoZW4KICAgIElOU1RBTExfRElSPSIvdmFyL2xpYi90b29sYm94L2tvcHMiCiAgZmkKICBta2RpciAtcCAke0lOU1RBTExfRElSfS9iaW4KICBta2RpciAtcCAke0lOU1RBTExfRElSfS9jb25mCiAgY2QgJHtJTlNUQUxMX0RJUn0KfQoKIyBSZXRyeSBhIGRvd25sb2FkIHVudGlsIHdlIGdldCBpdC4gYXJnczogbmFtZSwgc2hhLCB1cmwxLCB1cmwyLi4uCmRvd25sb2FkLW9yLWJ1c3QoKSB7CiAgbG9jYWwgLXIgZmlsZT0iJDEiCiAgbG9jYWwgLXIgaGFzaD0iJDIiCiAgc2hpZnQgMgoKICB1cmxzPSggJCogKQogIHdoaWxlIHRydWU7IGRvCiAgICBmb3IgdXJsIGluICIke3VybHNbQF19IjsgZG8KICAgICAgY29tbWFuZHM9KAogICAgICAgICJjdXJsIC1mIC0taXB2NCAtLWNvbXByZXNzZWQgLUxvICIke2ZpbGV9IiAtLWNvbm5lY3QtdGltZW91dCAyMCAtLXJldHJ5IDYgLS1yZXRyeS1kZWxheSAxMCIKICAgICAgICAid2dldCAtLWluZXQ0LW9ubHkgLS1jb21wcmVzc2lvbj1hdXRvIC1PICIke2ZpbGV9IiAtLWNvbm5lY3QtdGltZW91dD0yMCAtLXRyaWVzPTYgLS13YWl0PTEwIgogICAgICAgICJjdXJsIC1mIC0taXB2NCAtTG8gIiR7ZmlsZX0iIC0tY29ubmVjdC10aW1lb3V0IDIwIC0tcmV0cnkgNiAtLXJldHJ5LWRlbGF5IDEwIgogICAgICAgICJ3Z2V0IC0taW5ldDQtb25seSAtTyAiJHtmaWxlfSIgLS1jb25uZWN0LXRpbWVvdXQ9MjAgLS10cmllcz02IC0td2FpdD0xMCIKICAgICAgKQogICAgICBmb3IgY21kIGluICIke2NvbW1hbmRzW0BdfSI7IGRvCiAgICAgICAgZWNobyAiQXR0ZW1wdGluZyBkb3dubG9hZCB3aXRoOiAke2NtZH0ge3VybH0iCiAgICAgICAgaWYgISAoJHtjbWR9ICIke3VybH0iKTsgdGhlbgogICAgICAgICAgZWNobyAiPT0gRG93bmxvYWQgZmFpbGVkIHdpdGggJHtjbWR9ID09IgogICAgICAgICAgY29udGludWUKICAgICAgICBmaQogICAgICAgIGlmIFtbIC1uICIke2hhc2h9IiBdXSAmJiAhIHZhbGlkYXRlLWhhc2ggIiR7ZmlsZX0iICIke2hhc2h9IjsgdGhlbgogICAgICAgICAgZWNobyAiPT0gSGFzaCB2YWxpZGF0aW9uIG9mICR7dXJsfSBmYWlsZWQuIFJldHJ5aW5nLiA9PSIKICAgICAgICAgIHJtIC1mICIke2ZpbGV9IgogICAgICAgIGVsc2UKICAgICAgICAgIGlmIFtbIC1uICIke2hhc2h9IiBdXTsgdGhlbgogICAgICAgICAgICBlY2hvICI9PSBEb3dubG9hZGVkICR7dXJsfSAoU0hBMSA9ICR7aGFzaH0pID09IgogICAgICAgICAgZWxzZQogICAgICAgICAgICBlY2hvICI9PSBEb3dubG9hZGVkICR7dXJsfSA9PSIKICAgICAgICAgIGZpCiAgICAgICAgICByZXR1cm4KICAgICAgICBmaQogICAgICBkb25lCiAgICBkb25lCgogICAgZWNobyAiQWxsIGRvd25sb2FkcyBmYWlsZWQ7IHNsZWVwaW5nIGJlZm9yZSByZXRyeWluZyIKICAgIHNsZWVwIDYwCiAgZG9uZQp9Cgp2YWxpZGF0ZS1oYXNoKCkgewogIGxvY2FsIC1yIGZpbGU9IiQxIgogIGxvY2FsIC1yIGV4cGVjdGVkPSIkMiIKICBsb2NhbCBhY3R1YWwKCiAgYWN0dWFsPSQoc2hhMjU2c3VtICR7ZmlsZX0gfCBhd2sgJ3sgcHJpbnQgJDEgfScpIHx8IHRydWUKICBpZiBbWyAiJHthY3R1YWx9IiAhPSAiJHtleHBlY3RlZH0iIF1dOyB0aGVuCiAgICBlY2hvICI9PSAke2ZpbGV9IGNvcnJ1cHRlZCwgaGFzaCAke2FjdHVhbH0gZG9lc24ndCBtYXRjaCBleHBlY3RlZCAke2V4cGVjdGVkfSA9PSIKICAgIHJldHVybiAxCiAgZmkKfQoKZnVuY3Rpb24gc3BsaXQtY29tbWFzKCkgewogIGVjaG8gJDEgfCB0ciAiLCIgIlxuIgp9CgpmdW5jdGlvbiB0cnktZG93bmxvYWQtcmVsZWFzZSgpIHsKICBsb2NhbCAtciBub2RldXBfdXJscz0oICQoc3BsaXQtY29tbWFzICIke05PREVVUF9VUkx9IikgKQogIGlmIFtbIC1uICIke05PREVVUF9IQVNIOi19IiBdXTsgdGhlbgogICAgbG9jYWwgLXIgbm9kZXVwX2hhc2g9IiR7Tk9ERVVQX0hBU0h9IgogIGVsc2UKICAjIFRPRE86IFJlbW92ZT8KICAgIGVjaG8gIkRvd25sb2FkaW5nIHNoYTI1NiAobm90IGZvdW5kIGluIGVudikiCiAgICBkb3dubG9hZC1vci1idXN0IG5vZGV1cC5zaGEyNTYgIiIgIiR7bm9kZXVwX3VybHNbQF0vJS8uc2hhMjU2fSIKICAgIGxvY2FsIC1yIG5vZGV1cF9oYXNoPSQoY2F0IG5vZGV1cC5zaGEyNTYpCiAgZmkKCiAgZWNobyAiRG93bmxvYWRpbmcgbm9kZXVwICgke25vZGV1cF91cmxzW0BdfSkiCiAgZG93bmxvYWQtb3ItYnVzdCBub2RldXAgIiR7bm9kZXVwX2hhc2h9IiAiJHtub2RldXBfdXJsc1tAXX0iCgogIGNobW9kICt4IG5vZGV1cAp9CgpmdW5jdGlvbiBkb3dubG9hZC1yZWxlYXNlKCkgewogIGNhc2UgIiQodW5hbWUgLW0pIiBpbgogIHg4Nl82NCp8aT84Nl82NCp8YW1kNjQqKQogICAgTk9ERVVQX1VSTD0iJHtOT0RFVVBfVVJMX0FNRDY0fSIKICAgIE5PREVVUF9IQVNIPSIke05PREVVUF9IQVNIX0FNRDY0fSIKICAgIDs7CiAgYWFyY2g2NCp8YXJtNjQqKQogICAgTk9ERVVQX1VSTD0iJHtOT0RFVVBfVVJMX0FSTTY0fSIKICAgIE5PREVVUF9IQVNIPSIke05PREVVUF9IQVNIX0FSTTY0fSIKICAgIDs7CiAgKikKICAgIGVjaG8gIlVuc3VwcG9ydGVkIGhvc3QgYXJjaDogJCh1bmFtZSAtbSkiID4mMgogICAgZXhpdCAxCiAgICA7OwogIGVzYWMKCiAgIyBJbiBjYXNlIG9mIGZhaWx1cmUgY2hlY2tpbmcgaW50ZWdyaXR5IG9mIHJlbGVhc2UsIHJldHJ5LgogIGNkICR7SU5TVEFMTF9ESVJ9L2JpbgogIHVudGlsIHRyeS1kb3dubG9hZC1yZWxlYXNlOyBkbwogICAgc2xlZXAgMTUKICAgIGVjaG8gIkNvdWxkbid0IGRvd25sb2FkIHJlbGVhc2UuIFJldHJ5aW5nLi4uIgogIGRvbmUKCiAgZWNobyAiUnVubmluZyBub2RldXAiCiAgIyBXZSBjYW4ndCBydW4gaW4gdGhlIGZvcmVncm91bmQgYmVjYXVzZSBvZiBodHRwczovL2dpdGh1Yi5jb20vZG9ja2VyL2RvY2tlci9pc3N1ZXMvMjM3OTMKICAoIGNkICR7SU5TVEFMTF9ESVJ9L2JpbjsgLi9ub2RldXAgLS1pbnN0YWxsLXN5c3RlbWQtdW5pdCAtLWNvbmY9JHtJTlNUQUxMX0RJUn0vY29uZi9rdWJlX2Vudi55YW1sIC0tdj04ICApCn0KCiMjIyMjIyMjIyMjIyMjIyMjIyMjIyMjIyMjIyMjIyMjIyMjIyMjIyMjIyMjIyMjIyMjIyMjIyMjIyMjIyMjIyMjIyMjIyMjIyMjIyMjIyMjIyMjIwoKL2Jpbi9zeXN0ZW1kLW1hY2hpbmUtaWQtc2V0dXAgfHwgZWNobyAiZmFpbGVkIHRvIHNldCB1cCBlbnN1cmUgbWFjaGluZS1pZCBjb25maWd1cmVkIgoKZWNobyAiPT0gbm9kZXVwIG5vZGUgY29uZmlnIHN0YXJ0aW5nID09IgplbnN1cmUtaW5zdGFsbC1kaXIKCmNhdCA+IGNvbmYvY2x1c3Rlcl9zcGVjLnlhbWwgPDwgJ19fRU9GX0NMVVNURVJfU1BFQycKY2xvdWRDb25maWc6CiAgYXdzRUJTQ1NJRHJpdmVyOgogICAgZW5hYmxlZDogZmFsc2UKICBtYW5hZ2VTdG9yYWdlQ2xhc3NlczogdHJ1ZQpjb250YWluZXJSdW50aW1lOiBkb2NrZXIKY29udGFpbmVyZDoKICBjb25maWdPdmVycmlkZTogfAogICAgZGlzYWJsZWRfcGx1Z2lucyA9IFsiY3JpIl0KICBsb2dMZXZlbDogaW5mbwpkb2NrZXI6CiAgaXBNYXNxOiBmYWxzZQogIGlwVGFibGVzOiBmYWxzZQogIGxvZ0RyaXZlcjoganNvbi1maWxlCiAgbG9nTGV2ZWw6IGluZm8KICBsb2dPcHQ6CiAgLSBtYXgtc2l6ZT0xMG0KICAtIG1heC1maWxlPTUKICBzdG9yYWdlOiBvdmVybGF5MixvdmVybGF5LGF1ZnMKICB2ZXJzaW9uOiAxOS4wMy4xNQprdWJlUHJveHk6CiAgY2x1c3RlckNJRFI6IDEwMC45Ni4wLjAvMTEKICBjcHVSZXF1ZXN0OiAxMDBtCiAgaG9zdG5hbWVPdmVycmlkZTogJ0Bhd3MnCiAgaW1hZ2U6IGs4cy5nY3IuaW8va3ViZS1wcm94eTp2MS4xOS43CiAgbG9nTGV2ZWw6IDIKa3ViZWxldDoKICBhbm9ueW1vdXNBdXRoOiBmYWxzZQogIGNncm91cFJvb3Q6IC8KICBjbG91ZFByb3ZpZGVyOiBhd3MKICBjbHVzdGVyRE5TOiAxMDAuNjQuMC4xMAogIGNsdXN0ZXJEb21haW46IGNsdXN0ZXIubG9jYWwKICBlbmFibGVEZWJ1Z2dpbmdIYW5kbGVyczogdHJ1ZQogIGV2aWN0aW9uSGFyZDogbWVtb3J5LmF2YWlsYWJsZTwxMDBNaSxub2RlZnMuYXZhaWxhYmxlPDEwJSxub2RlZnMuaW5vZGVzRnJlZTw1JSxpbWFnZWZzLmF2YWlsYWJsZTwxMCUsaW1hZ2Vmcy5pbm9kZXNGcmVlPDUlCiAgaG9zdG5hbWVPdmVycmlkZTogJ0Bhd3MnCiAga3ViZWNvbmZpZ1BhdGg6IC92YXIvbGliL2t1YmVsZXQva3ViZWNvbmZpZwogIGxvZ0xldmVsOiAyCiAgbmV0d29ya1BsdWdpbk1UVTogOTAwMQogIG5ldHdvcmtQbHVnaW5OYW1lOiBrdWJlbmV0CiAgbm9uTWFzcXVlcmFkZUNJRFI6IDEwMC42NC4wLjAvMTAKICBwb2RJbmZyYUNvbnRhaW5lckltYWdlOiBrOHMuZ2NyLmlvL3BhdXNlOjMuMgogIHBvZE1hbmlmZXN0UGF0aDogL2V0Yy9rdWJlcm5ldGVzL21hbmlmZXN0cwoKX19FT0ZfQ0xVU1RFUl9TUEVDCgpjYXQgPiBjb25mL2lnX3NwZWMueWFtbCA8PCAnX19FT0ZfSUdfU1BFQycKe30KCl9fRU9GX0lHX1NQRUMKCmNhdCA+IGNvbmYva3ViZV9lbnYueWFtbCA8PCAnX19FT0ZfS1VCRV9FTlYnCkFzc2V0czoKICBhbWQ2NDoKICAtIGQ4YjI5NjgyNWY2ZGQ3YTE3Mjg3YjczY2Q2NjA0ZDMyMjEwYWJiYmE4NmM4OGZiNjhjMWIxYzUwMTY5MDZjNTRAaHR0cHM6Ly9zdG9yYWdlLmdvb2dsZWFwaXMuY29tL2t1YmVybmV0ZXMtcmVsZWFzZS9yZWxlYXNlL3YxLjE5LjcvYmluL2xpbnV4L2FtZDY0L2t1YmVsZXQKICAtIGQ0NmViM2JiZTI1NzVlNWI2YmVkYmM2ZDM1MTk0MjRiNGYyZjU3OTI5ZDdkYTFlZjdlMTFjMDkwNjhmMzcyOTdAaHR0cHM6Ly9zdG9yYWdlLmdvb2dsZWFwaXMuY29tL2t1YmVybmV0ZXMtcmVsZWFzZS9yZWxlYXNlL3YxLjE5LjcvYmluL2xpbnV4L2FtZDY0L2t1YmVjdGwKICAtIDk3NzgyNDkzMmQ1NjY3YzdhMzdhYTZhM2NiYmE0MDEwMGE2ODczZTdiZDk3ZTgzZThiZTgzN2UzZTdhZmQwYThAaHR0cHM6Ly9zdG9yYWdlLmdvb2dsZWFwaXMuY29tL2s4cy1hcnRpZmFjdHMtY25pL3JlbGVhc2UvdjAuOC43L2NuaS1wbHVnaW5zLWxpbnV4LWFtZDY0LXYwLjguNy50Z3oKICAtIDU1MDRkMTkwZWVmMzczNTUyMzEzMjVjMTc2Njg2ZDUxYWRlNmUwY2FiZTJkYTUyNmQ1NjFhMzhkODYxMTUwNmZAaHR0cHM6Ly9kb3dubG9hZC5kb2NrZXIuY29tL2xpbnV4L3N0YXRpYy9zdGFibGUveDg2XzY0L2RvY2tlci0xOS4wMy4xNS50Z3oKICAtIGE0NzFmMDQ4ZGIyZjFlMzUyMzc5MTAwYWUwZDkyY2I0NDcxMWQ4OTY5MzQxZTI4NmNiYTI2Y2Y1ODFjM2MyZTJAaHR0cHM6Ly9hcnRpZmFjdHMuazhzLmlvL2JpbmFyaWVzL2tvcHMvMS4yMS4xL2xpbnV4L2FtZDY0L3Byb3Rva3ViZSxodHRwczovL2dpdGh1Yi5jb20va3ViZXJuZXRlcy9rb3BzL3JlbGVhc2VzL2Rvd25sb2FkL3YxLjIxLjEvcHJvdG9rdWJlLWxpbnV4LWFtZDY0CiAgLSAyOWU1NGE4OTYxNzE5MTU1ZWQyODdjMWZiYTViMDUyNGM3YTI1ZmFjNDc0YWFjMDA5YTJlNGNiN2ViYzQxZGJlQGh0dHBzOi8vYXJ0aWZhY3RzLms4cy5pby9iaW5hcmllcy9rb3BzLzEuMjEuMS9saW51eC9hbWQ2NC9jaGFubmVscyxodHRwczovL2dpdGh1Yi5jb20va3ViZXJuZXRlcy9rb3BzL3JlbGVhc2VzL2Rvd25sb2FkL3YxLjIxLjEvY2hhbm5lbHMtbGludXgtYW1kNjQKICBhcm02NDoKICAtIDQ3MzAxNmNmMTE2NWFiNWM3MDViZDI5YzY1NDUxOTg0ZTQ4ZGVhZGU2ZmY5NmJmODYxYzQ2ZTE1ZmM1MmJhM2ZAaHR0cHM6Ly9zdG9yYWdlLmdvb2dsZWFwaXMuY29tL2t1YmVybmV0ZXMtcmVsZWFzZS9yZWxlYXNlL3YxLjE5LjcvYmluL2xpbnV4L2FybTY0L2t1YmVsZXQKICAtIGEwZjU4MjIyZThkNjJiODZiMTE0ODc0NjUzMWZhMGMzYjkxZmEyMDg1ODZjYjA2ODg4MzU1MGZjM2RjZDQ5OGJAaHR0cHM6Ly9zdG9yYWdlLmdvb2dsZWFwaXMuY29tL2t1YmVybmV0ZXMtcmVsZWFzZS9yZWxlYXNlL3YxLjE5LjcvYmluL2xpbnV4L2FybTY0L2t1YmVjdGwKICAtIGFlMTNkN2I1YzA1YmQxODBlYTliNWI2OGY0NGJkYWE3YmZiNDEwMzRhMmVmMWQ2OGZkOGUxMjU5Nzk3ZDY0MmZAaHR0cHM6Ly9zdG9yYWdlLmdvb2dsZWFwaXMuY29tL2s4cy1hcnRpZmFjdHMtY25pL3JlbGVhc2UvdjAuOC43L2NuaS1wbHVnaW5zLWxpbnV4LWFybTY0LXYwLjguNy50Z3oKICAtIDI2NGYzMzk2NjMwNTA3NjA2YTg2NDZmZGE2YTI4YTk4ZDNjZWQ4OTI3ZGY4NGJlOGVlOWE3NGFiNzNjYzE1NjZAaHR0cHM6Ly9kb3dubG9hZC5kb2NrZXIuY29tL2xpbnV4L3N0YXRpYy9zdGFibGUvYWFyY2g2NC9kb2NrZXItMTkuMDMuMTUudGd6CiAgLSBiMzIyZThmYmI3NmZlNzFkZjAxOTFkNjUwOTkxMmFjMWYxNWQzMWI4NzIxYzgxOGFmODViNzZjNjVmOGZkOWJjQGh0dHBzOi8vYXJ0aWZhY3RzLms4cy5pby9iaW5hcmllcy9rb3BzLzEuMjEuMS9saW51eC9hcm02NC9wcm90b2t1YmUsaHR0cHM6Ly9naXRodWIuY29tL2t1YmVybmV0ZXMva29wcy9yZWxlYXNlcy9kb3dubG9hZC92MS4yMS4xL3Byb3Rva3ViZS1saW51eC1hcm02NAogIC0gNDE1NWY0MjQ0ZjdmYjUzNWE2NjEwNzMyYzY4YTRiMWIzNmExMjM5MmNiMjg3OWE0YmI5ZDEwZGFjZjliZWE2YUBodHRwczovL2FydGlmYWN0cy5rOHMuaW8vYmluYXJpZXMva29wcy8xLjIxLjEvbGludXgvYXJtNjQvY2hhbm5lbHMsaHR0cHM6Ly9naXRodWIuY29tL2t1YmVybmV0ZXMva29wcy9yZWxlYXNlcy9kb3dubG9hZC92MS4yMS4xL2NoYW5uZWxzLWxpbnV4LWFybTY0CkNsdXN0ZXJOYW1lOiBqb2V5Lms4cy5sb2NhbApDb25maWdCYXNlOiBzMzovL2pvZXkta29wcy1ia3QxL2pvZXkuazhzLmxvY2FsCkluc3RhbmNlR3JvdXBOYW1lOiBub2Rlcy1qb2V5Ckluc3RhbmNlR3JvdXBSb2xlOiBOb2RlCkt1YmVsZXRDb25maWc6CiAgYW5vbnltb3VzQXV0aDogZmFsc2UKICBjZ3JvdXBSb290OiAvCiAgY2xvdWRQcm92aWRlcjogYXdzCiAgY2x1c3RlckROUzogMTAwLjY0LjAuMTAKICBjbHVzdGVyRG9tYWluOiBjbHVzdGVyLmxvY2FsCiAgZW5hYmxlRGVidWdnaW5nSGFuZGxlcnM6IHRydWUKICBldmljdGlvbkhhcmQ6IG1lbW9yeS5hdmFpbGFibGU8MTAwTWksbm9kZWZzLmF2YWlsYWJsZTwxMCUsbm9kZWZzLmlub2Rlc0ZyZWU8NSUsaW1hZ2Vmcy5hdmFpbGFibGU8MTAlLGltYWdlZnMuaW5vZGVzRnJlZTw1JQogIGhvc3RuYW1lT3ZlcnJpZGU6ICdAYXdzJwogIGt1YmVjb25maWdQYXRoOiAvdmFyL2xpYi9rdWJlbGV0L2t1YmVjb25maWcKICBsb2dMZXZlbDogMgogIG5ldHdvcmtQbHVnaW5NVFU6IDkwMDEKICBuZXR3b3JrUGx1Z2luTmFtZToga3ViZW5ldAogIG5vZGVMYWJlbHM6CiAgICBrb3BzLms4cy5pby9pbnN0YW5jZWdyb3VwOiBub2Rlcy1qb2V5CiAgICBrdWJlcm5ldGVzLmlvL3JvbGU6IG5vZGUKICAgIG5vZGUtcm9sZS5rdWJlcm5ldGVzLmlvL25vZGU6ICIiCiAgbm9uTWFzcXVlcmFkZUNJRFI6IDEwMC42NC4wLjAvMTAKICBwb2RJbmZyYUNvbnRhaW5lckltYWdlOiBrOHMuZ2NyLmlvL3BhdXNlOjMuMgogIHBvZE1hbmlmZXN0UGF0aDogL2V0Yy9rdWJlcm5ldGVzL21hbmlmZXN0cwpVcGRhdGVQb2xpY3k6IGF1dG9tYXRpYwpjaGFubmVsczoKLSBzMzovL2pvZXkta29wcy1ia3QxL2pvZXkuazhzLmxvY2FsL2FkZG9ucy9ib290c3RyYXAtY2hhbm5lbC55YW1sCgpfX0VPRl9LVUJFX0VOVgoKZG93bmxvYWQtcmVsZWFzZQplY2hvICI9PSBub2RldXAgbm9kZSBjb25maWcgZG9uZSA9PSIK",
            "vpc_security_group_ids": null
          },
          "private": "bnVsbA==",
          "dependencies": [
            "aws_iam_instance_profile.nodes-joey-k8s-local",
            "aws_iam_role.nodes-joey-k8s-local",
            "aws_key_pair.kubernetes-joey-k8s-local-8ca4be5fdb8e06031d7b7965c0eb6ad3",
            "aws_security_group.nodes-joey-k8s-local",
            "aws_vpc.joey-k8s-local"
          ],
          "create_before_destroy": true
        }
      ]
    },
    {
      "mode": "managed",
      "type": "aws_route",
      "name": "route-0-0-0-0--0",
      "provider": "provider[\"registry.terraform.io/hashicorp/aws\"]",
      "instances": [
        {
          "schema_version": 0,
          "attributes": {
            "carrier_gateway_id": "",
            "destination_cidr_block": "0.0.0.0/0",
            "destination_ipv6_cidr_block": "",
            "destination_prefix_list_id": "",
            "egress_only_gateway_id": "",
            "gateway_id": "igw-0b0815dfa7789cd22",
            "id": "r-rtb-06dbe340bb44656b61080289494",
            "instance_id": "",
            "instance_owner_id": "",
            "local_gateway_id": "",
            "nat_gateway_id": "",
            "network_interface_id": "",
            "origin": "CreateRoute",
            "route_table_id": "rtb-06dbe340bb44656b6",
            "state": "active",
            "timeouts": null,
            "transit_gateway_id": "",
            "vpc_endpoint_id": "",
            "vpc_peering_connection_id": ""
          },
          "private": "eyJlMmJmYjczMC1lY2FhLTExZTYtOGY4OC0zNDM2M2JjN2M0YzAiOnsiY3JlYXRlIjoxMjAwMDAwMDAwMDAsImRlbGV0ZSI6MzAwMDAwMDAwMDAwLCJ1cGRhdGUiOjEyMDAwMDAwMDAwMH19",
          "dependencies": [
            "aws_internet_gateway.joey-k8s-local",
            "aws_route_table.joey-k8s-local",
            "aws_vpc.joey-k8s-local"
          ]
        }
      ]
    },
    {
      "mode": "managed",
      "type": "aws_route_table",
      "name": "joey-k8s-local",
      "provider": "provider[\"registry.terraform.io/hashicorp/aws\"]",
      "instances": [
        {
          "schema_version": 0,
          "attributes": {
            "arn": "arn:aws:ec2:ap-southeast-2:991571226750:route-table/rtb-06dbe340bb44656b6",
            "id": "rtb-06dbe340bb44656b6",
            "owner_id": "991571226750",
            "propagating_vgws": [],
            "route": [],
            "tags": {
              "KubernetesCluster": "joey.k8s.local",
              "Name": "joey.k8s.local",
              "kubernetes.io/cluster/joey.k8s.local": "owned",
              "kubernetes.io/kops/role": "public"
            },
            "tags_all": {
              "KubernetesCluster": "joey.k8s.local",
              "Name": "joey.k8s.local",
              "kubernetes.io/cluster/joey.k8s.local": "owned",
              "kubernetes.io/kops/role": "public"
            },
            "timeouts": null,
            "vpc_id": "vpc-06e249415fc0b6909"
          },
          "private": "eyJlMmJmYjczMC1lY2FhLTExZTYtOGY4OC0zNDM2M2JjN2M0YzAiOnsiY3JlYXRlIjoxMjAwMDAwMDAwMDAsImRlbGV0ZSI6MzAwMDAwMDAwMDAwLCJ1cGRhdGUiOjEyMDAwMDAwMDAwMH19",
          "dependencies": [
            "aws_vpc.joey-k8s-local"
          ]
        }
      ]
    },
    {
      "mode": "managed",
      "type": "aws_route_table_association",
      "name": "ap-southeast-2a-joey-k8s-local",
      "provider": "provider[\"registry.terraform.io/hashicorp/aws\"]",
      "instances": [
        {
          "schema_version": 0,
          "attributes": {
            "gateway_id": "",
            "id": "rtbassoc-0c1df071444f44dcd",
            "route_table_id": "rtb-06dbe340bb44656b6",
            "subnet_id": "subnet-067587cdbcb3328d6"
          },
          "private": "bnVsbA==",
          "dependencies": [
            "aws_route_table.joey-k8s-local",
            "aws_subnet.ap-southeast-2a-joey-k8s-local",
            "aws_vpc.joey-k8s-local"
          ]
        }
      ]
    },
    {
      "mode": "managed",
      "type": "aws_security_group",
      "name": "api-elb-joey-k8s-local",
      "provider": "provider[\"registry.terraform.io/hashicorp/aws\"]",
      "instances": [
        {
          "schema_version": 1,
          "attributes": {
            "arn": "arn:aws:ec2:ap-southeast-2:991571226750:security-group/sg-0209bdae56bd134a9",
            "description": "Security group for api ELB",
            "egress": [],
            "id": "sg-0209bdae56bd134a9",
            "ingress": [],
            "name": "api-elb.joey.k8s.local",
            "name_prefix": "",
            "owner_id": "991571226750",
            "revoke_rules_on_delete": false,
            "tags": {
              "KubernetesCluster": "joey.k8s.local",
              "Name": "api-elb.joey.k8s.local",
              "kubernetes.io/cluster/joey.k8s.local": "owned"
            },
            "tags_all": {
              "KubernetesCluster": "joey.k8s.local",
              "Name": "api-elb.joey.k8s.local",
              "kubernetes.io/cluster/joey.k8s.local": "owned"
            },
            "timeouts": null,
            "vpc_id": "vpc-06e249415fc0b6909"
          },
          "private": "eyJlMmJmYjczMC1lY2FhLTExZTYtOGY4OC0zNDM2M2JjN2M0YzAiOnsiY3JlYXRlIjo2MDAwMDAwMDAwMDAsImRlbGV0ZSI6OTAwMDAwMDAwMDAwfSwic2NoZW1hX3ZlcnNpb24iOiIxIn0=",
          "dependencies": [
            "aws_vpc.joey-k8s-local"
          ]
        }
      ]
    },
    {
      "mode": "managed",
      "type": "aws_security_group",
      "name": "masters-joey-k8s-local",
      "provider": "provider[\"registry.terraform.io/hashicorp/aws\"]",
      "instances": [
        {
          "schema_version": 1,
          "attributes": {
            "arn": "arn:aws:ec2:ap-southeast-2:991571226750:security-group/sg-065066c21c03b66fe",
            "description": "Security group for masters",
            "egress": [],
            "id": "sg-065066c21c03b66fe",
            "ingress": [],
            "name": "masters.joey.k8s.local",
            "name_prefix": "",
            "owner_id": "991571226750",
            "revoke_rules_on_delete": false,
            "tags": {
              "KubernetesCluster": "joey.k8s.local",
              "Name": "masters.joey.k8s.local",
              "kubernetes.io/cluster/joey.k8s.local": "owned"
            },
            "tags_all": {
              "KubernetesCluster": "joey.k8s.local",
              "Name": "masters.joey.k8s.local",
              "kubernetes.io/cluster/joey.k8s.local": "owned"
            },
            "timeouts": null,
            "vpc_id": "vpc-06e249415fc0b6909"
          },
          "private": "eyJlMmJmYjczMC1lY2FhLTExZTYtOGY4OC0zNDM2M2JjN2M0YzAiOnsiY3JlYXRlIjo2MDAwMDAwMDAwMDAsImRlbGV0ZSI6OTAwMDAwMDAwMDAwfSwic2NoZW1hX3ZlcnNpb24iOiIxIn0=",
          "dependencies": [
            "aws_vpc.joey-k8s-local"
          ],
          "create_before_destroy": true
        }
      ]
    },
    {
      "mode": "managed",
      "type": "aws_security_group",
      "name": "nodes-joey-k8s-local",
      "provider": "provider[\"registry.terraform.io/hashicorp/aws\"]",
      "instances": [
        {
          "schema_version": 1,
          "attributes": {
            "arn": "arn:aws:ec2:ap-southeast-2:991571226750:security-group/sg-0905d72cec2f91717",
            "description": "Security group for nodes",
            "egress": [],
            "id": "sg-0905d72cec2f91717",
            "ingress": [],
            "name": "nodes.joey.k8s.local",
            "name_prefix": "",
            "owner_id": "991571226750",
            "revoke_rules_on_delete": false,
            "tags": {
              "KubernetesCluster": "joey.k8s.local",
              "Name": "nodes.joey.k8s.local",
              "kubernetes.io/cluster/joey.k8s.local": "owned"
            },
            "tags_all": {
              "KubernetesCluster": "joey.k8s.local",
              "Name": "nodes.joey.k8s.local",
              "kubernetes.io/cluster/joey.k8s.local": "owned"
            },
            "timeouts": null,
            "vpc_id": "vpc-06e249415fc0b6909"
          },
          "private": "eyJlMmJmYjczMC1lY2FhLTExZTYtOGY4OC0zNDM2M2JjN2M0YzAiOnsiY3JlYXRlIjo2MDAwMDAwMDAwMDAsImRlbGV0ZSI6OTAwMDAwMDAwMDAwfSwic2NoZW1hX3ZlcnNpb24iOiIxIn0=",
          "dependencies": [
            "aws_vpc.joey-k8s-local"
          ],
          "create_before_destroy": true
        }
      ]
    },
    {
      "mode": "managed",
      "type": "aws_security_group_rule",
      "name": "from-0-0-0-0--0-ingress-tcp-22to22-masters-joey-k8s-local",
      "provider": "provider[\"registry.terraform.io/hashicorp/aws\"]",
      "instances": [
        {
          "schema_version": 2,
          "attributes": {
            "cidr_blocks": [
              "0.0.0.0/0"
            ],
            "description": null,
            "from_port": 22,
            "id": "sgrule-2003048776",
            "ipv6_cidr_blocks": null,
            "prefix_list_ids": null,
            "protocol": "tcp",
            "security_group_id": "sg-065066c21c03b66fe",
            "self": false,
            "source_security_group_id": null,
            "to_port": 22,
            "type": "ingress"
          },
          "private": "eyJzY2hlbWFfdmVyc2lvbiI6IjIifQ==",
          "dependencies": [
            "aws_security_group.masters-joey-k8s-local",
            "aws_vpc.joey-k8s-local"
          ]
        }
      ]
    },
    {
      "mode": "managed",
      "type": "aws_security_group_rule",
      "name": "from-0-0-0-0--0-ingress-tcp-22to22-nodes-joey-k8s-local",
      "provider": "provider[\"registry.terraform.io/hashicorp/aws\"]",
      "instances": [
        {
          "schema_version": 2,
          "attributes": {
            "cidr_blocks": [
              "0.0.0.0/0"
            ],
            "description": null,
            "from_port": 22,
            "id": "sgrule-3623358660",
            "ipv6_cidr_blocks": null,
            "prefix_list_ids": null,
            "protocol": "tcp",
            "security_group_id": "sg-0905d72cec2f91717",
            "self": false,
            "source_security_group_id": null,
            "to_port": 22,
            "type": "ingress"
          },
          "private": "eyJzY2hlbWFfdmVyc2lvbiI6IjIifQ==",
          "dependencies": [
            "aws_security_group.nodes-joey-k8s-local",
            "aws_vpc.joey-k8s-local"
          ]
        }
      ]
    },
    {
      "mode": "managed",
      "type": "aws_security_group_rule",
      "name": "from-0-0-0-0--0-ingress-tcp-443to443-api-elb-joey-k8s-local",
      "provider": "provider[\"registry.terraform.io/hashicorp/aws\"]",
      "instances": [
        {
          "schema_version": 2,
          "attributes": {
            "cidr_blocks": [
              "0.0.0.0/0"
            ],
            "description": null,
            "from_port": 443,
            "id": "sgrule-3986464594",
            "ipv6_cidr_blocks": null,
            "prefix_list_ids": null,
            "protocol": "tcp",
            "security_group_id": "sg-0209bdae56bd134a9",
            "self": false,
            "source_security_group_id": null,
            "to_port": 443,
            "type": "ingress"
          },
          "private": "eyJzY2hlbWFfdmVyc2lvbiI6IjIifQ==",
          "dependencies": [
            "aws_security_group.api-elb-joey-k8s-local",
            "aws_vpc.joey-k8s-local"
          ]
        }
      ]
    },
    {
      "mode": "managed",
      "type": "aws_security_group_rule",
      "name": "from-api-elb-joey-k8s-local-egress-all-0to0-0-0-0-0--0",
      "provider": "provider[\"registry.terraform.io/hashicorp/aws\"]",
      "instances": [
        {
          "schema_version": 2,
          "attributes": {
            "cidr_blocks": [
              "0.0.0.0/0"
            ],
            "description": null,
            "from_port": 0,
            "id": "sgrule-3920214670",
            "ipv6_cidr_blocks": null,
            "prefix_list_ids": null,
            "protocol": "-1",
            "security_group_id": "sg-0209bdae56bd134a9",
            "self": false,
            "source_security_group_id": null,
            "to_port": 0,
            "type": "egress"
          },
          "private": "eyJzY2hlbWFfdmVyc2lvbiI6IjIifQ==",
          "dependencies": [
            "aws_security_group.api-elb-joey-k8s-local",
            "aws_vpc.joey-k8s-local"
          ]
        }
      ]
    },
    {
      "mode": "managed",
      "type": "aws_security_group_rule",
      "name": "from-masters-joey-k8s-local-egress-all-0to0-0-0-0-0--0",
      "provider": "provider[\"registry.terraform.io/hashicorp/aws\"]",
      "instances": [
        {
          "schema_version": 2,
          "attributes": {
            "cidr_blocks": [
              "0.0.0.0/0"
            ],
            "description": null,
            "from_port": 0,
            "id": "sgrule-528007933",
            "ipv6_cidr_blocks": null,
            "prefix_list_ids": null,
            "protocol": "-1",
            "security_group_id": "sg-065066c21c03b66fe",
            "self": false,
            "source_security_group_id": null,
            "to_port": 0,
            "type": "egress"
          },
          "private": "eyJzY2hlbWFfdmVyc2lvbiI6IjIifQ==",
          "dependencies": [
            "aws_security_group.masters-joey-k8s-local",
            "aws_vpc.joey-k8s-local"
          ]
        }
      ]
    },
    {
      "mode": "managed",
      "type": "aws_security_group_rule",
      "name": "from-masters-joey-k8s-local-ingress-all-0to0-masters-joey-k8s-local",
      "provider": "provider[\"registry.terraform.io/hashicorp/aws\"]",
      "instances": [
        {
          "schema_version": 2,
          "attributes": {
            "cidr_blocks": null,
            "description": null,
            "from_port": 0,
            "id": "sgrule-4063904454",
            "ipv6_cidr_blocks": null,
            "prefix_list_ids": null,
            "protocol": "-1",
            "security_group_id": "sg-065066c21c03b66fe",
            "self": false,
            "source_security_group_id": "sg-065066c21c03b66fe",
            "to_port": 0,
            "type": "ingress"
          },
          "private": "eyJzY2hlbWFfdmVyc2lvbiI6IjIifQ==",
          "dependencies": [
            "aws_security_group.masters-joey-k8s-local",
            "aws_vpc.joey-k8s-local"
          ]
        }
      ]
    },
    {
      "mode": "managed",
      "type": "aws_security_group_rule",
      "name": "from-masters-joey-k8s-local-ingress-all-0to0-nodes-joey-k8s-local",
      "provider": "provider[\"registry.terraform.io/hashicorp/aws\"]",
      "instances": [
        {
          "schema_version": 2,
          "attributes": {
            "cidr_blocks": null,
            "description": null,
            "from_port": 0,
            "id": "sgrule-2703928738",
            "ipv6_cidr_blocks": null,
            "prefix_list_ids": null,
            "protocol": "-1",
            "security_group_id": "sg-0905d72cec2f91717",
            "self": false,
            "source_security_group_id": "sg-065066c21c03b66fe",
            "to_port": 0,
            "type": "ingress"
          },
          "private": "eyJzY2hlbWFfdmVyc2lvbiI6IjIifQ==",
          "dependencies": [
            "aws_security_group.masters-joey-k8s-local",
            "aws_security_group.nodes-joey-k8s-local",
            "aws_vpc.joey-k8s-local"
          ]
        }
      ]
    },
    {
      "mode": "managed",
      "type": "aws_security_group_rule",
      "name": "from-nodes-joey-k8s-local-egress-all-0to0-0-0-0-0--0",
      "provider": "provider[\"registry.terraform.io/hashicorp/aws\"]",
      "instances": [
        {
          "schema_version": 2,
          "attributes": {
            "cidr_blocks": [
              "0.0.0.0/0"
            ],
            "description": null,
            "from_port": 0,
            "id": "sgrule-2005073969",
            "ipv6_cidr_blocks": null,
            "prefix_list_ids": null,
            "protocol": "-1",
            "security_group_id": "sg-0905d72cec2f91717",
            "self": false,
            "source_security_group_id": null,
            "to_port": 0,
            "type": "egress"
          },
          "private": "eyJzY2hlbWFfdmVyc2lvbiI6IjIifQ==",
          "dependencies": [
            "aws_security_group.nodes-joey-k8s-local",
            "aws_vpc.joey-k8s-local"
          ]
        }
      ]
    },
    {
      "mode": "managed",
      "type": "aws_security_group_rule",
      "name": "from-nodes-joey-k8s-local-ingress-all-0to0-nodes-joey-k8s-local",
      "provider": "provider[\"registry.terraform.io/hashicorp/aws\"]",
      "instances": [
        {
          "schema_version": 2,
          "attributes": {
            "cidr_blocks": null,
            "description": null,
            "from_port": 0,
            "id": "sgrule-3530712592",
            "ipv6_cidr_blocks": null,
            "prefix_list_ids": null,
            "protocol": "-1",
            "security_group_id": "sg-0905d72cec2f91717",
            "self": false,
            "source_security_group_id": "sg-0905d72cec2f91717",
            "to_port": 0,
            "type": "ingress"
          },
          "private": "eyJzY2hlbWFfdmVyc2lvbiI6IjIifQ==",
          "dependencies": [
            "aws_security_group.nodes-joey-k8s-local",
            "aws_vpc.joey-k8s-local"
          ]
        }
      ]
    },
    {
      "mode": "managed",
      "type": "aws_security_group_rule",
      "name": "from-nodes-joey-k8s-local-ingress-tcp-1to2379-masters-joey-k8s-local",
      "provider": "provider[\"registry.terraform.io/hashicorp/aws\"]",
      "instances": [
        {
          "schema_version": 2,
          "attributes": {
            "cidr_blocks": null,
            "description": null,
            "from_port": 1,
            "id": "sgrule-4037106336",
            "ipv6_cidr_blocks": null,
            "prefix_list_ids": null,
            "protocol": "tcp",
            "security_group_id": "sg-065066c21c03b66fe",
            "self": false,
            "source_security_group_id": "sg-0905d72cec2f91717",
            "to_port": 2379,
            "type": "ingress"
          },
          "private": "eyJzY2hlbWFfdmVyc2lvbiI6IjIifQ==",
          "dependencies": [
            "aws_security_group.masters-joey-k8s-local",
            "aws_security_group.nodes-joey-k8s-local",
            "aws_vpc.joey-k8s-local"
          ]
        }
      ]
    },
    {
      "mode": "managed",
      "type": "aws_security_group_rule",
      "name": "from-nodes-joey-k8s-local-ingress-tcp-2382to4000-masters-joey-k8s-local",
      "provider": "provider[\"registry.terraform.io/hashicorp/aws\"]",
      "instances": [
        {
          "schema_version": 2,
          "attributes": {
            "cidr_blocks": null,
            "description": null,
            "from_port": 2382,
            "id": "sgrule-2665766565",
            "ipv6_cidr_blocks": null,
            "prefix_list_ids": null,
            "protocol": "tcp",
            "security_group_id": "sg-065066c21c03b66fe",
            "self": false,
            "source_security_group_id": "sg-0905d72cec2f91717",
            "to_port": 4000,
            "type": "ingress"
          },
          "private": "eyJzY2hlbWFfdmVyc2lvbiI6IjIifQ==",
          "dependencies": [
            "aws_security_group.masters-joey-k8s-local",
            "aws_security_group.nodes-joey-k8s-local",
            "aws_vpc.joey-k8s-local"
          ]
        }
      ]
    },
    {
      "mode": "managed",
      "type": "aws_security_group_rule",
      "name": "from-nodes-joey-k8s-local-ingress-tcp-4003to65535-masters-joey-k8s-local",
      "provider": "provider[\"registry.terraform.io/hashicorp/aws\"]",
      "instances": [
        {
          "schema_version": 2,
          "attributes": {
            "cidr_blocks": null,
            "description": null,
            "from_port": 4003,
            "id": "sgrule-3571901284",
            "ipv6_cidr_blocks": null,
            "prefix_list_ids": null,
            "protocol": "tcp",
            "security_group_id": "sg-065066c21c03b66fe",
            "self": false,
            "source_security_group_id": "sg-0905d72cec2f91717",
            "to_port": 65535,
            "type": "ingress"
          },
          "private": "eyJzY2hlbWFfdmVyc2lvbiI6IjIifQ==",
          "dependencies": [
            "aws_security_group.masters-joey-k8s-local",
            "aws_security_group.nodes-joey-k8s-local",
            "aws_vpc.joey-k8s-local"
          ]
        }
      ]
    },
    {
      "mode": "managed",
      "type": "aws_security_group_rule",
      "name": "from-nodes-joey-k8s-local-ingress-udp-1to65535-masters-joey-k8s-local",
      "provider": "provider[\"registry.terraform.io/hashicorp/aws\"]",
      "instances": [
        {
          "schema_version": 2,
          "attributes": {
            "cidr_blocks": null,
            "description": null,
            "from_port": 1,
            "id": "sgrule-965363679",
            "ipv6_cidr_blocks": null,
            "prefix_list_ids": null,
            "protocol": "udp",
            "security_group_id": "sg-065066c21c03b66fe",
            "self": false,
            "source_security_group_id": "sg-0905d72cec2f91717",
            "to_port": 65535,
            "type": "ingress"
          },
          "private": "eyJzY2hlbWFfdmVyc2lvbiI6IjIifQ==",
          "dependencies": [
            "aws_security_group.masters-joey-k8s-local",
            "aws_security_group.nodes-joey-k8s-local",
            "aws_vpc.joey-k8s-local"
          ]
        }
      ]
    },
    {
      "mode": "managed",
      "type": "aws_security_group_rule",
      "name": "https-elb-to-master",
      "provider": "provider[\"registry.terraform.io/hashicorp/aws\"]",
      "instances": [
        {
          "schema_version": 2,
          "attributes": {
            "cidr_blocks": null,
            "description": null,
            "from_port": 443,
            "id": "sgrule-4163699374",
            "ipv6_cidr_blocks": null,
            "prefix_list_ids": null,
            "protocol": "tcp",
            "security_group_id": "sg-065066c21c03b66fe",
            "self": false,
            "source_security_group_id": "sg-0209bdae56bd134a9",
            "to_port": 443,
            "type": "ingress"
          },
          "private": "eyJzY2hlbWFfdmVyc2lvbiI6IjIifQ==",
          "dependencies": [
            "aws_security_group.api-elb-joey-k8s-local",
            "aws_security_group.masters-joey-k8s-local",
            "aws_vpc.joey-k8s-local"
          ]
        }
      ]
    },
    {
      "mode": "managed",
      "type": "aws_security_group_rule",
      "name": "icmp-pmtu-api-elb-0-0-0-0--0",
      "provider": "provider[\"registry.terraform.io/hashicorp/aws\"]",
      "instances": [
        {
          "schema_version": 2,
          "attributes": {
            "cidr_blocks": [
              "0.0.0.0/0"
            ],
            "description": null,
            "from_port": 3,
            "id": "sgrule-3762251765",
            "ipv6_cidr_blocks": null,
            "prefix_list_ids": null,
            "protocol": "icmp",
            "security_group_id": "sg-0209bdae56bd134a9",
            "self": false,
            "source_security_group_id": null,
            "to_port": 4,
            "type": "ingress"
          },
          "private": "eyJzY2hlbWFfdmVyc2lvbiI6IjIifQ==",
          "dependencies": [
            "aws_security_group.api-elb-joey-k8s-local",
            "aws_vpc.joey-k8s-local"
          ]
        }
      ]
    },
    {
      "mode": "managed",
      "type": "aws_subnet",
      "name": "ap-southeast-2a-joey-k8s-local",
      "provider": "provider[\"registry.terraform.io/hashicorp/aws\"]",
      "instances": [
        {
          "schema_version": 1,
          "attributes": {
            "arn": "arn:aws:ec2:ap-southeast-2:991571226750:subnet/subnet-067587cdbcb3328d6",
            "assign_ipv6_address_on_creation": false,
            "availability_zone": "ap-southeast-2a",
            "availability_zone_id": "apse2-az1",
            "cidr_block": "172.20.32.0/19",
            "customer_owned_ipv4_pool": "",
            "id": "subnet-067587cdbcb3328d6",
            "ipv6_cidr_block": "",
            "ipv6_cidr_block_association_id": "",
            "map_customer_owned_ip_on_launch": false,
            "map_public_ip_on_launch": false,
            "outpost_arn": "",
            "owner_id": "991571226750",
            "tags": {
              "KubernetesCluster": "joey.k8s.local",
              "Name": "ap-southeast-2a.joey.k8s.local",
              "SubnetType": "Public",
              "kubernetes.io/cluster/joey.k8s.local": "owned",
              "kubernetes.io/role/elb": "1",
              "kubernetes.io/role/internal-elb": "1"
            },
            "tags_all": {
              "KubernetesCluster": "joey.k8s.local",
              "Name": "ap-southeast-2a.joey.k8s.local",
              "SubnetType": "Public",
              "kubernetes.io/cluster/joey.k8s.local": "owned",
              "kubernetes.io/role/elb": "1",
              "kubernetes.io/role/internal-elb": "1"
            },
            "timeouts": null,
            "vpc_id": "vpc-06e249415fc0b6909"
          },
          "private": "eyJlMmJmYjczMC1lY2FhLTExZTYtOGY4OC0zNDM2M2JjN2M0YzAiOnsiY3JlYXRlIjo2MDAwMDAwMDAwMDAsImRlbGV0ZSI6MTIwMDAwMDAwMDAwMH0sInNjaGVtYV92ZXJzaW9uIjoiMSJ9",
          "dependencies": [
            "aws_vpc.joey-k8s-local"
          ]
        }
      ]
    },
    {
      "mode": "managed",
      "type": "aws_vpc",
      "name": "joey-k8s-local",
      "provider": "provider[\"registry.terraform.io/hashicorp/aws\"]",
      "instances": [
        {
          "schema_version": 1,
          "attributes": {
            "arn": "arn:aws:ec2:ap-southeast-2:991571226750:vpc/vpc-06e249415fc0b6909",
            "assign_generated_ipv6_cidr_block": false,
            "cidr_block": "172.20.0.0/16",
            "default_network_acl_id": "acl-0d878775d1e155a88",
            "default_route_table_id": "rtb-00035dcc4468088ed",
            "default_security_group_id": "sg-06e234d50423592ad",
            "dhcp_options_id": "dopt-c63b20a4",
            "enable_classiclink": false,
            "enable_classiclink_dns_support": false,
            "enable_dns_hostnames": true,
            "enable_dns_support": true,
            "id": "vpc-06e249415fc0b6909",
            "instance_tenancy": "default",
            "ipv6_association_id": "",
            "ipv6_cidr_block": "",
            "main_route_table_id": "rtb-00035dcc4468088ed",
            "owner_id": "991571226750",
            "tags": {
              "KubernetesCluster": "joey.k8s.local",
              "Name": "joey.k8s.local",
              "kubernetes.io/cluster/joey.k8s.local": "owned"
            },
            "tags_all": {
              "KubernetesCluster": "joey.k8s.local",
              "Name": "joey.k8s.local",
              "kubernetes.io/cluster/joey.k8s.local": "owned"
            }
          },
          "private": "eyJzY2hlbWFfdmVyc2lvbiI6IjEifQ==",
          "create_before_destroy": true
        }
      ]
    },
    {
      "mode": "managed",
      "type": "aws_vpc_dhcp_options",
      "name": "joey-k8s-local",
      "provider": "provider[\"registry.terraform.io/hashicorp/aws\"]",
      "instances": [
        {
          "schema_version": 0,
          "attributes": {
            "arn": "arn:aws:ec2:ap-southeast-2:991571226750:dhcp-options/dopt-08e9aa43aa52b2de2",
            "domain_name": "ap-southeast-2.compute.internal",
            "domain_name_servers": [
              "AmazonProvidedDNS"
            ],
            "id": "dopt-08e9aa43aa52b2de2",
            "netbios_name_servers": null,
            "netbios_node_type": null,
            "ntp_servers": null,
            "owner_id": "991571226750",
            "tags": {
              "KubernetesCluster": "joey.k8s.local",
              "Name": "joey.k8s.local",
              "kubernetes.io/cluster/joey.k8s.local": "owned"
            },
            "tags_all": {
              "KubernetesCluster": "joey.k8s.local",
              "Name": "joey.k8s.local",
              "kubernetes.io/cluster/joey.k8s.local": "owned"
            }
          },
          "private": "bnVsbA=="
        }
      ]
    },
    {
      "mode": "managed",
      "type": "aws_vpc_dhcp_options_association",
      "name": "joey-k8s-local",
      "provider": "provider[\"registry.terraform.io/hashicorp/aws\"]",
      "instances": [
        {
          "schema_version": 0,
          "attributes": {
            "dhcp_options_id": "dopt-08e9aa43aa52b2de2",
            "id": "dopt-08e9aa43aa52b2de2-vpc-06e249415fc0b6909",
            "vpc_id": "vpc-06e249415fc0b6909"
          },
          "private": "bnVsbA==",
          "dependencies": [
            "aws_vpc.joey-k8s-local",
            "aws_vpc_dhcp_options.joey-k8s-local"
          ]
        }
      ]
    }
  ]
}
