{
  "version": 4,
  "terraform_version": "0.13.7",
  "serial": 82,
  "lineage": "92370cad-0b39-44cc-e104-566ee66ac15f",
  "outputs": {
    "cluster_name": {
      "value": "joey.k8s.local",
      "type": "string"
    },
    "master_autoscaling_group_ids": {
      "value": [
        "master-joey.masters.joey.k8s.local"
      ],
      "type": [
        "tuple",
        [
          "string"
        ]
      ]
    },
    "master_security_group_ids": {
      "value": [
        "sg-0079f64add9e22d2e"
      ],
      "type": [
        "tuple",
        [
          "string"
        ]
      ]
    },
    "masters_role_arn": {
      "value": "arn:aws:iam::089424413387:role/masters.joey.k8s.local",
      "type": "string"
    },
    "masters_role_name": {
      "value": "masters.joey.k8s.local",
      "type": "string"
    },
    "node_autoscaling_group_ids": {
      "value": [
        "nodes-joey.joey.k8s.local"
      ],
      "type": [
        "tuple",
        [
          "string"
        ]
      ]
    },
    "node_security_group_ids": {
      "value": [
        "sg-02ce315c9dd36ae35"
      ],
      "type": [
        "tuple",
        [
          "string"
        ]
      ]
    },
    "node_subnet_ids": {
      "value": [
        "subnet-0cc016d66b469ee53"
      ],
      "type": [
        "tuple",
        [
          "string"
        ]
      ]
    },
    "nodes_role_arn": {
      "value": "arn:aws:iam::089424413387:role/nodes.joey.k8s.local",
      "type": "string"
    },
    "nodes_role_name": {
      "value": "nodes.joey.k8s.local",
      "type": "string"
    },
    "region": {
      "value": "us-east-2",
      "type": "string"
    },
    "route_table_public_id": {
      "value": "rtb-06a22033a2fa23cad",
      "type": "string"
    },
    "subnet_us-east-2a_id": {
      "value": "subnet-0cc016d66b469ee53",
      "type": "string"
    },
    "vpc_cidr_block": {
      "value": "172.20.0.0/16",
      "type": "string"
    },
    "vpc_id": {
      "value": "vpc-089dbbd22d30c087e",
      "type": "string"
    }
  },
  "resources": [
    {
      "mode": "managed",
      "type": "aws_autoscaling_group",
      "name": "master-joey-masters-joey-k8s-local",
      "provider": "provider[\"registry.terraform.io/hashicorp/aws\"]",
      "instances": [
        {
          "schema_version": 0,
          "attributes": {
            "arn": "arn:aws:autoscaling:us-east-2:089424413387:autoScalingGroup:033e2b9b-d1d1-4157-b98a-88db8fc88503:autoScalingGroupName/master-joey.masters.joey.k8s.local",
            "availability_zones": [
              "us-east-2a"
            ],
            "capacity_rebalance": false,
            "default_cooldown": 300,
            "desired_capacity": 1,
            "enabled_metrics": [
              "GroupDesiredCapacity",
              "GroupInServiceInstances",
              "GroupMaxSize",
              "GroupMinSize",
              "GroupPendingInstances",
              "GroupStandbyInstances",
              "GroupTerminatingInstances",
              "GroupTotalInstances"
            ],
            "force_delete": false,
            "force_delete_warm_pool": false,
            "health_check_grace_period": 300,
            "health_check_type": "EC2",
            "id": "master-joey.masters.joey.k8s.local",
            "initial_lifecycle_hook": [],
            "instance_refresh": [],
            "launch_configuration": "",
            "launch_template": [
              {
                "id": "lt-0c535bdfe4e0a6b43",
                "name": "master-joey.masters.joey.k8s.local",
                "version": "1"
              }
            ],
            "load_balancers": [
              "api-joey-k8s-local-p83fsk"
            ],
            "max_instance_lifetime": 0,
            "max_size": 1,
            "metrics_granularity": "1Minute",
            "min_elb_capacity": null,
            "min_size": 1,
            "mixed_instances_policy": [],
            "name": "master-joey.masters.joey.k8s.local",
            "name_prefix": "",
            "placement_group": "",
            "protect_from_scale_in": false,
            "service_linked_role_arn": "arn:aws:iam::089424413387:role/aws-service-role/autoscaling.amazonaws.com/AWSServiceRoleForAutoScaling",
            "suspended_processes": null,
            "tag": [
              {
                "key": "KubernetesCluster",
                "propagate_at_launch": true,
                "value": "joey.k8s.local"
              },
              {
                "key": "Name",
                "propagate_at_launch": true,
                "value": "master-joey.masters.joey.k8s.local"
              },
              {
                "key": "k8s.io/cluster-autoscaler/node-template/label/kops.k8s.io/instancegroup",
                "propagate_at_launch": true,
                "value": "master-joey"
              },
              {
                "key": "k8s.io/cluster-autoscaler/node-template/label/kops.k8s.io/kops-controller-pki",
                "propagate_at_launch": true,
                "value": ""
              },
              {
                "key": "k8s.io/cluster-autoscaler/node-template/label/kubernetes.io/role",
                "propagate_at_launch": true,
                "value": "master"
              },
              {
                "key": "k8s.io/cluster-autoscaler/node-template/label/node-role.kubernetes.io/control-plane",
                "propagate_at_launch": true,
                "value": ""
              },
              {
                "key": "k8s.io/cluster-autoscaler/node-template/label/node-role.kubernetes.io/master",
                "propagate_at_launch": true,
                "value": ""
              },
              {
                "key": "k8s.io/cluster-autoscaler/node-template/label/node.kubernetes.io/exclude-from-external-load-balancers",
                "propagate_at_launch": true,
                "value": ""
              },
              {
                "key": "k8s.io/role/master",
                "propagate_at_launch": true,
                "value": "1"
              },
              {
                "key": "kops.k8s.io/instancegroup",
                "propagate_at_launch": true,
                "value": "master-joey"
              },
              {
                "key": "kubernetes.io/cluster/joey.k8s.local",
                "propagate_at_launch": true,
                "value": "owned"
              }
            ],
            "tags": null,
            "target_group_arns": null,
            "termination_policies": null,
            "timeouts": null,
            "vpc_zone_identifier": [
              "subnet-0cc016d66b469ee53"
            ],
            "wait_for_capacity_timeout": "10m",
            "wait_for_elb_capacity": null,
            "warm_pool": []
          },
          "private": "eyJlMmJmYjczMC1lY2FhLTExZTYtOGY4OC0zNDM2M2JjN2M0YzAiOnsiZGVsZXRlIjo2MDAwMDAwMDAwMDB9fQ==",
          "dependencies": [
            "aws_elb.api-joey-k8s-local",
            "aws_iam_instance_profile.masters-joey-k8s-local",
            "aws_iam_role.masters-joey-k8s-local",
            "aws_key_pair.kubernetes-joey-k8s-local-8ca4be5fdb8e06031d7b7965c0eb6ad3",
            "aws_launch_template.master-joey-masters-joey-k8s-local",
            "aws_security_group.api-elb-joey-k8s-local",
            "aws_security_group.masters-joey-k8s-local",
            "aws_subnet.us-east-2a-joey-k8s-local",
            "aws_vpc.joey-k8s-local"
          ]
        }
      ]
    },
    {
      "mode": "managed",
      "type": "aws_autoscaling_group",
      "name": "nodes-joey-joey-k8s-local",
      "provider": "provider[\"registry.terraform.io/hashicorp/aws\"]",
      "instances": [
        {
          "schema_version": 0,
          "attributes": {
            "arn": "arn:aws:autoscaling:us-east-2:089424413387:autoScalingGroup:389e8ad9-979a-4e0b-9098-d0e7c0322d40:autoScalingGroupName/nodes-joey.joey.k8s.local",
            "availability_zones": [
              "us-east-2a"
            ],
            "capacity_rebalance": false,
            "default_cooldown": 300,
            "desired_capacity": 1,
            "enabled_metrics": [
              "GroupDesiredCapacity",
              "GroupInServiceInstances",
              "GroupMaxSize",
              "GroupMinSize",
              "GroupPendingInstances",
              "GroupStandbyInstances",
              "GroupTerminatingInstances",
              "GroupTotalInstances"
            ],
            "force_delete": false,
            "force_delete_warm_pool": false,
            "health_check_grace_period": 300,
            "health_check_type": "EC2",
            "id": "nodes-joey.joey.k8s.local",
            "initial_lifecycle_hook": [],
            "instance_refresh": [],
            "launch_configuration": "",
            "launch_template": [],
            "load_balancers": null,
            "max_instance_lifetime": 0,
            "max_size": 10,
            "metrics_granularity": "1Minute",
            "min_elb_capacity": null,
            "min_size": 1,
            "mixed_instances_policy": [
              {
                "instances_distribution": [
                  {
                    "on_demand_allocation_strategy": "prioritized",
                    "on_demand_base_capacity": 1,
                    "on_demand_percentage_above_base_capacity": 0,
                    "spot_allocation_strategy": "lowest-price",
                    "spot_instance_pools": 2,
                    "spot_max_price": ""
                  }
                ],
                "launch_template": [
                  {
                    "launch_template_specification": [
                      {
                        "launch_template_id": "lt-09379d60c41b4ee05",
                        "launch_template_name": "nodes-joey.joey.k8s.local",
                        "version": "1"
                      }
                    ],
                    "override": [
                      {
                        "instance_type": "t2.micro",
                        "launch_template_specification": [],
                        "weighted_capacity": ""
                      }
                    ]
                  }
                ]
              }
            ],
            "name": "nodes-joey.joey.k8s.local",
            "name_prefix": "",
            "placement_group": "",
            "protect_from_scale_in": false,
            "service_linked_role_arn": "arn:aws:iam::089424413387:role/aws-service-role/autoscaling.amazonaws.com/AWSServiceRoleForAutoScaling",
            "suspended_processes": null,
            "tag": [
              {
                "key": "KubernetesCluster",
                "propagate_at_launch": true,
                "value": "joey.k8s.local"
              },
              {
                "key": "Name",
                "propagate_at_launch": true,
                "value": "nodes-joey.joey.k8s.local"
              },
              {
                "key": "k8s.io/cluster-autoscaler/enabled",
                "propagate_at_launch": true,
                "value": ""
              },
              {
                "key": "k8s.io/cluster-autoscaler/joey.k8s.local",
                "propagate_at_launch": true,
                "value": ""
              },
              {
                "key": "k8s.io/cluster-autoscaler/node-template/label",
                "propagate_at_launch": true,
                "value": ""
              },
              {
                "key": "k8s.io/cluster-autoscaler/node-template/label/kops.k8s.io/instancegroup",
                "propagate_at_launch": true,
                "value": "nodes-joey"
              },
              {
                "key": "k8s.io/cluster-autoscaler/node-template/label/kubernetes.io/role",
                "propagate_at_launch": true,
                "value": "node"
              },
              {
                "key": "k8s.io/cluster-autoscaler/node-template/label/node-role.kubernetes.io/node",
                "propagate_at_launch": true,
                "value": ""
              },
              {
                "key": "k8s.io/role/node",
                "propagate_at_launch": true,
                "value": "1"
              },
              {
                "key": "kops.k8s.io/instancegroup",
                "propagate_at_launch": true,
                "value": "nodes-joey"
              },
              {
                "key": "kubernetes.io/cluster/joey.k8s.local",
                "propagate_at_launch": true,
                "value": "owned"
              }
            ],
            "tags": null,
            "target_group_arns": null,
            "termination_policies": null,
            "timeouts": null,
            "vpc_zone_identifier": [
              "subnet-0cc016d66b469ee53"
            ],
            "wait_for_capacity_timeout": "10m",
            "wait_for_elb_capacity": null,
            "warm_pool": []
          },
          "private": "eyJlMmJmYjczMC1lY2FhLTExZTYtOGY4OC0zNDM2M2JjN2M0YzAiOnsiZGVsZXRlIjo2MDAwMDAwMDAwMDB9fQ==",
          "dependencies": [
            "aws_iam_instance_profile.nodes-joey-k8s-local",
            "aws_iam_role.nodes-joey-k8s-local",
            "aws_key_pair.kubernetes-joey-k8s-local-8ca4be5fdb8e06031d7b7965c0eb6ad3",
            "aws_launch_template.nodes-joey-joey-k8s-local",
            "aws_security_group.nodes-joey-k8s-local",
            "aws_subnet.us-east-2a-joey-k8s-local",
            "aws_vpc.joey-k8s-local"
          ]
        }
      ]
    },
    {
      "mode": "managed",
      "type": "aws_ebs_volume",
      "name": "a-etcd-events-joey-k8s-local",
      "provider": "provider[\"registry.terraform.io/hashicorp/aws\"]",
      "instances": [
        {
          "schema_version": 0,
          "attributes": {
            "arn": "arn:aws:ec2:us-east-2:089424413387:volume/vol-077cdab87fc3e10fb",
            "availability_zone": "us-east-2a",
            "encrypted": false,
            "id": "vol-077cdab87fc3e10fb",
            "iops": 3000,
            "kms_key_id": "",
            "multi_attach_enabled": false,
            "outpost_arn": "",
            "size": 20,
            "snapshot_id": "",
            "tags": {
              "KubernetesCluster": "joey.k8s.local",
              "Name": "a.etcd-events.joey.k8s.local",
              "k8s.io/etcd/events": "a/a",
              "k8s.io/role/master": "1",
              "kubernetes.io/cluster/joey.k8s.local": "owned"
            },
            "tags_all": {
              "KubernetesCluster": "joey.k8s.local",
              "Name": "a.etcd-events.joey.k8s.local",
              "k8s.io/etcd/events": "a/a",
              "k8s.io/role/master": "1",
              "kubernetes.io/cluster/joey.k8s.local": "owned"
            },
            "throughput": 125,
            "type": "gp3"
          },
          "private": "bnVsbA=="
        }
      ]
    },
    {
      "mode": "managed",
      "type": "aws_ebs_volume",
      "name": "a-etcd-main-joey-k8s-local",
      "provider": "provider[\"registry.terraform.io/hashicorp/aws\"]",
      "instances": [
        {
          "schema_version": 0,
          "attributes": {
            "arn": "arn:aws:ec2:us-east-2:089424413387:volume/vol-05ffa90786abb788a",
            "availability_zone": "us-east-2a",
            "encrypted": false,
            "id": "vol-05ffa90786abb788a",
            "iops": 3000,
            "kms_key_id": "",
            "multi_attach_enabled": false,
            "outpost_arn": "",
            "size": 20,
            "snapshot_id": "",
            "tags": {
              "KubernetesCluster": "joey.k8s.local",
              "Name": "a.etcd-main.joey.k8s.local",
              "k8s.io/etcd/main": "a/a",
              "k8s.io/role/master": "1",
              "kubernetes.io/cluster/joey.k8s.local": "owned"
            },
            "tags_all": {
              "KubernetesCluster": "joey.k8s.local",
              "Name": "a.etcd-main.joey.k8s.local",
              "k8s.io/etcd/main": "a/a",
              "k8s.io/role/master": "1",
              "kubernetes.io/cluster/joey.k8s.local": "owned"
            },
            "throughput": 125,
            "type": "gp3"
          },
          "private": "bnVsbA=="
        }
      ]
    },
    {
      "mode": "managed",
      "type": "aws_elb",
      "name": "api-joey-k8s-local",
      "provider": "provider[\"registry.terraform.io/hashicorp/aws\"]",
      "instances": [
        {
          "schema_version": 0,
          "attributes": {
            "access_logs": [],
            "arn": "arn:aws:elasticloadbalancing:us-east-2:089424413387:loadbalancer/api-joey-k8s-local-p83fsk",
            "availability_zones": [
              "us-east-2a"
            ],
            "connection_draining": false,
            "connection_draining_timeout": 300,
            "cross_zone_load_balancing": false,
            "dns_name": "api-joey-k8s-local-p83fsk-1978421666.us-east-2.elb.amazonaws.com",
            "health_check": [
              {
                "healthy_threshold": 2,
                "interval": 10,
                "target": "SSL:443",
                "timeout": 5,
                "unhealthy_threshold": 2
              }
            ],
            "id": "api-joey-k8s-local-p83fsk",
            "idle_timeout": 300,
            "instances": [],
            "internal": false,
            "listener": [
              {
                "instance_port": 443,
                "instance_protocol": "TCP",
                "lb_port": 443,
                "lb_protocol": "TCP",
                "ssl_certificate_id": ""
              }
            ],
            "name": "api-joey-k8s-local-p83fsk",
            "name_prefix": null,
            "security_groups": [
              "sg-0c7616b733acdb975"
            ],
            "source_security_group": "089424413387/api-elb.joey.k8s.local",
            "source_security_group_id": "sg-0c7616b733acdb975",
            "subnets": [
              "subnet-0cc016d66b469ee53"
            ],
            "tags": {
              "KubernetesCluster": "joey.k8s.local",
              "Name": "api.joey.k8s.local",
              "kubernetes.io/cluster/joey.k8s.local": "owned"
            },
            "tags_all": {
              "KubernetesCluster": "joey.k8s.local",
              "Name": "api.joey.k8s.local",
              "kubernetes.io/cluster/joey.k8s.local": "owned"
            },
            "zone_id": "Z3AADJGX6KTTL2"
          },
          "private": "bnVsbA==",
          "dependencies": [
            "aws_security_group.api-elb-joey-k8s-local",
            "aws_subnet.us-east-2a-joey-k8s-local",
            "aws_vpc.joey-k8s-local"
          ]
        }
      ]
    },
    {
      "mode": "managed",
      "type": "aws_iam_instance_profile",
      "name": "masters-joey-k8s-local",
      "provider": "provider[\"registry.terraform.io/hashicorp/aws\"]",
      "instances": [
        {
          "schema_version": 0,
          "attributes": {
            "arn": "arn:aws:iam::089424413387:instance-profile/masters.joey.k8s.local",
            "create_date": "2021-11-24T10:53:47Z",
            "id": "masters.joey.k8s.local",
            "name": "masters.joey.k8s.local",
            "name_prefix": null,
            "path": "/",
            "role": "masters.joey.k8s.local",
            "tags": {
              "KubernetesCluster": "joey.k8s.local",
              "Name": "masters.joey.k8s.local",
              "kubernetes.io/cluster/joey.k8s.local": "owned"
            },
            "tags_all": {
              "KubernetesCluster": "joey.k8s.local",
              "Name": "masters.joey.k8s.local",
              "kubernetes.io/cluster/joey.k8s.local": "owned"
            },
            "unique_id": "AIPARJUQ4ILF5KCT4G5PN"
          },
          "private": "bnVsbA==",
          "dependencies": [
            "aws_iam_role.masters-joey-k8s-local"
          ],
          "create_before_destroy": true
        }
      ]
    },
    {
      "mode": "managed",
      "type": "aws_iam_instance_profile",
      "name": "nodes-joey-k8s-local",
      "provider": "provider[\"registry.terraform.io/hashicorp/aws\"]",
      "instances": [
        {
          "schema_version": 0,
          "attributes": {
            "arn": "arn:aws:iam::089424413387:instance-profile/nodes.joey.k8s.local",
            "create_date": "2021-11-24T10:53:47Z",
            "id": "nodes.joey.k8s.local",
            "name": "nodes.joey.k8s.local",
            "name_prefix": null,
            "path": "/",
            "role": "nodes.joey.k8s.local",
            "tags": {
              "KubernetesCluster": "joey.k8s.local",
              "Name": "nodes.joey.k8s.local",
              "kubernetes.io/cluster/joey.k8s.local": "owned"
            },
            "tags_all": {
              "KubernetesCluster": "joey.k8s.local",
              "Name": "nodes.joey.k8s.local",
              "kubernetes.io/cluster/joey.k8s.local": "owned"
            },
            "unique_id": "AIPARJUQ4ILFRA7GN7X3A"
          },
          "private": "bnVsbA==",
          "dependencies": [
            "aws_iam_role.nodes-joey-k8s-local"
          ],
          "create_before_destroy": true
        }
      ]
    },
    {
      "mode": "managed",
      "type": "aws_iam_role",
      "name": "masters-joey-k8s-local",
      "provider": "provider[\"registry.terraform.io/hashicorp/aws\"]",
      "instances": [
        {
          "schema_version": 0,
          "attributes": {
            "arn": "arn:aws:iam::089424413387:role/masters.joey.k8s.local",
            "assume_role_policy": "{\"Version\":\"2012-10-17\",\"Statement\":[{\"Effect\":\"Allow\",\"Principal\":{\"Service\":\"ec2.amazonaws.com\"},\"Action\":\"sts:AssumeRole\"}]}",
            "create_date": "2021-11-24T10:53:42Z",
            "description": "",
            "force_detach_policies": false,
            "id": "masters.joey.k8s.local",
            "inline_policy": [
              {
                "name": "",
                "policy": ""
              }
            ],
            "managed_policy_arns": [],
            "max_session_duration": 3600,
            "name": "masters.joey.k8s.local",
            "name_prefix": "",
            "path": "/",
            "permissions_boundary": null,
            "tags": {
              "KubernetesCluster": "joey.k8s.local",
              "Name": "masters.joey.k8s.local",
              "kubernetes.io/cluster/joey.k8s.local": "owned"
            },
            "tags_all": {
              "KubernetesCluster": "joey.k8s.local",
              "Name": "masters.joey.k8s.local",
              "kubernetes.io/cluster/joey.k8s.local": "owned"
            },
            "unique_id": "AROARJUQ4ILFZY7INUHM2"
          },
          "private": "bnVsbA==",
          "create_before_destroy": true
        }
      ]
    },
    {
      "mode": "managed",
      "type": "aws_iam_role",
      "name": "nodes-joey-k8s-local",
      "provider": "provider[\"registry.terraform.io/hashicorp/aws\"]",
      "instances": [
        {
          "schema_version": 0,
          "attributes": {
            "arn": "arn:aws:iam::089424413387:role/nodes.joey.k8s.local",
            "assume_role_policy": "{\"Version\":\"2012-10-17\",\"Statement\":[{\"Effect\":\"Allow\",\"Principal\":{\"Service\":\"ec2.amazonaws.com\"},\"Action\":\"sts:AssumeRole\"}]}",
            "create_date": "2021-11-24T10:53:42Z",
            "description": "",
            "force_detach_policies": false,
            "id": "nodes.joey.k8s.local",
            "inline_policy": [
              {
                "name": "",
                "policy": ""
              }
            ],
            "managed_policy_arns": [],
            "max_session_duration": 3600,
            "name": "nodes.joey.k8s.local",
            "name_prefix": "",
            "path": "/",
            "permissions_boundary": null,
            "tags": {
              "KubernetesCluster": "joey.k8s.local",
              "Name": "nodes.joey.k8s.local",
              "kubernetes.io/cluster/joey.k8s.local": "owned"
            },
            "tags_all": {
              "KubernetesCluster": "joey.k8s.local",
              "Name": "nodes.joey.k8s.local",
              "kubernetes.io/cluster/joey.k8s.local": "owned"
            },
            "unique_id": "AROARJUQ4ILF7CXIJQPNO"
          },
          "private": "bnVsbA==",
          "create_before_destroy": true
        }
      ]
    },
    {
      "mode": "managed",
      "type": "aws_iam_role_policy",
      "name": "masters-joey-k8s-local",
      "provider": "provider[\"registry.terraform.io/hashicorp/aws\"]",
      "instances": [
        {
          "schema_version": 0,
          "attributes": {
            "id": "masters.joey.k8s.local:masters.joey.k8s.local",
            "name": "masters.joey.k8s.local",
            "name_prefix": null,
            "policy": "{\n  \"Statement\": [\n    {\n      \"Action\": [\n        \"ec2:DescribeAccountAttributes\",\n        \"ec2:DescribeInstances\",\n        \"ec2:DescribeInternetGateways\",\n        \"ec2:DescribeRegions\",\n        \"ec2:DescribeRouteTables\",\n        \"ec2:DescribeSecurityGroups\",\n        \"ec2:DescribeSubnets\",\n        \"ec2:DescribeVolumes\"\n      ],\n      \"Effect\": \"Allow\",\n      \"Resource\": [\n        \"*\"\n      ]\n    },\n    {\n      \"Action\": [\n        \"ec2:CreateSecurityGroup\",\n        \"ec2:CreateTags\",\n        \"ec2:CreateVolume\",\n        \"ec2:DescribeVolumesModifications\",\n        \"ec2:ModifyInstanceAttribute\",\n        \"ec2:ModifyVolume\"\n      ],\n      \"Effect\": \"Allow\",\n      \"Resource\": [\n        \"*\"\n      ]\n    },\n    {\n      \"Action\": [\n        \"ec2:AttachVolume\",\n        \"ec2:AuthorizeSecurityGroupIngress\",\n        \"ec2:CreateRoute\",\n        \"ec2:DeleteRoute\",\n        \"ec2:DeleteSecurityGroup\",\n        \"ec2:DeleteVolume\",\n        \"ec2:DetachVolume\",\n        \"ec2:RevokeSecurityGroupIngress\"\n      ],\n      \"Condition\": {\n        \"StringEquals\": {\n          \"ec2:ResourceTag/KubernetesCluster\": \"joey.k8s.local\"\n        }\n      },\n      \"Effect\": \"Allow\",\n      \"Resource\": [\n        \"*\"\n      ]\n    },\n    {\n      \"Action\": \"autoscaling:CompleteLifecycleAction\",\n      \"Condition\": {\n        \"StringEquals\": {\n          \"autoscaling:ResourceTag/KubernetesCluster\": \"joey.k8s.local\"\n        }\n      },\n      \"Effect\": \"Allow\",\n      \"Resource\": [\n        \"*\"\n      ]\n    },\n    {\n      \"Action\": \"autoscaling:DescribeLifecycleHooks\",\n      \"Effect\": \"Allow\",\n      \"Resource\": [\n        \"*\"\n      ]\n    },\n    {\n      \"Action\": \"autoscaling:DescribeAutoScalingInstances\",\n      \"Effect\": \"Allow\",\n      \"Resource\": [\n        \"*\"\n      ]\n    },\n    {\n      \"Action\": [\n        \"autoscaling:DescribeAutoScalingGroups\",\n        \"autoscaling:DescribeLaunchConfigurations\",\n        \"autoscaling:DescribeTags\",\n        \"ec2:DescribeLaunchTemplateVersions\"\n      ],\n      \"Effect\": \"Allow\",\n      \"Resource\": [\n        \"*\"\n      ]\n    },\n    {\n      \"Action\": [\n        \"autoscaling:SetDesiredCapacity\",\n        \"autoscaling:TerminateInstanceInAutoScalingGroup\",\n        \"autoscaling:UpdateAutoScalingGroup\"\n      ],\n      \"Condition\": {\n        \"StringEquals\": {\n          \"autoscaling:ResourceTag/KubernetesCluster\": \"joey.k8s.local\"\n        }\n      },\n      \"Effect\": \"Allow\",\n      \"Resource\": [\n        \"*\"\n      ]\n    },\n    {\n      \"Action\": [\n        \"autoscaling:CompleteLifecycleAction\",\n        \"autoscaling:DescribeAutoScalingInstances\"\n      ],\n      \"Condition\": {\n        \"StringEquals\": {\n          \"autoscaling:ResourceTag/KubernetesCluster\": \"joey.k8s.local\"\n        }\n      },\n      \"Effect\": \"Allow\",\n      \"Resource\": [\n        \"*\"\n      ]\n    },\n    {\n      \"Action\": [\n        \"elasticloadbalancing:AddTags\",\n        \"elasticloadbalancing:AttachLoadBalancerToSubnets\",\n        \"elasticloadbalancing:ApplySecurityGroupsToLoadBalancer\",\n        \"elasticloadbalancing:CreateLoadBalancer\",\n        \"elasticloadbalancing:CreateLoadBalancerPolicy\",\n        \"elasticloadbalancing:CreateLoadBalancerListeners\",\n        \"elasticloadbalancing:ConfigureHealthCheck\",\n        \"elasticloadbalancing:DeleteLoadBalancer\",\n        \"elasticloadbalancing:DeleteLoadBalancerListeners\",\n        \"elasticloadbalancing:DescribeLoadBalancers\",\n        \"elasticloadbalancing:DescribeLoadBalancerAttributes\",\n        \"elasticloadbalancing:DetachLoadBalancerFromSubnets\",\n        \"elasticloadbalancing:DeregisterInstancesFromLoadBalancer\",\n        \"elasticloadbalancing:ModifyLoadBalancerAttributes\",\n        \"elasticloadbalancing:RegisterInstancesWithLoadBalancer\",\n        \"elasticloadbalancing:SetLoadBalancerPoliciesForBackendServer\"\n      ],\n      \"Effect\": \"Allow\",\n      \"Resource\": [\n        \"*\"\n      ]\n    },\n    {\n      \"Action\": [\n        \"ec2:DescribeVpcs\",\n        \"elasticloadbalancing:AddTags\",\n        \"elasticloadbalancing:CreateListener\",\n        \"elasticloadbalancing:CreateTargetGroup\",\n        \"elasticloadbalancing:DeleteListener\",\n        \"elasticloadbalancing:DeleteTargetGroup\",\n        \"elasticloadbalancing:DeregisterTargets\",\n        \"elasticloadbalancing:DescribeListeners\",\n        \"elasticloadbalancing:DescribeLoadBalancerPolicies\",\n        \"elasticloadbalancing:DescribeTargetGroups\",\n        \"elasticloadbalancing:DescribeTargetHealth\",\n        \"elasticloadbalancing:ModifyListener\",\n        \"elasticloadbalancing:ModifyTargetGroup\",\n        \"elasticloadbalancing:RegisterTargets\",\n        \"elasticloadbalancing:SetLoadBalancerPoliciesOfListener\"\n      ],\n      \"Effect\": \"Allow\",\n      \"Resource\": [\n        \"*\"\n      ]\n    },\n    {\n      \"Action\": [\n        \"iam:ListServerCertificates\",\n        \"iam:GetServerCertificate\"\n      ],\n      \"Effect\": \"Allow\",\n      \"Resource\": [\n        \"*\"\n      ]\n    },\n    {\n      \"Action\": [\n        \"s3:Get*\"\n      ],\n      \"Effect\": \"Allow\",\n      \"Resource\": \"arn:aws:s3:::joey-kops-bkt/joey.k8s.local/*\"\n    },\n    {\n      \"Action\": [\n        \"s3:GetObject\",\n        \"s3:DeleteObject\",\n        \"s3:DeleteObjectVersion\",\n        \"s3:PutObject\"\n      ],\n      \"Effect\": \"Allow\",\n      \"Resource\": \"arn:aws:s3:::joey-kops-bkt/joey.k8s.local/backups/etcd/main/*\"\n    },\n    {\n      \"Action\": [\n        \"s3:GetObject\",\n        \"s3:DeleteObject\",\n        \"s3:DeleteObjectVersion\",\n        \"s3:PutObject\"\n      ],\n      \"Effect\": \"Allow\",\n      \"Resource\": \"arn:aws:s3:::joey-kops-bkt/joey.k8s.local/backups/etcd/events/*\"\n    },\n    {\n      \"Action\": [\n        \"s3:GetBucketLocation\",\n        \"s3:GetEncryptionConfiguration\",\n        \"s3:ListBucket\",\n        \"s3:ListBucketVersions\"\n      ],\n      \"Effect\": \"Allow\",\n      \"Resource\": [\n        \"arn:aws:s3:::joey-kops-bkt\"\n      ]\n    },\n    {\n      \"Action\": [\n        \"ecr:GetAuthorizationToken\",\n        \"ecr:BatchCheckLayerAvailability\",\n        \"ecr:GetDownloadUrlForLayer\",\n        \"ecr:GetRepositoryPolicy\",\n        \"ecr:DescribeRepositories\",\n        \"ecr:ListImages\",\n        \"ecr:BatchGetImage\"\n      ],\n      \"Effect\": \"Allow\",\n      \"Resource\": [\n        \"*\"\n      ]\n    }\n  ],\n  \"Version\": \"2012-10-17\"\n}",
            "role": "masters.joey.k8s.local"
          },
          "private": "bnVsbA==",
          "dependencies": [
            "aws_iam_role.masters-joey-k8s-local"
          ]
        }
      ]
    },
    {
      "mode": "managed",
      "type": "aws_iam_role_policy",
      "name": "nodes-joey-k8s-local",
      "provider": "provider[\"registry.terraform.io/hashicorp/aws\"]",
      "instances": [
        {
          "schema_version": 0,
          "attributes": {
            "id": "nodes.joey.k8s.local:nodes.joey.k8s.local",
            "name": "nodes.joey.k8s.local",
            "name_prefix": null,
            "policy": "{\n  \"Statement\": [\n    {\n      \"Action\": [\n        \"ec2:DescribeInstances\",\n        \"ec2:DescribeRegions\"\n      ],\n      \"Effect\": \"Allow\",\n      \"Resource\": [\n        \"*\"\n      ]\n    },\n    {\n      \"Action\": \"autoscaling:DescribeAutoScalingInstances\",\n      \"Effect\": \"Allow\",\n      \"Resource\": [\n        \"*\"\n      ]\n    },\n    {\n      \"Action\": [\n        \"s3:Get*\"\n      ],\n      \"Effect\": \"Allow\",\n      \"Resource\": [\n        \"arn:aws:s3:::joey-kops-bkt/joey.k8s.local/addons/*\",\n        \"arn:aws:s3:::joey-kops-bkt/joey.k8s.local/cluster.spec\",\n        \"arn:aws:s3:::joey-kops-bkt/joey.k8s.local/config\",\n        \"arn:aws:s3:::joey-kops-bkt/joey.k8s.local/instancegroup/*\",\n        \"arn:aws:s3:::joey-kops-bkt/joey.k8s.local/pki/issued/*\",\n        \"arn:aws:s3:::joey-kops-bkt/joey.k8s.local/pki/ssh/*\",\n        \"arn:aws:s3:::joey-kops-bkt/joey.k8s.local/secrets/dockerconfig\"\n      ]\n    },\n    {\n      \"Action\": [\n        \"s3:GetBucketLocation\",\n        \"s3:GetEncryptionConfiguration\",\n        \"s3:ListBucket\",\n        \"s3:ListBucketVersions\"\n      ],\n      \"Effect\": \"Allow\",\n      \"Resource\": [\n        \"arn:aws:s3:::joey-kops-bkt\"\n      ]\n    },\n    {\n      \"Action\": [\n        \"ecr:GetAuthorizationToken\",\n        \"ecr:BatchCheckLayerAvailability\",\n        \"ecr:GetDownloadUrlForLayer\",\n        \"ecr:GetRepositoryPolicy\",\n        \"ecr:DescribeRepositories\",\n        \"ecr:ListImages\",\n        \"ecr:BatchGetImage\"\n      ],\n      \"Effect\": \"Allow\",\n      \"Resource\": [\n        \"*\"\n      ]\n    }\n  ],\n  \"Version\": \"2012-10-17\"\n}",
            "role": "nodes.joey.k8s.local"
          },
          "private": "bnVsbA==",
          "dependencies": [
            "aws_iam_role.nodes-joey-k8s-local"
          ]
        }
      ]
    },
    {
      "mode": "managed",
      "type": "aws_internet_gateway",
      "name": "joey-k8s-local",
      "provider": "provider[\"registry.terraform.io/hashicorp/aws\"]",
      "instances": [
        {
          "schema_version": 0,
          "attributes": {
            "arn": "arn:aws:ec2:us-east-2:089424413387:internet-gateway/igw-0bfae5a26dd7f4a74",
            "id": "igw-0bfae5a26dd7f4a74",
            "owner_id": "089424413387",
            "tags": {
              "KubernetesCluster": "joey.k8s.local",
              "Name": "joey.k8s.local",
              "kubernetes.io/cluster/joey.k8s.local": "owned"
            },
            "tags_all": {
              "KubernetesCluster": "joey.k8s.local",
              "Name": "joey.k8s.local",
              "kubernetes.io/cluster/joey.k8s.local": "owned"
            },
            "vpc_id": "vpc-089dbbd22d30c087e"
          },
          "private": "bnVsbA==",
          "dependencies": [
            "aws_vpc.joey-k8s-local"
          ]
        }
      ]
    },
    {
      "mode": "managed",
      "type": "aws_key_pair",
      "name": "kubernetes-joey-k8s-local-8ca4be5fdb8e06031d7b7965c0eb6ad3",
      "provider": "provider[\"registry.terraform.io/hashicorp/aws\"]",
      "instances": [
        {
          "schema_version": 1,
          "attributes": {
            "arn": "arn:aws:ec2:us-east-2:089424413387:key-pair/kubernetes.joey.k8s.local-8c:a4:be:5f:db:8e:06:03:1d:7b:79:65:c0:eb:6a:d3",
            "fingerprint": "2c:01:54:9c:2a:7d:c3:4d:3c:99:7d:53:53:7d:94:a2",
            "id": "kubernetes.joey.k8s.local-8c:a4:be:5f:db:8e:06:03:1d:7b:79:65:c0:eb:6a:d3",
            "key_name": "kubernetes.joey.k8s.local-8c:a4:be:5f:db:8e:06:03:1d:7b:79:65:c0:eb:6a:d3",
            "key_name_prefix": "",
            "key_pair_id": "key-0ad2e6ae753705b51",
            "public_key": "ssh-rsa AAAAB3NzaC1yc2EAAAADAQABAAABgQDOrJW6O7O6GiK8dWGeYbnkw9Ao5DaZ3jNPymOByZD2Tms1kXD4XwVHrLkMSLZRNTzRsoeaIxlBPORDrpAIQ/OFzIsnBMFxGWxNzDdzj6iaM99RZrzdTcLomO57TnK3eIbqYdA93ANfI9Gc4IOJV4fnJ/otbZqCyua27XpAIGsbe+kkUY0FmWNI7RS7GTPuxJ4fwl2/ijzY9ZGv+N9Uj17nhYXQB6Q55eeJFu0v94sSrrfEIhfXF5KCTy45dSM4aNoAHUrLJk8Q06qAGwv1UcCHi9VHak0eAix+Vviz5bBkxdliU0o5+kMLtg4STT8Je5nxx+IWo+ldxQhnvqXr1wyXvk2Rg4ubZONC8Bn3LE0X988+GBGmuG7ye7HsLylv5WPMouFswkilMN27p5AWewNQ856irZp6beC69zPMv5NfRD71Z2hFY2w0ly2p9ywlUcaPtE1jsz9L307Z0BcG2f+m4Ve6iblvGHFPSmxUlncFL4OYU3lh8XO7OBy+ixxluHc= virendersingh@192-168-1-118.tpgi.com.au",
            "tags": {
              "KubernetesCluster": "joey.k8s.local",
              "Name": "joey.k8s.local",
              "kubernetes.io/cluster/joey.k8s.local": "owned"
            },
            "tags_all": {
              "KubernetesCluster": "joey.k8s.local",
              "Name": "joey.k8s.local",
              "kubernetes.io/cluster/joey.k8s.local": "owned"
            }
          },
          "private": "eyJzY2hlbWFfdmVyc2lvbiI6IjEifQ==",
          "create_before_destroy": true
        }
      ]
    },
    {
      "mode": "managed",
      "type": "aws_launch_template",
      "name": "master-joey-masters-joey-k8s-local",
      "provider": "provider[\"registry.terraform.io/hashicorp/aws\"]",
      "instances": [
        {
          "schema_version": 0,
          "attributes": {
            "arn": "arn:aws:ec2:us-east-2:089424413387:launch-template/lt-0c535bdfe4e0a6b43",
            "block_device_mappings": [
              {
                "device_name": "/dev/sda1",
                "ebs": [
                  {
                    "delete_on_termination": "true",
                    "encrypted": "true",
                    "iops": 3000,
                    "kms_key_id": "",
                    "snapshot_id": "",
                    "throughput": 125,
                    "volume_size": 64,
                    "volume_type": "gp3"
                  }
                ],
                "no_device": "",
                "virtual_name": ""
              }
            ],
            "capacity_reservation_specification": [],
            "cpu_options": [],
            "credit_specification": [],
            "default_version": 1,
            "description": "",
            "disable_api_termination": false,
            "ebs_optimized": "",
            "elastic_gpu_specifications": [],
            "elastic_inference_accelerator": [],
            "enclave_options": [],
            "hibernation_options": [],
            "iam_instance_profile": [
              {
                "arn": "",
                "name": "masters.joey.k8s.local"
              }
            ],
            "id": "lt-0c535bdfe4e0a6b43",
            "image_id": "ami-0b287e7832eb862f8",
            "instance_initiated_shutdown_behavior": "",
            "instance_market_options": [],
            "instance_type": "t2.micro",
            "kernel_id": "",
            "key_name": "kubernetes.joey.k8s.local-8c:a4:be:5f:db:8e:06:03:1d:7b:79:65:c0:eb:6a:d3",
            "latest_version": 1,
            "license_specification": [],
            "metadata_options": [
              {
                "http_endpoint": "enabled",
                "http_protocol_ipv6": "disabled",
                "http_put_response_hop_limit": 1,
                "http_tokens": "optional"
              }
            ],
            "monitoring": [
              {
                "enabled": false
              }
            ],
            "name": "master-joey.masters.joey.k8s.local",
            "name_prefix": "",
            "network_interfaces": [
              {
                "associate_carrier_ip_address": "",
                "associate_public_ip_address": "true",
                "delete_on_termination": "true",
                "description": "",
                "device_index": 0,
                "interface_type": "",
                "ipv4_address_count": 0,
                "ipv4_addresses": null,
                "ipv6_address_count": 0,
                "ipv6_addresses": null,
                "network_card_index": 0,
                "network_interface_id": "",
                "private_ip_address": "",
                "security_groups": [
                  "sg-0079f64add9e22d2e"
                ],
                "subnet_id": ""
              }
            ],
            "placement": [],
            "ram_disk_id": "",
            "security_group_names": null,
            "tag_specifications": [
              {
                "resource_type": "instance",
                "tags": {
                  "KubernetesCluster": "joey.k8s.local",
                  "Name": "master-joey.masters.joey.k8s.local",
                  "k8s.io/cluster-autoscaler/node-template/label/kops.k8s.io/instancegroup": "master-joey",
                  "k8s.io/cluster-autoscaler/node-template/label/kops.k8s.io/kops-controller-pki": "",
                  "k8s.io/cluster-autoscaler/node-template/label/kubernetes.io/role": "master",
                  "k8s.io/cluster-autoscaler/node-template/label/node-role.kubernetes.io/control-plane": "",
                  "k8s.io/cluster-autoscaler/node-template/label/node-role.kubernetes.io/master": "",
                  "k8s.io/cluster-autoscaler/node-template/label/node.kubernetes.io/exclude-from-external-load-balancers": "",
                  "k8s.io/role/master": "1",
                  "kops.k8s.io/instancegroup": "master-joey",
                  "kubernetes.io/cluster/joey.k8s.local": "owned"
                }
              },
              {
                "resource_type": "volume",
                "tags": {
                  "KubernetesCluster": "joey.k8s.local",
                  "Name": "master-joey.masters.joey.k8s.local",
                  "k8s.io/cluster-autoscaler/node-template/label/kops.k8s.io/instancegroup": "master-joey",
                  "k8s.io/cluster-autoscaler/node-template/label/kops.k8s.io/kops-controller-pki": "",
                  "k8s.io/cluster-autoscaler/node-template/label/kubernetes.io/role": "master",
                  "k8s.io/cluster-autoscaler/node-template/label/node-role.kubernetes.io/control-plane": "",
                  "k8s.io/cluster-autoscaler/node-template/label/node-role.kubernetes.io/master": "",
                  "k8s.io/cluster-autoscaler/node-template/label/node.kubernetes.io/exclude-from-external-load-balancers": "",
                  "k8s.io/role/master": "1",
                  "kops.k8s.io/instancegroup": "master-joey",
                  "kubernetes.io/cluster/joey.k8s.local": "owned"
                }
              }
            ],
            "tags": {
              "KubernetesCluster": "joey.k8s.local",
              "Name": "master-joey.masters.joey.k8s.local",
              "k8s.io/cluster-autoscaler/node-template/label/kops.k8s.io/instancegroup": "master-joey",
              "k8s.io/cluster-autoscaler/node-template/label/kops.k8s.io/kops-controller-pki": "",
              "k8s.io/cluster-autoscaler/node-template/label/kubernetes.io/role": "master",
              "k8s.io/cluster-autoscaler/node-template/label/node-role.kubernetes.io/control-plane": "",
              "k8s.io/cluster-autoscaler/node-template/label/node-role.kubernetes.io/master": "",
              "k8s.io/cluster-autoscaler/node-template/label/node.kubernetes.io/exclude-from-external-load-balancers": "",
              "k8s.io/role/master": "1",
              "kops.k8s.io/instancegroup": "master-joey",
              "kubernetes.io/cluster/joey.k8s.local": "owned"
            },
            "tags_all": {
              "KubernetesCluster": "joey.k8s.local",
              "Name": "master-joey.masters.joey.k8s.local",
              "k8s.io/cluster-autoscaler/node-template/label/kops.k8s.io/instancegroup": "master-joey",
              "k8s.io/cluster-autoscaler/node-template/label/kops.k8s.io/kops-controller-pki": "",
              "k8s.io/cluster-autoscaler/node-template/label/kubernetes.io/role": "master",
              "k8s.io/cluster-autoscaler/node-template/label/node-role.kubernetes.io/control-plane": "",
              "k8s.io/cluster-autoscaler/node-template/label/node-role.kubernetes.io/master": "",
              "k8s.io/cluster-autoscaler/node-template/label/node.kubernetes.io/exclude-from-external-load-balancers": "",
              "k8s.io/role/master": "1",
              "kops.k8s.io/instancegroup": "master-joey",
              "kubernetes.io/cluster/joey.k8s.local": "owned"
            },
            "update_default_version": null,
            "user_data": "IyEvYmluL2Jhc2gKc2V0IC1vIGVycmV4aXQKc2V0IC1vIG5vdW5zZXQKc2V0IC1vIHBpcGVmYWlsCgpOT0RFVVBfVVJMX0FNRDY0PWh0dHBzOi8vYXJ0aWZhY3RzLms4cy5pby9iaW5hcmllcy9rb3BzLzEuMjEuMS9saW51eC9hbWQ2NC9ub2RldXAsaHR0cHM6Ly9naXRodWIuY29tL2t1YmVybmV0ZXMva29wcy9yZWxlYXNlcy9kb3dubG9hZC92MS4yMS4xL25vZGV1cC1saW51eC1hbWQ2NApOT0RFVVBfSEFTSF9BTUQ2ND1kYjM0ZDM4OTRlMGJhNmY5YTMxN2MzMGI1ZGUxNWRmYjQzZTFhMTkxMjhlODYxNTcyNGMwODJjNGI5ZWZkZGY0Ck5PREVVUF9VUkxfQVJNNjQ9aHR0cHM6Ly9hcnRpZmFjdHMuazhzLmlvL2JpbmFyaWVzL2tvcHMvMS4yMS4xL2xpbnV4L2FybTY0L25vZGV1cCxodHRwczovL2dpdGh1Yi5jb20va3ViZXJuZXRlcy9rb3BzL3JlbGVhc2VzL2Rvd25sb2FkL3YxLjIxLjEvbm9kZXVwLWxpbnV4LWFybTY0Ck5PREVVUF9IQVNIX0FSTTY0PWVlZGQxYzM0MmMwMzkwMGIwOWQ3MmNjMzIzYTZkZWRiMzc4NDI3YjBmMmQ2ZGM0MzY3MDQ4ZDM2OTgzNmM3OGYKCmV4cG9ydCBBV1NfUkVHSU9OPXVzLWVhc3QtMgoKCgoKc3lzY3RsIC13IG5ldC5pcHY0LnRjcF9ybWVtPSc0MDk2IDEyNTgyOTEyIDE2Nzc3MjE2JyB8fCB0cnVlCgoKZnVuY3Rpb24gZW5zdXJlLWluc3RhbGwtZGlyKCkgewogIElOU1RBTExfRElSPSIvb3B0L2tvcHMiCiAgIyBPbiBDb250YWluZXJPUywgd2UgaW5zdGFsbCB1bmRlciAvdmFyL2xpYi90b29sYm94OyAvb3B0IGlzIHJvIGFuZCBub2V4ZWMKICBpZiBbWyAtZCAvdmFyL2xpYi90b29sYm94IF1dOyB0aGVuCiAgICBJTlNUQUxMX0RJUj0iL3Zhci9saWIvdG9vbGJveC9rb3BzIgogIGZpCiAgbWtkaXIgLXAgJHtJTlNUQUxMX0RJUn0vYmluCiAgbWtkaXIgLXAgJHtJTlNUQUxMX0RJUn0vY29uZgogIGNkICR7SU5TVEFMTF9ESVJ9Cn0KCiMgUmV0cnkgYSBkb3dubG9hZCB1bnRpbCB3ZSBnZXQgaXQuIGFyZ3M6IG5hbWUsIHNoYSwgdXJsMSwgdXJsMi4uLgpkb3dubG9hZC1vci1idXN0KCkgewogIGxvY2FsIC1yIGZpbGU9IiQxIgogIGxvY2FsIC1yIGhhc2g9IiQyIgogIHNoaWZ0IDIKCiAgdXJscz0oICQqICkKICB3aGlsZSB0cnVlOyBkbwogICAgZm9yIHVybCBpbiAiJHt1cmxzW0BdfSI7IGRvCiAgICAgIGNvbW1hbmRzPSgKICAgICAgICAiY3VybCAtZiAtLWlwdjQgLS1jb21wcmVzc2VkIC1MbyAiJHtmaWxlfSIgLS1jb25uZWN0LXRpbWVvdXQgMjAgLS1yZXRyeSA2IC0tcmV0cnktZGVsYXkgMTAiCiAgICAgICAgIndnZXQgLS1pbmV0NC1vbmx5IC0tY29tcHJlc3Npb249YXV0byAtTyAiJHtmaWxlfSIgLS1jb25uZWN0LXRpbWVvdXQ9MjAgLS10cmllcz02IC0td2FpdD0xMCIKICAgICAgICAiY3VybCAtZiAtLWlwdjQgLUxvICIke2ZpbGV9IiAtLWNvbm5lY3QtdGltZW91dCAyMCAtLXJldHJ5IDYgLS1yZXRyeS1kZWxheSAxMCIKICAgICAgICAid2dldCAtLWluZXQ0LW9ubHkgLU8gIiR7ZmlsZX0iIC0tY29ubmVjdC10aW1lb3V0PTIwIC0tdHJpZXM9NiAtLXdhaXQ9MTAiCiAgICAgICkKICAgICAgZm9yIGNtZCBpbiAiJHtjb21tYW5kc1tAXX0iOyBkbwogICAgICAgIGVjaG8gIkF0dGVtcHRpbmcgZG93bmxvYWQgd2l0aDogJHtjbWR9IHt1cmx9IgogICAgICAgIGlmICEgKCR7Y21kfSAiJHt1cmx9Iik7IHRoZW4KICAgICAgICAgIGVjaG8gIj09IERvd25sb2FkIGZhaWxlZCB3aXRoICR7Y21kfSA9PSIKICAgICAgICAgIGNvbnRpbnVlCiAgICAgICAgZmkKICAgICAgICBpZiBbWyAtbiAiJHtoYXNofSIgXV0gJiYgISB2YWxpZGF0ZS1oYXNoICIke2ZpbGV9IiAiJHtoYXNofSI7IHRoZW4KICAgICAgICAgIGVjaG8gIj09IEhhc2ggdmFsaWRhdGlvbiBvZiAke3VybH0gZmFpbGVkLiBSZXRyeWluZy4gPT0iCiAgICAgICAgICBybSAtZiAiJHtmaWxlfSIKICAgICAgICBlbHNlCiAgICAgICAgICBpZiBbWyAtbiAiJHtoYXNofSIgXV07IHRoZW4KICAgICAgICAgICAgZWNobyAiPT0gRG93bmxvYWRlZCAke3VybH0gKFNIQTEgPSAke2hhc2h9KSA9PSIKICAgICAgICAgIGVsc2UKICAgICAgICAgICAgZWNobyAiPT0gRG93bmxvYWRlZCAke3VybH0gPT0iCiAgICAgICAgICBmaQogICAgICAgICAgcmV0dXJuCiAgICAgICAgZmkKICAgICAgZG9uZQogICAgZG9uZQoKICAgIGVjaG8gIkFsbCBkb3dubG9hZHMgZmFpbGVkOyBzbGVlcGluZyBiZWZvcmUgcmV0cnlpbmciCiAgICBzbGVlcCA2MAogIGRvbmUKfQoKdmFsaWRhdGUtaGFzaCgpIHsKICBsb2NhbCAtciBmaWxlPSIkMSIKICBsb2NhbCAtciBleHBlY3RlZD0iJDIiCiAgbG9jYWwgYWN0dWFsCgogIGFjdHVhbD0kKHNoYTI1NnN1bSAke2ZpbGV9IHwgYXdrICd7IHByaW50ICQxIH0nKSB8fCB0cnVlCiAgaWYgW1sgIiR7YWN0dWFsfSIgIT0gIiR7ZXhwZWN0ZWR9IiBdXTsgdGhlbgogICAgZWNobyAiPT0gJHtmaWxlfSBjb3JydXB0ZWQsIGhhc2ggJHthY3R1YWx9IGRvZXNuJ3QgbWF0Y2ggZXhwZWN0ZWQgJHtleHBlY3RlZH0gPT0iCiAgICByZXR1cm4gMQogIGZpCn0KCmZ1bmN0aW9uIHNwbGl0LWNvbW1hcygpIHsKICBlY2hvICQxIHwgdHIgIiwiICJcbiIKfQoKZnVuY3Rpb24gdHJ5LWRvd25sb2FkLXJlbGVhc2UoKSB7CiAgbG9jYWwgLXIgbm9kZXVwX3VybHM9KCAkKHNwbGl0LWNvbW1hcyAiJHtOT0RFVVBfVVJMfSIpICkKICBpZiBbWyAtbiAiJHtOT0RFVVBfSEFTSDotfSIgXV07IHRoZW4KICAgIGxvY2FsIC1yIG5vZGV1cF9oYXNoPSIke05PREVVUF9IQVNIfSIKICBlbHNlCiAgIyBUT0RPOiBSZW1vdmU/CiAgICBlY2hvICJEb3dubG9hZGluZyBzaGEyNTYgKG5vdCBmb3VuZCBpbiBlbnYpIgogICAgZG93bmxvYWQtb3ItYnVzdCBub2RldXAuc2hhMjU2ICIiICIke25vZGV1cF91cmxzW0BdLyUvLnNoYTI1Nn0iCiAgICBsb2NhbCAtciBub2RldXBfaGFzaD0kKGNhdCBub2RldXAuc2hhMjU2KQogIGZpCgogIGVjaG8gIkRvd25sb2FkaW5nIG5vZGV1cCAoJHtub2RldXBfdXJsc1tAXX0pIgogIGRvd25sb2FkLW9yLWJ1c3Qgbm9kZXVwICIke25vZGV1cF9oYXNofSIgIiR7bm9kZXVwX3VybHNbQF19IgoKICBjaG1vZCAreCBub2RldXAKfQoKZnVuY3Rpb24gZG93bmxvYWQtcmVsZWFzZSgpIHsKICBjYXNlICIkKHVuYW1lIC1tKSIgaW4KICB4ODZfNjQqfGk/ODZfNjQqfGFtZDY0KikKICAgIE5PREVVUF9VUkw9IiR7Tk9ERVVQX1VSTF9BTUQ2NH0iCiAgICBOT0RFVVBfSEFTSD0iJHtOT0RFVVBfSEFTSF9BTUQ2NH0iCiAgICA7OwogIGFhcmNoNjQqfGFybTY0KikKICAgIE5PREVVUF9VUkw9IiR7Tk9ERVVQX1VSTF9BUk02NH0iCiAgICBOT0RFVVBfSEFTSD0iJHtOT0RFVVBfSEFTSF9BUk02NH0iCiAgICA7OwogICopCiAgICBlY2hvICJVbnN1cHBvcnRlZCBob3N0IGFyY2g6ICQodW5hbWUgLW0pIiA+JjIKICAgIGV4aXQgMQogICAgOzsKICBlc2FjCgogICMgSW4gY2FzZSBvZiBmYWlsdXJlIGNoZWNraW5nIGludGVncml0eSBvZiByZWxlYXNlLCByZXRyeS4KICBjZCAke0lOU1RBTExfRElSfS9iaW4KICB1bnRpbCB0cnktZG93bmxvYWQtcmVsZWFzZTsgZG8KICAgIHNsZWVwIDE1CiAgICBlY2hvICJDb3VsZG4ndCBkb3dubG9hZCByZWxlYXNlLiBSZXRyeWluZy4uLiIKICBkb25lCgogIGVjaG8gIlJ1bm5pbmcgbm9kZXVwIgogICMgV2UgY2FuJ3QgcnVuIGluIHRoZSBmb3JlZ3JvdW5kIGJlY2F1c2Ugb2YgaHR0cHM6Ly9naXRodWIuY29tL2RvY2tlci9kb2NrZXIvaXNzdWVzLzIzNzkzCiAgKCBjZCAke0lOU1RBTExfRElSfS9iaW47IC4vbm9kZXVwIC0taW5zdGFsbC1zeXN0ZW1kLXVuaXQgLS1jb25mPSR7SU5TVEFMTF9ESVJ9L2NvbmYva3ViZV9lbnYueWFtbCAtLXY9OCAgKQp9CgojIyMjIyMjIyMjIyMjIyMjIyMjIyMjIyMjIyMjIyMjIyMjIyMjIyMjIyMjIyMjIyMjIyMjIyMjIyMjIyMjIyMjIyMjIyMjIyMjIyMjIyMjIyMjIyMKCi9iaW4vc3lzdGVtZC1tYWNoaW5lLWlkLXNldHVwIHx8IGVjaG8gImZhaWxlZCB0byBzZXQgdXAgZW5zdXJlIG1hY2hpbmUtaWQgY29uZmlndXJlZCIKCmVjaG8gIj09IG5vZGV1cCBub2RlIGNvbmZpZyBzdGFydGluZyA9PSIKZW5zdXJlLWluc3RhbGwtZGlyCgpjYXQgPiBjb25mL2NsdXN0ZXJfc3BlYy55YW1sIDw8ICdfX0VPRl9DTFVTVEVSX1NQRUMnCmNsb3VkQ29uZmlnOgogIGF3c0VCU0NTSURyaXZlcjoKICAgIGVuYWJsZWQ6IGZhbHNlCiAgbWFuYWdlU3RvcmFnZUNsYXNzZXM6IHRydWUKY29udGFpbmVyUnVudGltZTogZG9ja2VyCmNvbnRhaW5lcmQ6CiAgY29uZmlnT3ZlcnJpZGU6IHwKICAgIGRpc2FibGVkX3BsdWdpbnMgPSBbImNyaSJdCiAgbG9nTGV2ZWw6IGluZm8KZG9ja2VyOgogIGlwTWFzcTogZmFsc2UKICBpcFRhYmxlczogZmFsc2UKICBsb2dEcml2ZXI6IGpzb24tZmlsZQogIGxvZ0xldmVsOiBpbmZvCiAgbG9nT3B0OgogIC0gbWF4LXNpemU9MTBtCiAgLSBtYXgtZmlsZT01CiAgc3RvcmFnZTogb3ZlcmxheTIsb3ZlcmxheSxhdWZzCiAgdmVyc2lvbjogMTkuMDMuMTUKZW5jcnlwdGlvbkNvbmZpZzogbnVsbApldGNkQ2x1c3RlcnM6CiAgZXZlbnRzOgogICAgY3B1UmVxdWVzdDogMTAwbQogICAgbWVtb3J5UmVxdWVzdDogMTAwTWkKICAgIHZlcnNpb246IDMuNC4xMwogIG1haW46CiAgICBjcHVSZXF1ZXN0OiAyMDBtCiAgICBtZW1vcnlSZXF1ZXN0OiAxMDBNaQogICAgdmVyc2lvbjogMy40LjEzCmt1YmVBUElTZXJ2ZXI6CiAgYWxsb3dQcml2aWxlZ2VkOiB0cnVlCiAgYW5vbnltb3VzQXV0aDogZmFsc2UKICBhcGlTZXJ2ZXJDb3VudDogMQogIGF1dGhvcml6YXRpb25Nb2RlOiBOb2RlLFJCQUMKICBiaW5kQWRkcmVzczogMC4wLjAuMAogIGNsb3VkUHJvdmlkZXI6IGF3cwogIGVuYWJsZUFkbWlzc2lvblBsdWdpbnM6CiAgLSBOYW1lc3BhY2VMaWZlY3ljbGUKICAtIExpbWl0UmFuZ2VyCiAgLSBTZXJ2aWNlQWNjb3VudAogIC0gUGVyc2lzdGVudFZvbHVtZUxhYmVsCiAgLSBEZWZhdWx0U3RvcmFnZUNsYXNzCiAgLSBEZWZhdWx0VG9sZXJhdGlvblNlY29uZHMKICAtIE11dGF0aW5nQWRtaXNzaW9uV2ViaG9vawogIC0gVmFsaWRhdGluZ0FkbWlzc2lvbldlYmhvb2sKICAtIE5vZGVSZXN0cmljdGlvbgogIC0gUmVzb3VyY2VRdW90YQogIGV0Y2RTZXJ2ZXJzOgogIC0gaHR0cHM6Ly8xMjcuMC4wLjE6NDAwMQogIGV0Y2RTZXJ2ZXJzT3ZlcnJpZGVzOgogIC0gL2V2ZW50cyNodHRwczovLzEyNy4wLjAuMTo0MDAyCiAgaW1hZ2U6IGs4cy5nY3IuaW8va3ViZS1hcGlzZXJ2ZXI6djEuMTkuNwogIGt1YmVsZXRQcmVmZXJyZWRBZGRyZXNzVHlwZXM6CiAgLSBJbnRlcm5hbElQCiAgLSBIb3N0bmFtZQogIC0gRXh0ZXJuYWxJUAogIGxvZ0xldmVsOiAyCiAgcmVxdWVzdGhlYWRlckFsbG93ZWROYW1lczoKICAtIGFnZ3JlZ2F0b3IKICByZXF1ZXN0aGVhZGVyRXh0cmFIZWFkZXJQcmVmaXhlczoKICAtIFgtUmVtb3RlLUV4dHJhLQogIHJlcXVlc3RoZWFkZXJHcm91cEhlYWRlcnM6CiAgLSBYLVJlbW90ZS1Hcm91cAogIHJlcXVlc3RoZWFkZXJVc2VybmFtZUhlYWRlcnM6CiAgLSBYLVJlbW90ZS1Vc2VyCiAgc2VjdXJlUG9ydDogNDQzCiAgc2VydmljZUNsdXN0ZXJJUFJhbmdlOiAxMDAuNjQuMC4wLzEzCiAgc3RvcmFnZUJhY2tlbmQ6IGV0Y2QzCmt1YmVDb250cm9sbGVyTWFuYWdlcjoKICBhbGxvY2F0ZU5vZGVDSURSczogdHJ1ZQogIGF0dGFjaERldGFjaFJlY29uY2lsZVN5bmNQZXJpb2Q6IDFtMHMKICBjbG91ZFByb3ZpZGVyOiBhd3MKICBjbHVzdGVyQ0lEUjogMTAwLjk2LjAuMC8xMQogIGNsdXN0ZXJOYW1lOiBqb2V5Lms4cy5sb2NhbAogIGNvbmZpZ3VyZUNsb3VkUm91dGVzOiB0cnVlCiAgaW1hZ2U6IGs4cy5nY3IuaW8va3ViZS1jb250cm9sbGVyLW1hbmFnZXI6djEuMTkuNwogIGxlYWRlckVsZWN0aW9uOgogICAgbGVhZGVyRWxlY3Q6IHRydWUKICBsb2dMZXZlbDogMgogIHVzZVNlcnZpY2VBY2NvdW50Q3JlZGVudGlhbHM6IHRydWUKa3ViZVByb3h5OgogIGNsdXN0ZXJDSURSOiAxMDAuOTYuMC4wLzExCiAgY3B1UmVxdWVzdDogMTAwbQogIGhvc3RuYW1lT3ZlcnJpZGU6ICdAYXdzJwogIGltYWdlOiBrOHMuZ2NyLmlvL2t1YmUtcHJveHk6djEuMTkuNwogIGxvZ0xldmVsOiAyCmt1YmVTY2hlZHVsZXI6CiAgaW1hZ2U6IGs4cy5nY3IuaW8va3ViZS1zY2hlZHVsZXI6djEuMTkuNwogIGxlYWRlckVsZWN0aW9uOgogICAgbGVhZGVyRWxlY3Q6IHRydWUKICBsb2dMZXZlbDogMgprdWJlbGV0OgogIGFub255bW91c0F1dGg6IGZhbHNlCiAgY2dyb3VwUm9vdDogLwogIGNsb3VkUHJvdmlkZXI6IGF3cwogIGNsdXN0ZXJETlM6IDEwMC42NC4wLjEwCiAgY2x1c3RlckRvbWFpbjogY2x1c3Rlci5sb2NhbAogIGVuYWJsZURlYnVnZ2luZ0hhbmRsZXJzOiB0cnVlCiAgZXZpY3Rpb25IYXJkOiBtZW1vcnkuYXZhaWxhYmxlPDEwME1pLG5vZGVmcy5hdmFpbGFibGU8MTAlLG5vZGVmcy5pbm9kZXNGcmVlPDUlLGltYWdlZnMuYXZhaWxhYmxlPDEwJSxpbWFnZWZzLmlub2Rlc0ZyZWU8NSUKICBob3N0bmFtZU92ZXJyaWRlOiAnQGF3cycKICBrdWJlY29uZmlnUGF0aDogL3Zhci9saWIva3ViZWxldC9rdWJlY29uZmlnCiAgbG9nTGV2ZWw6IDIKICBuZXR3b3JrUGx1Z2luTVRVOiA5MDAxCiAgbmV0d29ya1BsdWdpbk5hbWU6IGt1YmVuZXQKICBub25NYXNxdWVyYWRlQ0lEUjogMTAwLjY0LjAuMC8xMAogIHBvZEluZnJhQ29udGFpbmVySW1hZ2U6IGs4cy5nY3IuaW8vcGF1c2U6My4yCiAgcG9kTWFuaWZlc3RQYXRoOiAvZXRjL2t1YmVybmV0ZXMvbWFuaWZlc3RzCm1hc3Rlckt1YmVsZXQ6CiAgYW5vbnltb3VzQXV0aDogZmFsc2UKICBjZ3JvdXBSb290OiAvCiAgY2xvdWRQcm92aWRlcjogYXdzCiAgY2x1c3RlckROUzogMTAwLjY0LjAuMTAKICBjbHVzdGVyRG9tYWluOiBjbHVzdGVyLmxvY2FsCiAgZW5hYmxlRGVidWdnaW5nSGFuZGxlcnM6IHRydWUKICBldmljdGlvbkhhcmQ6IG1lbW9yeS5hdmFpbGFibGU8MTAwTWksbm9kZWZzLmF2YWlsYWJsZTwxMCUsbm9kZWZzLmlub2Rlc0ZyZWU8NSUsaW1hZ2Vmcy5hdmFpbGFibGU8MTAlLGltYWdlZnMuaW5vZGVzRnJlZTw1JQogIGhvc3RuYW1lT3ZlcnJpZGU6ICdAYXdzJwogIGt1YmVjb25maWdQYXRoOiAvdmFyL2xpYi9rdWJlbGV0L2t1YmVjb25maWcKICBsb2dMZXZlbDogMgogIG5ldHdvcmtQbHVnaW5NVFU6IDkwMDEKICBuZXR3b3JrUGx1Z2luTmFtZToga3ViZW5ldAogIG5vbk1hc3F1ZXJhZGVDSURSOiAxMDAuNjQuMC4wLzEwCiAgcG9kSW5mcmFDb250YWluZXJJbWFnZTogazhzLmdjci5pby9wYXVzZTozLjIKICBwb2RNYW5pZmVzdFBhdGg6IC9ldGMva3ViZXJuZXRlcy9tYW5pZmVzdHMKICByZWdpc3RlclNjaGVkdWxhYmxlOiBmYWxzZQoKX19FT0ZfQ0xVU1RFUl9TUEVDCgpjYXQgPiBjb25mL2lnX3NwZWMueWFtbCA8PCAnX19FT0ZfSUdfU1BFQycKe30KCl9fRU9GX0lHX1NQRUMKCmNhdCA+IGNvbmYva3ViZV9lbnYueWFtbCA8PCAnX19FT0ZfS1VCRV9FTlYnCkFzc2V0czoKICBhbWQ2NDoKICAtIGQ4YjI5NjgyNWY2ZGQ3YTE3Mjg3YjczY2Q2NjA0ZDMyMjEwYWJiYmE4NmM4OGZiNjhjMWIxYzUwMTY5MDZjNTRAaHR0cHM6Ly9zdG9yYWdlLmdvb2dsZWFwaXMuY29tL2t1YmVybmV0ZXMtcmVsZWFzZS9yZWxlYXNlL3YxLjE5LjcvYmluL2xpbnV4L2FtZDY0L2t1YmVsZXQKICAtIGQ0NmViM2JiZTI1NzVlNWI2YmVkYmM2ZDM1MTk0MjRiNGYyZjU3OTI5ZDdkYTFlZjdlMTFjMDkwNjhmMzcyOTdAaHR0cHM6Ly9zdG9yYWdlLmdvb2dsZWFwaXMuY29tL2t1YmVybmV0ZXMtcmVsZWFzZS9yZWxlYXNlL3YxLjE5LjcvYmluL2xpbnV4L2FtZDY0L2t1YmVjdGwKICAtIDk3NzgyNDkzMmQ1NjY3YzdhMzdhYTZhM2NiYmE0MDEwMGE2ODczZTdiZDk3ZTgzZThiZTgzN2UzZTdhZmQwYThAaHR0cHM6Ly9zdG9yYWdlLmdvb2dsZWFwaXMuY29tL2s4cy1hcnRpZmFjdHMtY25pL3JlbGVhc2UvdjAuOC43L2NuaS1wbHVnaW5zLWxpbnV4LWFtZDY0LXYwLjguNy50Z3oKICAtIDU1MDRkMTkwZWVmMzczNTUyMzEzMjVjMTc2Njg2ZDUxYWRlNmUwY2FiZTJkYTUyNmQ1NjFhMzhkODYxMTUwNmZAaHR0cHM6Ly9kb3dubG9hZC5kb2NrZXIuY29tL2xpbnV4L3N0YXRpYy9zdGFibGUveDg2XzY0L2RvY2tlci0xOS4wMy4xNS50Z3oKICAtIGE0NzFmMDQ4ZGIyZjFlMzUyMzc5MTAwYWUwZDkyY2I0NDcxMWQ4OTY5MzQxZTI4NmNiYTI2Y2Y1ODFjM2MyZTJAaHR0cHM6Ly9hcnRpZmFjdHMuazhzLmlvL2JpbmFyaWVzL2tvcHMvMS4yMS4xL2xpbnV4L2FtZDY0L3Byb3Rva3ViZSxodHRwczovL2dpdGh1Yi5jb20va3ViZXJuZXRlcy9rb3BzL3JlbGVhc2VzL2Rvd25sb2FkL3YxLjIxLjEvcHJvdG9rdWJlLWxpbnV4LWFtZDY0CiAgLSAyOWU1NGE4OTYxNzE5MTU1ZWQyODdjMWZiYTViMDUyNGM3YTI1ZmFjNDc0YWFjMDA5YTJlNGNiN2ViYzQxZGJlQGh0dHBzOi8vYXJ0aWZhY3RzLms4cy5pby9iaW5hcmllcy9rb3BzLzEuMjEuMS9saW51eC9hbWQ2NC9jaGFubmVscyxodHRwczovL2dpdGh1Yi5jb20va3ViZXJuZXRlcy9rb3BzL3JlbGVhc2VzL2Rvd25sb2FkL3YxLjIxLjEvY2hhbm5lbHMtbGludXgtYW1kNjQKICBhcm02NDoKICAtIDQ3MzAxNmNmMTE2NWFiNWM3MDViZDI5YzY1NDUxOTg0ZTQ4ZGVhZGU2ZmY5NmJmODYxYzQ2ZTE1ZmM1MmJhM2ZAaHR0cHM6Ly9zdG9yYWdlLmdvb2dsZWFwaXMuY29tL2t1YmVybmV0ZXMtcmVsZWFzZS9yZWxlYXNlL3YxLjE5LjcvYmluL2xpbnV4L2FybTY0L2t1YmVsZXQKICAtIGEwZjU4MjIyZThkNjJiODZiMTE0ODc0NjUzMWZhMGMzYjkxZmEyMDg1ODZjYjA2ODg4MzU1MGZjM2RjZDQ5OGJAaHR0cHM6Ly9zdG9yYWdlLmdvb2dsZWFwaXMuY29tL2t1YmVybmV0ZXMtcmVsZWFzZS9yZWxlYXNlL3YxLjE5LjcvYmluL2xpbnV4L2FybTY0L2t1YmVjdGwKICAtIGFlMTNkN2I1YzA1YmQxODBlYTliNWI2OGY0NGJkYWE3YmZiNDEwMzRhMmVmMWQ2OGZkOGUxMjU5Nzk3ZDY0MmZAaHR0cHM6Ly9zdG9yYWdlLmdvb2dsZWFwaXMuY29tL2s4cy1hcnRpZmFjdHMtY25pL3JlbGVhc2UvdjAuOC43L2NuaS1wbHVnaW5zLWxpbnV4LWFybTY0LXYwLjguNy50Z3oKICAtIDI2NGYzMzk2NjMwNTA3NjA2YTg2NDZmZGE2YTI4YTk4ZDNjZWQ4OTI3ZGY4NGJlOGVlOWE3NGFiNzNjYzE1NjZAaHR0cHM6Ly9kb3dubG9hZC5kb2NrZXIuY29tL2xpbnV4L3N0YXRpYy9zdGFibGUvYWFyY2g2NC9kb2NrZXItMTkuMDMuMTUudGd6CiAgLSBiMzIyZThmYmI3NmZlNzFkZjAxOTFkNjUwOTkxMmFjMWYxNWQzMWI4NzIxYzgxOGFmODViNzZjNjVmOGZkOWJjQGh0dHBzOi8vYXJ0aWZhY3RzLms4cy5pby9iaW5hcmllcy9rb3BzLzEuMjEuMS9saW51eC9hcm02NC9wcm90b2t1YmUsaHR0cHM6Ly9naXRodWIuY29tL2t1YmVybmV0ZXMva29wcy9yZWxlYXNlcy9kb3dubG9hZC92MS4yMS4xL3Byb3Rva3ViZS1saW51eC1hcm02NAogIC0gNDE1NWY0MjQ0ZjdmYjUzNWE2NjEwNzMyYzY4YTRiMWIzNmExMjM5MmNiMjg3OWE0YmI5ZDEwZGFjZjliZWE2YUBodHRwczovL2FydGlmYWN0cy5rOHMuaW8vYmluYXJpZXMva29wcy8xLjIxLjEvbGludXgvYXJtNjQvY2hhbm5lbHMsaHR0cHM6Ly9naXRodWIuY29tL2t1YmVybmV0ZXMva29wcy9yZWxlYXNlcy9kb3dubG9hZC92MS4yMS4xL2NoYW5uZWxzLWxpbnV4LWFybTY0CkNsdXN0ZXJOYW1lOiBqb2V5Lms4cy5sb2NhbApDb25maWdCYXNlOiBzMzovL2pvZXkta29wcy1ia3Qvam9leS5rOHMubG9jYWwKSW5zdGFuY2VHcm91cE5hbWU6IG1hc3Rlci1qb2V5Ckluc3RhbmNlR3JvdXBSb2xlOiBNYXN0ZXIKS3ViZWxldENvbmZpZzoKICBhbm9ueW1vdXNBdXRoOiBmYWxzZQogIGNncm91cFJvb3Q6IC8KICBjbG91ZFByb3ZpZGVyOiBhd3MKICBjbHVzdGVyRE5TOiAxMDAuNjQuMC4xMAogIGNsdXN0ZXJEb21haW46IGNsdXN0ZXIubG9jYWwKICBlbmFibGVEZWJ1Z2dpbmdIYW5kbGVyczogdHJ1ZQogIGV2aWN0aW9uSGFyZDogbWVtb3J5LmF2YWlsYWJsZTwxMDBNaSxub2RlZnMuYXZhaWxhYmxlPDEwJSxub2RlZnMuaW5vZGVzRnJlZTw1JSxpbWFnZWZzLmF2YWlsYWJsZTwxMCUsaW1hZ2Vmcy5pbm9kZXNGcmVlPDUlCiAgaG9zdG5hbWVPdmVycmlkZTogJ0Bhd3MnCiAga3ViZWNvbmZpZ1BhdGg6IC92YXIvbGliL2t1YmVsZXQva3ViZWNvbmZpZwogIGxvZ0xldmVsOiAyCiAgbmV0d29ya1BsdWdpbk1UVTogOTAwMQogIG5ldHdvcmtQbHVnaW5OYW1lOiBrdWJlbmV0CiAgbm9kZUxhYmVsczoKICAgIGtvcHMuazhzLmlvL2luc3RhbmNlZ3JvdXA6IG1hc3Rlci1qb2V5CiAgICBrb3BzLms4cy5pby9rb3BzLWNvbnRyb2xsZXItcGtpOiAiIgogICAga3ViZXJuZXRlcy5pby9yb2xlOiBtYXN0ZXIKICAgIG5vZGUtcm9sZS5rdWJlcm5ldGVzLmlvL2NvbnRyb2wtcGxhbmU6ICIiCiAgICBub2RlLXJvbGUua3ViZXJuZXRlcy5pby9tYXN0ZXI6ICIiCiAgICBub2RlLmt1YmVybmV0ZXMuaW8vZXhjbHVkZS1mcm9tLWV4dGVybmFsLWxvYWQtYmFsYW5jZXJzOiAiIgogIG5vbk1hc3F1ZXJhZGVDSURSOiAxMDAuNjQuMC4wLzEwCiAgcG9kSW5mcmFDb250YWluZXJJbWFnZTogazhzLmdjci5pby9wYXVzZTozLjIKICBwb2RNYW5pZmVzdFBhdGg6IC9ldGMva3ViZXJuZXRlcy9tYW5pZmVzdHMKICByZWdpc3RlclNjaGVkdWxhYmxlOiBmYWxzZQpVcGRhdGVQb2xpY3k6IGF1dG9tYXRpYwpjaGFubmVsczoKLSBzMzovL2pvZXkta29wcy1ia3Qvam9leS5rOHMubG9jYWwvYWRkb25zL2Jvb3RzdHJhcC1jaGFubmVsLnlhbWwKZXRjZE1hbmlmZXN0czoKLSBzMzovL2pvZXkta29wcy1ia3Qvam9leS5rOHMubG9jYWwvbWFuaWZlc3RzL2V0Y2QvbWFpbi55YW1sCi0gczM6Ly9qb2V5LWtvcHMtYmt0L2pvZXkuazhzLmxvY2FsL21hbmlmZXN0cy9ldGNkL2V2ZW50cy55YW1sCnN0YXRpY01hbmlmZXN0czoKLSBrZXk6IGt1YmUtYXBpc2VydmVyLWhlYWx0aGNoZWNrCiAgcGF0aDogbWFuaWZlc3RzL3N0YXRpYy9rdWJlLWFwaXNlcnZlci1oZWFsdGhjaGVjay55YW1sCgpfX0VPRl9LVUJFX0VOVgoKZG93bmxvYWQtcmVsZWFzZQplY2hvICI9PSBub2RldXAgbm9kZSBjb25maWcgZG9uZSA9PSIK",
            "vpc_security_group_ids": null
          },
          "private": "bnVsbA==",
          "dependencies": [
            "aws_iam_instance_profile.masters-joey-k8s-local",
            "aws_iam_role.masters-joey-k8s-local",
            "aws_key_pair.kubernetes-joey-k8s-local-8ca4be5fdb8e06031d7b7965c0eb6ad3",
            "aws_security_group.masters-joey-k8s-local",
            "aws_vpc.joey-k8s-local"
          ],
          "create_before_destroy": true
        }
      ]
    },
    {
      "mode": "managed",
      "type": "aws_launch_template",
      "name": "nodes-joey-joey-k8s-local",
      "provider": "provider[\"registry.terraform.io/hashicorp/aws\"]",
      "instances": [
        {
          "schema_version": 0,
          "attributes": {
            "arn": "arn:aws:ec2:us-east-2:089424413387:launch-template/lt-09379d60c41b4ee05",
            "block_device_mappings": [
              {
                "device_name": "/dev/sda1",
                "ebs": [
                  {
                    "delete_on_termination": "true",
                    "encrypted": "true",
                    "iops": 3000,
                    "kms_key_id": "",
                    "snapshot_id": "",
                    "throughput": 125,
                    "volume_size": 128,
                    "volume_type": "gp3"
                  }
                ],
                "no_device": "",
                "virtual_name": ""
              }
            ],
            "capacity_reservation_specification": [],
            "cpu_options": [],
            "credit_specification": [],
            "default_version": 1,
            "description": "",
            "disable_api_termination": false,
            "ebs_optimized": "",
            "elastic_gpu_specifications": [],
            "elastic_inference_accelerator": [],
            "enclave_options": [],
            "hibernation_options": [],
            "iam_instance_profile": [
              {
                "arn": "",
                "name": "nodes.joey.k8s.local"
              }
            ],
            "id": "lt-09379d60c41b4ee05",
            "image_id": "ami-0b287e7832eb862f8",
            "instance_initiated_shutdown_behavior": "",
            "instance_market_options": [],
            "instance_type": "t2.micro",
            "kernel_id": "",
            "key_name": "kubernetes.joey.k8s.local-8c:a4:be:5f:db:8e:06:03:1d:7b:79:65:c0:eb:6a:d3",
            "latest_version": 1,
            "license_specification": [],
            "metadata_options": [
              {
                "http_endpoint": "enabled",
                "http_protocol_ipv6": "disabled",
                "http_put_response_hop_limit": 1,
                "http_tokens": "optional"
              }
            ],
            "monitoring": [
              {
                "enabled": false
              }
            ],
            "name": "nodes-joey.joey.k8s.local",
            "name_prefix": "",
            "network_interfaces": [
              {
                "associate_carrier_ip_address": "",
                "associate_public_ip_address": "true",
                "delete_on_termination": "true",
                "description": "",
                "device_index": 0,
                "interface_type": "",
                "ipv4_address_count": 0,
                "ipv4_addresses": null,
                "ipv6_address_count": 0,
                "ipv6_addresses": null,
                "network_card_index": 0,
                "network_interface_id": "",
                "private_ip_address": "",
                "security_groups": [
                  "sg-02ce315c9dd36ae35"
                ],
                "subnet_id": ""
              }
            ],
            "placement": [],
            "ram_disk_id": "",
            "security_group_names": null,
            "tag_specifications": [
              {
                "resource_type": "instance",
                "tags": {
                  "KubernetesCluster": "joey.k8s.local",
                  "Name": "nodes-joey.joey.k8s.local",
                  "k8s.io/cluster-autoscaler/enabled": "",
                  "k8s.io/cluster-autoscaler/joey.k8s.local": "",
                  "k8s.io/cluster-autoscaler/node-template/label": "",
                  "k8s.io/cluster-autoscaler/node-template/label/kops.k8s.io/instancegroup": "nodes-joey",
                  "k8s.io/cluster-autoscaler/node-template/label/kubernetes.io/role": "node",
                  "k8s.io/cluster-autoscaler/node-template/label/node-role.kubernetes.io/node": "",
                  "k8s.io/role/node": "1",
                  "kops.k8s.io/instancegroup": "nodes-joey",
                  "kubernetes.io/cluster/joey.k8s.local": "owned"
                }
              },
              {
                "resource_type": "volume",
                "tags": {
                  "KubernetesCluster": "joey.k8s.local",
                  "Name": "nodes-joey.joey.k8s.local",
                  "k8s.io/cluster-autoscaler/enabled": "",
                  "k8s.io/cluster-autoscaler/joey.k8s.local": "",
                  "k8s.io/cluster-autoscaler/node-template/label": "",
                  "k8s.io/cluster-autoscaler/node-template/label/kops.k8s.io/instancegroup": "nodes-joey",
                  "k8s.io/cluster-autoscaler/node-template/label/kubernetes.io/role": "node",
                  "k8s.io/cluster-autoscaler/node-template/label/node-role.kubernetes.io/node": "",
                  "k8s.io/role/node": "1",
                  "kops.k8s.io/instancegroup": "nodes-joey",
                  "kubernetes.io/cluster/joey.k8s.local": "owned"
                }
              }
            ],
            "tags": {
              "KubernetesCluster": "joey.k8s.local",
              "Name": "nodes-joey.joey.k8s.local",
              "k8s.io/cluster-autoscaler/enabled": "",
              "k8s.io/cluster-autoscaler/joey.k8s.local": "",
              "k8s.io/cluster-autoscaler/node-template/label": "",
              "k8s.io/cluster-autoscaler/node-template/label/kops.k8s.io/instancegroup": "nodes-joey",
              "k8s.io/cluster-autoscaler/node-template/label/kubernetes.io/role": "node",
              "k8s.io/cluster-autoscaler/node-template/label/node-role.kubernetes.io/node": "",
              "k8s.io/role/node": "1",
              "kops.k8s.io/instancegroup": "nodes-joey",
              "kubernetes.io/cluster/joey.k8s.local": "owned"
            },
            "tags_all": {
              "KubernetesCluster": "joey.k8s.local",
              "Name": "nodes-joey.joey.k8s.local",
              "k8s.io/cluster-autoscaler/enabled": "",
              "k8s.io/cluster-autoscaler/joey.k8s.local": "",
              "k8s.io/cluster-autoscaler/node-template/label": "",
              "k8s.io/cluster-autoscaler/node-template/label/kops.k8s.io/instancegroup": "nodes-joey",
              "k8s.io/cluster-autoscaler/node-template/label/kubernetes.io/role": "node",
              "k8s.io/cluster-autoscaler/node-template/label/node-role.kubernetes.io/node": "",
              "k8s.io/role/node": "1",
              "kops.k8s.io/instancegroup": "nodes-joey",
              "kubernetes.io/cluster/joey.k8s.local": "owned"
            },
            "update_default_version": null,
            "user_data": "IyEvYmluL2Jhc2gKc2V0IC1vIGVycmV4aXQKc2V0IC1vIG5vdW5zZXQKc2V0IC1vIHBpcGVmYWlsCgpOT0RFVVBfVVJMX0FNRDY0PWh0dHBzOi8vYXJ0aWZhY3RzLms4cy5pby9iaW5hcmllcy9rb3BzLzEuMjEuMS9saW51eC9hbWQ2NC9ub2RldXAsaHR0cHM6Ly9naXRodWIuY29tL2t1YmVybmV0ZXMva29wcy9yZWxlYXNlcy9kb3dubG9hZC92MS4yMS4xL25vZGV1cC1saW51eC1hbWQ2NApOT0RFVVBfSEFTSF9BTUQ2ND1kYjM0ZDM4OTRlMGJhNmY5YTMxN2MzMGI1ZGUxNWRmYjQzZTFhMTkxMjhlODYxNTcyNGMwODJjNGI5ZWZkZGY0Ck5PREVVUF9VUkxfQVJNNjQ9aHR0cHM6Ly9hcnRpZmFjdHMuazhzLmlvL2JpbmFyaWVzL2tvcHMvMS4yMS4xL2xpbnV4L2FybTY0L25vZGV1cCxodHRwczovL2dpdGh1Yi5jb20va3ViZXJuZXRlcy9rb3BzL3JlbGVhc2VzL2Rvd25sb2FkL3YxLjIxLjEvbm9kZXVwLWxpbnV4LWFybTY0Ck5PREVVUF9IQVNIX0FSTTY0PWVlZGQxYzM0MmMwMzkwMGIwOWQ3MmNjMzIzYTZkZWRiMzc4NDI3YjBmMmQ2ZGM0MzY3MDQ4ZDM2OTgzNmM3OGYKCmV4cG9ydCBBV1NfUkVHSU9OPXVzLWVhc3QtMgoKCgoKc3lzY3RsIC13IG5ldC5pcHY0LnRjcF9ybWVtPSc0MDk2IDEyNTgyOTEyIDE2Nzc3MjE2JyB8fCB0cnVlCgoKZnVuY3Rpb24gZW5zdXJlLWluc3RhbGwtZGlyKCkgewogIElOU1RBTExfRElSPSIvb3B0L2tvcHMiCiAgIyBPbiBDb250YWluZXJPUywgd2UgaW5zdGFsbCB1bmRlciAvdmFyL2xpYi90b29sYm94OyAvb3B0IGlzIHJvIGFuZCBub2V4ZWMKICBpZiBbWyAtZCAvdmFyL2xpYi90b29sYm94IF1dOyB0aGVuCiAgICBJTlNUQUxMX0RJUj0iL3Zhci9saWIvdG9vbGJveC9rb3BzIgogIGZpCiAgbWtkaXIgLXAgJHtJTlNUQUxMX0RJUn0vYmluCiAgbWtkaXIgLXAgJHtJTlNUQUxMX0RJUn0vY29uZgogIGNkICR7SU5TVEFMTF9ESVJ9Cn0KCiMgUmV0cnkgYSBkb3dubG9hZCB1bnRpbCB3ZSBnZXQgaXQuIGFyZ3M6IG5hbWUsIHNoYSwgdXJsMSwgdXJsMi4uLgpkb3dubG9hZC1vci1idXN0KCkgewogIGxvY2FsIC1yIGZpbGU9IiQxIgogIGxvY2FsIC1yIGhhc2g9IiQyIgogIHNoaWZ0IDIKCiAgdXJscz0oICQqICkKICB3aGlsZSB0cnVlOyBkbwogICAgZm9yIHVybCBpbiAiJHt1cmxzW0BdfSI7IGRvCiAgICAgIGNvbW1hbmRzPSgKICAgICAgICAiY3VybCAtZiAtLWlwdjQgLS1jb21wcmVzc2VkIC1MbyAiJHtmaWxlfSIgLS1jb25uZWN0LXRpbWVvdXQgMjAgLS1yZXRyeSA2IC0tcmV0cnktZGVsYXkgMTAiCiAgICAgICAgIndnZXQgLS1pbmV0NC1vbmx5IC0tY29tcHJlc3Npb249YXV0byAtTyAiJHtmaWxlfSIgLS1jb25uZWN0LXRpbWVvdXQ9MjAgLS10cmllcz02IC0td2FpdD0xMCIKICAgICAgICAiY3VybCAtZiAtLWlwdjQgLUxvICIke2ZpbGV9IiAtLWNvbm5lY3QtdGltZW91dCAyMCAtLXJldHJ5IDYgLS1yZXRyeS1kZWxheSAxMCIKICAgICAgICAid2dldCAtLWluZXQ0LW9ubHkgLU8gIiR7ZmlsZX0iIC0tY29ubmVjdC10aW1lb3V0PTIwIC0tdHJpZXM9NiAtLXdhaXQ9MTAiCiAgICAgICkKICAgICAgZm9yIGNtZCBpbiAiJHtjb21tYW5kc1tAXX0iOyBkbwogICAgICAgIGVjaG8gIkF0dGVtcHRpbmcgZG93bmxvYWQgd2l0aDogJHtjbWR9IHt1cmx9IgogICAgICAgIGlmICEgKCR7Y21kfSAiJHt1cmx9Iik7IHRoZW4KICAgICAgICAgIGVjaG8gIj09IERvd25sb2FkIGZhaWxlZCB3aXRoICR7Y21kfSA9PSIKICAgICAgICAgIGNvbnRpbnVlCiAgICAgICAgZmkKICAgICAgICBpZiBbWyAtbiAiJHtoYXNofSIgXV0gJiYgISB2YWxpZGF0ZS1oYXNoICIke2ZpbGV9IiAiJHtoYXNofSI7IHRoZW4KICAgICAgICAgIGVjaG8gIj09IEhhc2ggdmFsaWRhdGlvbiBvZiAke3VybH0gZmFpbGVkLiBSZXRyeWluZy4gPT0iCiAgICAgICAgICBybSAtZiAiJHtmaWxlfSIKICAgICAgICBlbHNlCiAgICAgICAgICBpZiBbWyAtbiAiJHtoYXNofSIgXV07IHRoZW4KICAgICAgICAgICAgZWNobyAiPT0gRG93bmxvYWRlZCAke3VybH0gKFNIQTEgPSAke2hhc2h9KSA9PSIKICAgICAgICAgIGVsc2UKICAgICAgICAgICAgZWNobyAiPT0gRG93bmxvYWRlZCAke3VybH0gPT0iCiAgICAgICAgICBmaQogICAgICAgICAgcmV0dXJuCiAgICAgICAgZmkKICAgICAgZG9uZQogICAgZG9uZQoKICAgIGVjaG8gIkFsbCBkb3dubG9hZHMgZmFpbGVkOyBzbGVlcGluZyBiZWZvcmUgcmV0cnlpbmciCiAgICBzbGVlcCA2MAogIGRvbmUKfQoKdmFsaWRhdGUtaGFzaCgpIHsKICBsb2NhbCAtciBmaWxlPSIkMSIKICBsb2NhbCAtciBleHBlY3RlZD0iJDIiCiAgbG9jYWwgYWN0dWFsCgogIGFjdHVhbD0kKHNoYTI1NnN1bSAke2ZpbGV9IHwgYXdrICd7IHByaW50ICQxIH0nKSB8fCB0cnVlCiAgaWYgW1sgIiR7YWN0dWFsfSIgIT0gIiR7ZXhwZWN0ZWR9IiBdXTsgdGhlbgogICAgZWNobyAiPT0gJHtmaWxlfSBjb3JydXB0ZWQsIGhhc2ggJHthY3R1YWx9IGRvZXNuJ3QgbWF0Y2ggZXhwZWN0ZWQgJHtleHBlY3RlZH0gPT0iCiAgICByZXR1cm4gMQogIGZpCn0KCmZ1bmN0aW9uIHNwbGl0LWNvbW1hcygpIHsKICBlY2hvICQxIHwgdHIgIiwiICJcbiIKfQoKZnVuY3Rpb24gdHJ5LWRvd25sb2FkLXJlbGVhc2UoKSB7CiAgbG9jYWwgLXIgbm9kZXVwX3VybHM9KCAkKHNwbGl0LWNvbW1hcyAiJHtOT0RFVVBfVVJMfSIpICkKICBpZiBbWyAtbiAiJHtOT0RFVVBfSEFTSDotfSIgXV07IHRoZW4KICAgIGxvY2FsIC1yIG5vZGV1cF9oYXNoPSIke05PREVVUF9IQVNIfSIKICBlbHNlCiAgIyBUT0RPOiBSZW1vdmU/CiAgICBlY2hvICJEb3dubG9hZGluZyBzaGEyNTYgKG5vdCBmb3VuZCBpbiBlbnYpIgogICAgZG93bmxvYWQtb3ItYnVzdCBub2RldXAuc2hhMjU2ICIiICIke25vZGV1cF91cmxzW0BdLyUvLnNoYTI1Nn0iCiAgICBsb2NhbCAtciBub2RldXBfaGFzaD0kKGNhdCBub2RldXAuc2hhMjU2KQogIGZpCgogIGVjaG8gIkRvd25sb2FkaW5nIG5vZGV1cCAoJHtub2RldXBfdXJsc1tAXX0pIgogIGRvd25sb2FkLW9yLWJ1c3Qgbm9kZXVwICIke25vZGV1cF9oYXNofSIgIiR7bm9kZXVwX3VybHNbQF19IgoKICBjaG1vZCAreCBub2RldXAKfQoKZnVuY3Rpb24gZG93bmxvYWQtcmVsZWFzZSgpIHsKICBjYXNlICIkKHVuYW1lIC1tKSIgaW4KICB4ODZfNjQqfGk/ODZfNjQqfGFtZDY0KikKICAgIE5PREVVUF9VUkw9IiR7Tk9ERVVQX1VSTF9BTUQ2NH0iCiAgICBOT0RFVVBfSEFTSD0iJHtOT0RFVVBfSEFTSF9BTUQ2NH0iCiAgICA7OwogIGFhcmNoNjQqfGFybTY0KikKICAgIE5PREVVUF9VUkw9IiR7Tk9ERVVQX1VSTF9BUk02NH0iCiAgICBOT0RFVVBfSEFTSD0iJHtOT0RFVVBfSEFTSF9BUk02NH0iCiAgICA7OwogICopCiAgICBlY2hvICJVbnN1cHBvcnRlZCBob3N0IGFyY2g6ICQodW5hbWUgLW0pIiA+JjIKICAgIGV4aXQgMQogICAgOzsKICBlc2FjCgogICMgSW4gY2FzZSBvZiBmYWlsdXJlIGNoZWNraW5nIGludGVncml0eSBvZiByZWxlYXNlLCByZXRyeS4KICBjZCAke0lOU1RBTExfRElSfS9iaW4KICB1bnRpbCB0cnktZG93bmxvYWQtcmVsZWFzZTsgZG8KICAgIHNsZWVwIDE1CiAgICBlY2hvICJDb3VsZG4ndCBkb3dubG9hZCByZWxlYXNlLiBSZXRyeWluZy4uLiIKICBkb25lCgogIGVjaG8gIlJ1bm5pbmcgbm9kZXVwIgogICMgV2UgY2FuJ3QgcnVuIGluIHRoZSBmb3JlZ3JvdW5kIGJlY2F1c2Ugb2YgaHR0cHM6Ly9naXRodWIuY29tL2RvY2tlci9kb2NrZXIvaXNzdWVzLzIzNzkzCiAgKCBjZCAke0lOU1RBTExfRElSfS9iaW47IC4vbm9kZXVwIC0taW5zdGFsbC1zeXN0ZW1kLXVuaXQgLS1jb25mPSR7SU5TVEFMTF9ESVJ9L2NvbmYva3ViZV9lbnYueWFtbCAtLXY9OCAgKQp9CgojIyMjIyMjIyMjIyMjIyMjIyMjIyMjIyMjIyMjIyMjIyMjIyMjIyMjIyMjIyMjIyMjIyMjIyMjIyMjIyMjIyMjIyMjIyMjIyMjIyMjIyMjIyMjIyMKCi9iaW4vc3lzdGVtZC1tYWNoaW5lLWlkLXNldHVwIHx8IGVjaG8gImZhaWxlZCB0byBzZXQgdXAgZW5zdXJlIG1hY2hpbmUtaWQgY29uZmlndXJlZCIKCmVjaG8gIj09IG5vZGV1cCBub2RlIGNvbmZpZyBzdGFydGluZyA9PSIKZW5zdXJlLWluc3RhbGwtZGlyCgpjYXQgPiBjb25mL2NsdXN0ZXJfc3BlYy55YW1sIDw8ICdfX0VPRl9DTFVTVEVSX1NQRUMnCmNsb3VkQ29uZmlnOgogIGF3c0VCU0NTSURyaXZlcjoKICAgIGVuYWJsZWQ6IGZhbHNlCiAgbWFuYWdlU3RvcmFnZUNsYXNzZXM6IHRydWUKY29udGFpbmVyUnVudGltZTogZG9ja2VyCmNvbnRhaW5lcmQ6CiAgY29uZmlnT3ZlcnJpZGU6IHwKICAgIGRpc2FibGVkX3BsdWdpbnMgPSBbImNyaSJdCiAgbG9nTGV2ZWw6IGluZm8KZG9ja2VyOgogIGlwTWFzcTogZmFsc2UKICBpcFRhYmxlczogZmFsc2UKICBsb2dEcml2ZXI6IGpzb24tZmlsZQogIGxvZ0xldmVsOiBpbmZvCiAgbG9nT3B0OgogIC0gbWF4LXNpemU9MTBtCiAgLSBtYXgtZmlsZT01CiAgc3RvcmFnZTogb3ZlcmxheTIsb3ZlcmxheSxhdWZzCiAgdmVyc2lvbjogMTkuMDMuMTUKa3ViZVByb3h5OgogIGNsdXN0ZXJDSURSOiAxMDAuOTYuMC4wLzExCiAgY3B1UmVxdWVzdDogMTAwbQogIGhvc3RuYW1lT3ZlcnJpZGU6ICdAYXdzJwogIGltYWdlOiBrOHMuZ2NyLmlvL2t1YmUtcHJveHk6djEuMTkuNwogIGxvZ0xldmVsOiAyCmt1YmVsZXQ6CiAgYW5vbnltb3VzQXV0aDogZmFsc2UKICBjZ3JvdXBSb290OiAvCiAgY2xvdWRQcm92aWRlcjogYXdzCiAgY2x1c3RlckROUzogMTAwLjY0LjAuMTAKICBjbHVzdGVyRG9tYWluOiBjbHVzdGVyLmxvY2FsCiAgZW5hYmxlRGVidWdnaW5nSGFuZGxlcnM6IHRydWUKICBldmljdGlvbkhhcmQ6IG1lbW9yeS5hdmFpbGFibGU8MTAwTWksbm9kZWZzLmF2YWlsYWJsZTwxMCUsbm9kZWZzLmlub2Rlc0ZyZWU8NSUsaW1hZ2Vmcy5hdmFpbGFibGU8MTAlLGltYWdlZnMuaW5vZGVzRnJlZTw1JQogIGhvc3RuYW1lT3ZlcnJpZGU6ICdAYXdzJwogIGt1YmVjb25maWdQYXRoOiAvdmFyL2xpYi9rdWJlbGV0L2t1YmVjb25maWcKICBsb2dMZXZlbDogMgogIG5ldHdvcmtQbHVnaW5NVFU6IDkwMDEKICBuZXR3b3JrUGx1Z2luTmFtZToga3ViZW5ldAogIG5vbk1hc3F1ZXJhZGVDSURSOiAxMDAuNjQuMC4wLzEwCiAgcG9kSW5mcmFDb250YWluZXJJbWFnZTogazhzLmdjci5pby9wYXVzZTozLjIKICBwb2RNYW5pZmVzdFBhdGg6IC9ldGMva3ViZXJuZXRlcy9tYW5pZmVzdHMKCl9fRU9GX0NMVVNURVJfU1BFQwoKY2F0ID4gY29uZi9pZ19zcGVjLnlhbWwgPDwgJ19fRU9GX0lHX1NQRUMnCnt9CgpfX0VPRl9JR19TUEVDCgpjYXQgPiBjb25mL2t1YmVfZW52LnlhbWwgPDwgJ19fRU9GX0tVQkVfRU5WJwpBc3NldHM6CiAgYW1kNjQ6CiAgLSBkOGIyOTY4MjVmNmRkN2ExNzI4N2I3M2NkNjYwNGQzMjIxMGFiYmJhODZjODhmYjY4YzFiMWM1MDE2OTA2YzU0QGh0dHBzOi8vc3RvcmFnZS5nb29nbGVhcGlzLmNvbS9rdWJlcm5ldGVzLXJlbGVhc2UvcmVsZWFzZS92MS4xOS43L2Jpbi9saW51eC9hbWQ2NC9rdWJlbGV0CiAgLSBkNDZlYjNiYmUyNTc1ZTViNmJlZGJjNmQzNTE5NDI0YjRmMmY1NzkyOWQ3ZGExZWY3ZTExYzA5MDY4ZjM3Mjk3QGh0dHBzOi8vc3RvcmFnZS5nb29nbGVhcGlzLmNvbS9rdWJlcm5ldGVzLXJlbGVhc2UvcmVsZWFzZS92MS4xOS43L2Jpbi9saW51eC9hbWQ2NC9rdWJlY3RsCiAgLSA5Nzc4MjQ5MzJkNTY2N2M3YTM3YWE2YTNjYmJhNDAxMDBhNjg3M2U3YmQ5N2U4M2U4YmU4MzdlM2U3YWZkMGE4QGh0dHBzOi8vc3RvcmFnZS5nb29nbGVhcGlzLmNvbS9rOHMtYXJ0aWZhY3RzLWNuaS9yZWxlYXNlL3YwLjguNy9jbmktcGx1Z2lucy1saW51eC1hbWQ2NC12MC44LjcudGd6CiAgLSA1NTA0ZDE5MGVlZjM3MzU1MjMxMzI1YzE3NjY4NmQ1MWFkZTZlMGNhYmUyZGE1MjZkNTYxYTM4ZDg2MTE1MDZmQGh0dHBzOi8vZG93bmxvYWQuZG9ja2VyLmNvbS9saW51eC9zdGF0aWMvc3RhYmxlL3g4Nl82NC9kb2NrZXItMTkuMDMuMTUudGd6CiAgLSBhNDcxZjA0OGRiMmYxZTM1MjM3OTEwMGFlMGQ5MmNiNDQ3MTFkODk2OTM0MWUyODZjYmEyNmNmNTgxYzNjMmUyQGh0dHBzOi8vYXJ0aWZhY3RzLms4cy5pby9iaW5hcmllcy9rb3BzLzEuMjEuMS9saW51eC9hbWQ2NC9wcm90b2t1YmUsaHR0cHM6Ly9naXRodWIuY29tL2t1YmVybmV0ZXMva29wcy9yZWxlYXNlcy9kb3dubG9hZC92MS4yMS4xL3Byb3Rva3ViZS1saW51eC1hbWQ2NAogIC0gMjllNTRhODk2MTcxOTE1NWVkMjg3YzFmYmE1YjA1MjRjN2EyNWZhYzQ3NGFhYzAwOWEyZTRjYjdlYmM0MWRiZUBodHRwczovL2FydGlmYWN0cy5rOHMuaW8vYmluYXJpZXMva29wcy8xLjIxLjEvbGludXgvYW1kNjQvY2hhbm5lbHMsaHR0cHM6Ly9naXRodWIuY29tL2t1YmVybmV0ZXMva29wcy9yZWxlYXNlcy9kb3dubG9hZC92MS4yMS4xL2NoYW5uZWxzLWxpbnV4LWFtZDY0CiAgYXJtNjQ6CiAgLSA0NzMwMTZjZjExNjVhYjVjNzA1YmQyOWM2NTQ1MTk4NGU0OGRlYWRlNmZmOTZiZjg2MWM0NmUxNWZjNTJiYTNmQGh0dHBzOi8vc3RvcmFnZS5nb29nbGVhcGlzLmNvbS9rdWJlcm5ldGVzLXJlbGVhc2UvcmVsZWFzZS92MS4xOS43L2Jpbi9saW51eC9hcm02NC9rdWJlbGV0CiAgLSBhMGY1ODIyMmU4ZDYyYjg2YjExNDg3NDY1MzFmYTBjM2I5MWZhMjA4NTg2Y2IwNjg4ODM1NTBmYzNkY2Q0OThiQGh0dHBzOi8vc3RvcmFnZS5nb29nbGVhcGlzLmNvbS9rdWJlcm5ldGVzLXJlbGVhc2UvcmVsZWFzZS92MS4xOS43L2Jpbi9saW51eC9hcm02NC9rdWJlY3RsCiAgLSBhZTEzZDdiNWMwNWJkMTgwZWE5YjViNjhmNDRiZGFhN2JmYjQxMDM0YTJlZjFkNjhmZDhlMTI1OTc5N2Q2NDJmQGh0dHBzOi8vc3RvcmFnZS5nb29nbGVhcGlzLmNvbS9rOHMtYXJ0aWZhY3RzLWNuaS9yZWxlYXNlL3YwLjguNy9jbmktcGx1Z2lucy1saW51eC1hcm02NC12MC44LjcudGd6CiAgLSAyNjRmMzM5NjYzMDUwNzYwNmE4NjQ2ZmRhNmEyOGE5OGQzY2VkODkyN2RmODRiZThlZTlhNzRhYjczY2MxNTY2QGh0dHBzOi8vZG93bmxvYWQuZG9ja2VyLmNvbS9saW51eC9zdGF0aWMvc3RhYmxlL2FhcmNoNjQvZG9ja2VyLTE5LjAzLjE1LnRnegogIC0gYjMyMmU4ZmJiNzZmZTcxZGYwMTkxZDY1MDk5MTJhYzFmMTVkMzFiODcyMWM4MThhZjg1Yjc2YzY1ZjhmZDliY0BodHRwczovL2FydGlmYWN0cy5rOHMuaW8vYmluYXJpZXMva29wcy8xLjIxLjEvbGludXgvYXJtNjQvcHJvdG9rdWJlLGh0dHBzOi8vZ2l0aHViLmNvbS9rdWJlcm5ldGVzL2tvcHMvcmVsZWFzZXMvZG93bmxvYWQvdjEuMjEuMS9wcm90b2t1YmUtbGludXgtYXJtNjQKICAtIDQxNTVmNDI0NGY3ZmI1MzVhNjYxMDczMmM2OGE0YjFiMzZhMTIzOTJjYjI4NzlhNGJiOWQxMGRhY2Y5YmVhNmFAaHR0cHM6Ly9hcnRpZmFjdHMuazhzLmlvL2JpbmFyaWVzL2tvcHMvMS4yMS4xL2xpbnV4L2FybTY0L2NoYW5uZWxzLGh0dHBzOi8vZ2l0aHViLmNvbS9rdWJlcm5ldGVzL2tvcHMvcmVsZWFzZXMvZG93bmxvYWQvdjEuMjEuMS9jaGFubmVscy1saW51eC1hcm02NApDbHVzdGVyTmFtZTogam9leS5rOHMubG9jYWwKQ29uZmlnQmFzZTogczM6Ly9qb2V5LWtvcHMtYmt0L2pvZXkuazhzLmxvY2FsCkluc3RhbmNlR3JvdXBOYW1lOiBub2Rlcy1qb2V5Ckluc3RhbmNlR3JvdXBSb2xlOiBOb2RlCkt1YmVsZXRDb25maWc6CiAgYW5vbnltb3VzQXV0aDogZmFsc2UKICBjZ3JvdXBSb290OiAvCiAgY2xvdWRQcm92aWRlcjogYXdzCiAgY2x1c3RlckROUzogMTAwLjY0LjAuMTAKICBjbHVzdGVyRG9tYWluOiBjbHVzdGVyLmxvY2FsCiAgZW5hYmxlRGVidWdnaW5nSGFuZGxlcnM6IHRydWUKICBldmljdGlvbkhhcmQ6IG1lbW9yeS5hdmFpbGFibGU8MTAwTWksbm9kZWZzLmF2YWlsYWJsZTwxMCUsbm9kZWZzLmlub2Rlc0ZyZWU8NSUsaW1hZ2Vmcy5hdmFpbGFibGU8MTAlLGltYWdlZnMuaW5vZGVzRnJlZTw1JQogIGhvc3RuYW1lT3ZlcnJpZGU6ICdAYXdzJwogIGt1YmVjb25maWdQYXRoOiAvdmFyL2xpYi9rdWJlbGV0L2t1YmVjb25maWcKICBsb2dMZXZlbDogMgogIG5ldHdvcmtQbHVnaW5NVFU6IDkwMDEKICBuZXR3b3JrUGx1Z2luTmFtZToga3ViZW5ldAogIG5vZGVMYWJlbHM6CiAgICBrb3BzLms4cy5pby9pbnN0YW5jZWdyb3VwOiBub2Rlcy1qb2V5CiAgICBrdWJlcm5ldGVzLmlvL3JvbGU6IG5vZGUKICAgIG5vZGUtcm9sZS5rdWJlcm5ldGVzLmlvL25vZGU6ICIiCiAgbm9uTWFzcXVlcmFkZUNJRFI6IDEwMC42NC4wLjAvMTAKICBwb2RJbmZyYUNvbnRhaW5lckltYWdlOiBrOHMuZ2NyLmlvL3BhdXNlOjMuMgogIHBvZE1hbmlmZXN0UGF0aDogL2V0Yy9rdWJlcm5ldGVzL21hbmlmZXN0cwpVcGRhdGVQb2xpY3k6IGF1dG9tYXRpYwpjaGFubmVsczoKLSBzMzovL2pvZXkta29wcy1ia3Qvam9leS5rOHMubG9jYWwvYWRkb25zL2Jvb3RzdHJhcC1jaGFubmVsLnlhbWwKCl9fRU9GX0tVQkVfRU5WCgpkb3dubG9hZC1yZWxlYXNlCmVjaG8gIj09IG5vZGV1cCBub2RlIGNvbmZpZyBkb25lID09Igo=",
            "vpc_security_group_ids": null
          },
          "private": "bnVsbA==",
          "dependencies": [
            "aws_iam_instance_profile.nodes-joey-k8s-local",
            "aws_iam_role.nodes-joey-k8s-local",
            "aws_key_pair.kubernetes-joey-k8s-local-8ca4be5fdb8e06031d7b7965c0eb6ad3",
            "aws_security_group.nodes-joey-k8s-local",
            "aws_vpc.joey-k8s-local"
          ],
          "create_before_destroy": true
        }
      ]
    },
    {
      "mode": "managed",
      "type": "aws_route",
      "name": "route-0-0-0-0--0",
      "provider": "provider[\"registry.terraform.io/hashicorp/aws\"]",
      "instances": [
        {
          "schema_version": 0,
          "attributes": {
            "carrier_gateway_id": "",
            "destination_cidr_block": "0.0.0.0/0",
            "destination_ipv6_cidr_block": "",
            "destination_prefix_list_id": "",
            "egress_only_gateway_id": "",
            "gateway_id": "igw-0bfae5a26dd7f4a74",
            "id": "r-rtb-06a22033a2fa23cad1080289494",
            "instance_id": "",
            "instance_owner_id": "",
            "local_gateway_id": "",
            "nat_gateway_id": "",
            "network_interface_id": "",
            "origin": "CreateRoute",
            "route_table_id": "rtb-06a22033a2fa23cad",
            "state": "active",
            "timeouts": null,
            "transit_gateway_id": "",
            "vpc_endpoint_id": "",
            "vpc_peering_connection_id": ""
          },
          "private": "eyJlMmJmYjczMC1lY2FhLTExZTYtOGY4OC0zNDM2M2JjN2M0YzAiOnsiY3JlYXRlIjoxMjAwMDAwMDAwMDAsImRlbGV0ZSI6MzAwMDAwMDAwMDAwLCJ1cGRhdGUiOjEyMDAwMDAwMDAwMH19",
          "dependencies": [
            "aws_internet_gateway.joey-k8s-local",
            "aws_route_table.joey-k8s-local",
            "aws_vpc.joey-k8s-local"
          ]
        }
      ]
    },
    {
      "mode": "managed",
      "type": "aws_route_table",
      "name": "joey-k8s-local",
      "provider": "provider[\"registry.terraform.io/hashicorp/aws\"]",
      "instances": [
        {
          "schema_version": 0,
          "attributes": {
            "arn": "arn:aws:ec2:us-east-2:089424413387:route-table/rtb-06a22033a2fa23cad",
            "id": "rtb-06a22033a2fa23cad",
            "owner_id": "089424413387",
            "propagating_vgws": [],
            "route": [],
            "tags": {
              "KubernetesCluster": "joey.k8s.local",
              "Name": "joey.k8s.local",
              "kubernetes.io/cluster/joey.k8s.local": "owned",
              "kubernetes.io/kops/role": "public"
            },
            "tags_all": {
              "KubernetesCluster": "joey.k8s.local",
              "Name": "joey.k8s.local",
              "kubernetes.io/cluster/joey.k8s.local": "owned",
              "kubernetes.io/kops/role": "public"
            },
            "timeouts": null,
            "vpc_id": "vpc-089dbbd22d30c087e"
          },
          "private": "eyJlMmJmYjczMC1lY2FhLTExZTYtOGY4OC0zNDM2M2JjN2M0YzAiOnsiY3JlYXRlIjoxMjAwMDAwMDAwMDAsImRlbGV0ZSI6MzAwMDAwMDAwMDAwLCJ1cGRhdGUiOjEyMDAwMDAwMDAwMH19",
          "dependencies": [
            "aws_vpc.joey-k8s-local"
          ]
        }
      ]
    },
    {
      "mode": "managed",
      "type": "aws_route_table_association",
      "name": "us-east-2a-joey-k8s-local",
      "provider": "provider[\"registry.terraform.io/hashicorp/aws\"]",
      "instances": [
        {
          "schema_version": 0,
          "attributes": {
            "gateway_id": "",
            "id": "rtbassoc-0dff3a57c67eb6d09",
            "route_table_id": "rtb-06a22033a2fa23cad",
            "subnet_id": "subnet-0cc016d66b469ee53"
          },
          "private": "bnVsbA==",
          "dependencies": [
            "aws_route_table.joey-k8s-local",
            "aws_subnet.us-east-2a-joey-k8s-local",
            "aws_vpc.joey-k8s-local"
          ]
        }
      ]
    },
    {
      "mode": "managed",
      "type": "aws_security_group",
      "name": "api-elb-joey-k8s-local",
      "provider": "provider[\"registry.terraform.io/hashicorp/aws\"]",
      "instances": [
        {
          "schema_version": 1,
          "attributes": {
            "arn": "arn:aws:ec2:us-east-2:089424413387:security-group/sg-0c7616b733acdb975",
            "description": "Security group for api ELB",
            "egress": [],
            "id": "sg-0c7616b733acdb975",
            "ingress": [],
            "name": "api-elb.joey.k8s.local",
            "name_prefix": "",
            "owner_id": "089424413387",
            "revoke_rules_on_delete": false,
            "tags": {
              "KubernetesCluster": "joey.k8s.local",
              "Name": "api-elb.joey.k8s.local",
              "kubernetes.io/cluster/joey.k8s.local": "owned"
            },
            "tags_all": {
              "KubernetesCluster": "joey.k8s.local",
              "Name": "api-elb.joey.k8s.local",
              "kubernetes.io/cluster/joey.k8s.local": "owned"
            },
            "timeouts": null,
            "vpc_id": "vpc-089dbbd22d30c087e"
          },
          "private": "eyJlMmJmYjczMC1lY2FhLTExZTYtOGY4OC0zNDM2M2JjN2M0YzAiOnsiY3JlYXRlIjo2MDAwMDAwMDAwMDAsImRlbGV0ZSI6OTAwMDAwMDAwMDAwfSwic2NoZW1hX3ZlcnNpb24iOiIxIn0=",
          "dependencies": [
            "aws_vpc.joey-k8s-local"
          ]
        }
      ]
    },
    {
      "mode": "managed",
      "type": "aws_security_group",
      "name": "masters-joey-k8s-local",
      "provider": "provider[\"registry.terraform.io/hashicorp/aws\"]",
      "instances": [
        {
          "schema_version": 1,
          "attributes": {
            "arn": "arn:aws:ec2:us-east-2:089424413387:security-group/sg-0079f64add9e22d2e",
            "description": "Security group for masters",
            "egress": [],
            "id": "sg-0079f64add9e22d2e",
            "ingress": [],
            "name": "masters.joey.k8s.local",
            "name_prefix": "",
            "owner_id": "089424413387",
            "revoke_rules_on_delete": false,
            "tags": {
              "KubernetesCluster": "joey.k8s.local",
              "Name": "masters.joey.k8s.local",
              "kubernetes.io/cluster/joey.k8s.local": "owned"
            },
            "tags_all": {
              "KubernetesCluster": "joey.k8s.local",
              "Name": "masters.joey.k8s.local",
              "kubernetes.io/cluster/joey.k8s.local": "owned"
            },
            "timeouts": null,
            "vpc_id": "vpc-089dbbd22d30c087e"
          },
          "private": "eyJlMmJmYjczMC1lY2FhLTExZTYtOGY4OC0zNDM2M2JjN2M0YzAiOnsiY3JlYXRlIjo2MDAwMDAwMDAwMDAsImRlbGV0ZSI6OTAwMDAwMDAwMDAwfSwic2NoZW1hX3ZlcnNpb24iOiIxIn0=",
          "dependencies": [
            "aws_vpc.joey-k8s-local"
          ],
          "create_before_destroy": true
        }
      ]
    },
    {
      "mode": "managed",
      "type": "aws_security_group",
      "name": "nodes-joey-k8s-local",
      "provider": "provider[\"registry.terraform.io/hashicorp/aws\"]",
      "instances": [
        {
          "schema_version": 1,
          "attributes": {
            "arn": "arn:aws:ec2:us-east-2:089424413387:security-group/sg-02ce315c9dd36ae35",
            "description": "Security group for nodes",
            "egress": [],
            "id": "sg-02ce315c9dd36ae35",
            "ingress": [],
            "name": "nodes.joey.k8s.local",
            "name_prefix": "",
            "owner_id": "089424413387",
            "revoke_rules_on_delete": false,
            "tags": {
              "KubernetesCluster": "joey.k8s.local",
              "Name": "nodes.joey.k8s.local",
              "kubernetes.io/cluster/joey.k8s.local": "owned"
            },
            "tags_all": {
              "KubernetesCluster": "joey.k8s.local",
              "Name": "nodes.joey.k8s.local",
              "kubernetes.io/cluster/joey.k8s.local": "owned"
            },
            "timeouts": null,
            "vpc_id": "vpc-089dbbd22d30c087e"
          },
          "private": "eyJlMmJmYjczMC1lY2FhLTExZTYtOGY4OC0zNDM2M2JjN2M0YzAiOnsiY3JlYXRlIjo2MDAwMDAwMDAwMDAsImRlbGV0ZSI6OTAwMDAwMDAwMDAwfSwic2NoZW1hX3ZlcnNpb24iOiIxIn0=",
          "dependencies": [
            "aws_vpc.joey-k8s-local"
          ],
          "create_before_destroy": true
        }
      ]
    },
    {
      "mode": "managed",
      "type": "aws_security_group_rule",
      "name": "from-0-0-0-0--0-ingress-tcp-22to22-masters-joey-k8s-local",
      "provider": "provider[\"registry.terraform.io/hashicorp/aws\"]",
      "instances": [
        {
          "schema_version": 2,
          "attributes": {
            "cidr_blocks": [
              "0.0.0.0/0"
            ],
            "description": null,
            "from_port": 22,
            "id": "sgrule-3625978969",
            "ipv6_cidr_blocks": null,
            "prefix_list_ids": null,
            "protocol": "tcp",
            "security_group_id": "sg-0079f64add9e22d2e",
            "self": false,
            "source_security_group_id": null,
            "to_port": 22,
            "type": "ingress"
          },
          "private": "eyJzY2hlbWFfdmVyc2lvbiI6IjIifQ==",
          "dependencies": [
            "aws_security_group.masters-joey-k8s-local",
            "aws_vpc.joey-k8s-local"
          ]
        }
      ]
    },
    {
      "mode": "managed",
      "type": "aws_security_group_rule",
      "name": "from-0-0-0-0--0-ingress-tcp-22to22-nodes-joey-k8s-local",
      "provider": "provider[\"registry.terraform.io/hashicorp/aws\"]",
      "instances": [
        {
          "schema_version": 2,
          "attributes": {
            "cidr_blocks": [
              "0.0.0.0/0"
            ],
            "description": null,
            "from_port": 22,
            "id": "sgrule-3583718267",
            "ipv6_cidr_blocks": null,
            "prefix_list_ids": null,
            "protocol": "tcp",
            "security_group_id": "sg-02ce315c9dd36ae35",
            "self": false,
            "source_security_group_id": null,
            "to_port": 22,
            "type": "ingress"
          },
          "private": "eyJzY2hlbWFfdmVyc2lvbiI6IjIifQ==",
          "dependencies": [
            "aws_security_group.nodes-joey-k8s-local",
            "aws_vpc.joey-k8s-local"
          ]
        }
      ]
    },
    {
      "mode": "managed",
      "type": "aws_security_group_rule",
      "name": "from-0-0-0-0--0-ingress-tcp-443to443-api-elb-joey-k8s-local",
      "provider": "provider[\"registry.terraform.io/hashicorp/aws\"]",
      "instances": [
        {
          "schema_version": 2,
          "attributes": {
            "cidr_blocks": [
              "0.0.0.0/0"
            ],
            "description": null,
            "from_port": 443,
            "id": "sgrule-3150313155",
            "ipv6_cidr_blocks": null,
            "prefix_list_ids": null,
            "protocol": "tcp",
            "security_group_id": "sg-0c7616b733acdb975",
            "self": false,
            "source_security_group_id": null,
            "to_port": 443,
            "type": "ingress"
          },
          "private": "eyJzY2hlbWFfdmVyc2lvbiI6IjIifQ==",
          "dependencies": [
            "aws_security_group.api-elb-joey-k8s-local",
            "aws_vpc.joey-k8s-local"
          ]
        }
      ]
    },
    {
      "mode": "managed",
      "type": "aws_security_group_rule",
      "name": "from-api-elb-joey-k8s-local-egress-all-0to0-0-0-0-0--0",
      "provider": "provider[\"registry.terraform.io/hashicorp/aws\"]",
      "instances": [
        {
          "schema_version": 2,
          "attributes": {
            "cidr_blocks": [
              "0.0.0.0/0"
            ],
            "description": null,
            "from_port": 0,
            "id": "sgrule-4257850821",
            "ipv6_cidr_blocks": null,
            "prefix_list_ids": null,
            "protocol": "-1",
            "security_group_id": "sg-0c7616b733acdb975",
            "self": false,
            "source_security_group_id": null,
            "to_port": 0,
            "type": "egress"
          },
          "private": "eyJzY2hlbWFfdmVyc2lvbiI6IjIifQ==",
          "dependencies": [
            "aws_security_group.api-elb-joey-k8s-local",
            "aws_vpc.joey-k8s-local"
          ]
        }
      ]
    },
    {
      "mode": "managed",
      "type": "aws_security_group_rule",
      "name": "from-masters-joey-k8s-local-egress-all-0to0-0-0-0-0--0",
      "provider": "provider[\"registry.terraform.io/hashicorp/aws\"]",
      "instances": [
        {
          "schema_version": 2,
          "attributes": {
            "cidr_blocks": [
              "0.0.0.0/0"
            ],
            "description": null,
            "from_port": 0,
            "id": "sgrule-3290002601",
            "ipv6_cidr_blocks": null,
            "prefix_list_ids": null,
            "protocol": "-1",
            "security_group_id": "sg-0079f64add9e22d2e",
            "self": false,
            "source_security_group_id": null,
            "to_port": 0,
            "type": "egress"
          },
          "private": "eyJzY2hlbWFfdmVyc2lvbiI6IjIifQ==",
          "dependencies": [
            "aws_security_group.masters-joey-k8s-local",
            "aws_vpc.joey-k8s-local"
          ]
        }
      ]
    },
    {
      "mode": "managed",
      "type": "aws_security_group_rule",
      "name": "from-masters-joey-k8s-local-ingress-all-0to0-masters-joey-k8s-local",
      "provider": "provider[\"registry.terraform.io/hashicorp/aws\"]",
      "instances": [
        {
          "schema_version": 2,
          "attributes": {
            "cidr_blocks": null,
            "description": null,
            "from_port": 0,
            "id": "sgrule-1256728802",
            "ipv6_cidr_blocks": null,
            "prefix_list_ids": null,
            "protocol": "-1",
            "security_group_id": "sg-0079f64add9e22d2e",
            "self": false,
            "source_security_group_id": "sg-0079f64add9e22d2e",
            "to_port": 0,
            "type": "ingress"
          },
          "private": "eyJzY2hlbWFfdmVyc2lvbiI6IjIifQ==",
          "dependencies": [
            "aws_security_group.masters-joey-k8s-local",
            "aws_vpc.joey-k8s-local"
          ]
        }
      ]
    },
    {
      "mode": "managed",
      "type": "aws_security_group_rule",
      "name": "from-masters-joey-k8s-local-ingress-all-0to0-nodes-joey-k8s-local",
      "provider": "provider[\"registry.terraform.io/hashicorp/aws\"]",
      "instances": [
        {
          "schema_version": 2,
          "attributes": {
            "cidr_blocks": null,
            "description": null,
            "from_port": 0,
            "id": "sgrule-621073357",
            "ipv6_cidr_blocks": null,
            "prefix_list_ids": null,
            "protocol": "-1",
            "security_group_id": "sg-02ce315c9dd36ae35",
            "self": false,
            "source_security_group_id": "sg-0079f64add9e22d2e",
            "to_port": 0,
            "type": "ingress"
          },
          "private": "eyJzY2hlbWFfdmVyc2lvbiI6IjIifQ==",
          "dependencies": [
            "aws_security_group.masters-joey-k8s-local",
            "aws_security_group.nodes-joey-k8s-local",
            "aws_vpc.joey-k8s-local"
          ]
        }
      ]
    },
    {
      "mode": "managed",
      "type": "aws_security_group_rule",
      "name": "from-nodes-joey-k8s-local-egress-all-0to0-0-0-0-0--0",
      "provider": "provider[\"registry.terraform.io/hashicorp/aws\"]",
      "instances": [
        {
          "schema_version": 2,
          "attributes": {
            "cidr_blocks": [
              "0.0.0.0/0"
            ],
            "description": null,
            "from_port": 0,
            "id": "sgrule-1352263141",
            "ipv6_cidr_blocks": null,
            "prefix_list_ids": null,
            "protocol": "-1",
            "security_group_id": "sg-02ce315c9dd36ae35",
            "self": false,
            "source_security_group_id": null,
            "to_port": 0,
            "type": "egress"
          },
          "private": "eyJzY2hlbWFfdmVyc2lvbiI6IjIifQ==",
          "dependencies": [
            "aws_security_group.nodes-joey-k8s-local",
            "aws_vpc.joey-k8s-local"
          ]
        }
      ]
    },
    {
      "mode": "managed",
      "type": "aws_security_group_rule",
      "name": "from-nodes-joey-k8s-local-ingress-all-0to0-nodes-joey-k8s-local",
      "provider": "provider[\"registry.terraform.io/hashicorp/aws\"]",
      "instances": [
        {
          "schema_version": 2,
          "attributes": {
            "cidr_blocks": null,
            "description": null,
            "from_port": 0,
            "id": "sgrule-2877373867",
            "ipv6_cidr_blocks": null,
            "prefix_list_ids": null,
            "protocol": "-1",
            "security_group_id": "sg-02ce315c9dd36ae35",
            "self": false,
            "source_security_group_id": "sg-02ce315c9dd36ae35",
            "to_port": 0,
            "type": "ingress"
          },
          "private": "eyJzY2hlbWFfdmVyc2lvbiI6IjIifQ==",
          "dependencies": [
            "aws_security_group.nodes-joey-k8s-local",
            "aws_vpc.joey-k8s-local"
          ]
        }
      ]
    },
    {
      "mode": "managed",
      "type": "aws_security_group_rule",
      "name": "from-nodes-joey-k8s-local-ingress-tcp-1to2379-masters-joey-k8s-local",
      "provider": "provider[\"registry.terraform.io/hashicorp/aws\"]",
      "instances": [
        {
          "schema_version": 2,
          "attributes": {
            "cidr_blocks": null,
            "description": null,
            "from_port": 1,
            "id": "sgrule-302864247",
            "ipv6_cidr_blocks": null,
            "prefix_list_ids": null,
            "protocol": "tcp",
            "security_group_id": "sg-0079f64add9e22d2e",
            "self": false,
            "source_security_group_id": "sg-02ce315c9dd36ae35",
            "to_port": 2379,
            "type": "ingress"
          },
          "private": "eyJzY2hlbWFfdmVyc2lvbiI6IjIifQ==",
          "dependencies": [
            "aws_security_group.masters-joey-k8s-local",
            "aws_security_group.nodes-joey-k8s-local",
            "aws_vpc.joey-k8s-local"
          ]
        }
      ]
    },
    {
      "mode": "managed",
      "type": "aws_security_group_rule",
      "name": "from-nodes-joey-k8s-local-ingress-tcp-2382to4000-masters-joey-k8s-local",
      "provider": "provider[\"registry.terraform.io/hashicorp/aws\"]",
      "instances": [
        {
          "schema_version": 2,
          "attributes": {
            "cidr_blocks": null,
            "description": null,
            "from_port": 2382,
            "id": "sgrule-3967533062",
            "ipv6_cidr_blocks": null,
            "prefix_list_ids": null,
            "protocol": "tcp",
            "security_group_id": "sg-0079f64add9e22d2e",
            "self": false,
            "source_security_group_id": "sg-02ce315c9dd36ae35",
            "to_port": 4000,
            "type": "ingress"
          },
          "private": "eyJzY2hlbWFfdmVyc2lvbiI6IjIifQ==",
          "dependencies": [
            "aws_security_group.masters-joey-k8s-local",
            "aws_security_group.nodes-joey-k8s-local",
            "aws_vpc.joey-k8s-local"
          ]
        }
      ]
    },
    {
      "mode": "managed",
      "type": "aws_security_group_rule",
      "name": "from-nodes-joey-k8s-local-ingress-tcp-4003to65535-masters-joey-k8s-local",
      "provider": "provider[\"registry.terraform.io/hashicorp/aws\"]",
      "instances": [
        {
          "schema_version": 2,
          "attributes": {
            "cidr_blocks": null,
            "description": null,
            "from_port": 4003,
            "id": "sgrule-2704260181",
            "ipv6_cidr_blocks": null,
            "prefix_list_ids": null,
            "protocol": "tcp",
            "security_group_id": "sg-0079f64add9e22d2e",
            "self": false,
            "source_security_group_id": "sg-02ce315c9dd36ae35",
            "to_port": 65535,
            "type": "ingress"
          },
          "private": "eyJzY2hlbWFfdmVyc2lvbiI6IjIifQ==",
          "dependencies": [
            "aws_security_group.masters-joey-k8s-local",
            "aws_security_group.nodes-joey-k8s-local",
            "aws_vpc.joey-k8s-local"
          ]
        }
      ]
    },
    {
      "mode": "managed",
      "type": "aws_security_group_rule",
      "name": "from-nodes-joey-k8s-local-ingress-udp-1to65535-masters-joey-k8s-local",
      "provider": "provider[\"registry.terraform.io/hashicorp/aws\"]",
      "instances": [
        {
          "schema_version": 2,
          "attributes": {
            "cidr_blocks": null,
            "description": null,
            "from_port": 1,
            "id": "sgrule-465280600",
            "ipv6_cidr_blocks": null,
            "prefix_list_ids": null,
            "protocol": "udp",
            "security_group_id": "sg-0079f64add9e22d2e",
            "self": false,
            "source_security_group_id": "sg-02ce315c9dd36ae35",
            "to_port": 65535,
            "type": "ingress"
          },
          "private": "eyJzY2hlbWFfdmVyc2lvbiI6IjIifQ==",
          "dependencies": [
            "aws_security_group.masters-joey-k8s-local",
            "aws_security_group.nodes-joey-k8s-local",
            "aws_vpc.joey-k8s-local"
          ]
        }
      ]
    },
    {
      "mode": "managed",
      "type": "aws_security_group_rule",
      "name": "https-elb-to-master",
      "provider": "provider[\"registry.terraform.io/hashicorp/aws\"]",
      "instances": [
        {
          "schema_version": 2,
          "attributes": {
            "cidr_blocks": null,
            "description": null,
            "from_port": 443,
            "id": "sgrule-2387666048",
            "ipv6_cidr_blocks": null,
            "prefix_list_ids": null,
            "protocol": "tcp",
            "security_group_id": "sg-0079f64add9e22d2e",
            "self": false,
            "source_security_group_id": "sg-0c7616b733acdb975",
            "to_port": 443,
            "type": "ingress"
          },
          "private": "eyJzY2hlbWFfdmVyc2lvbiI6IjIifQ==",
          "dependencies": [
            "aws_security_group.api-elb-joey-k8s-local",
            "aws_security_group.masters-joey-k8s-local",
            "aws_vpc.joey-k8s-local"
          ]
        }
      ]
    },
    {
      "mode": "managed",
      "type": "aws_security_group_rule",
      "name": "icmp-pmtu-api-elb-0-0-0-0--0",
      "provider": "provider[\"registry.terraform.io/hashicorp/aws\"]",
      "instances": [
        {
          "schema_version": 2,
          "attributes": {
            "cidr_blocks": [
              "0.0.0.0/0"
            ],
            "description": null,
            "from_port": 3,
            "id": "sgrule-318390717",
            "ipv6_cidr_blocks": null,
            "prefix_list_ids": null,
            "protocol": "icmp",
            "security_group_id": "sg-0c7616b733acdb975",
            "self": false,
            "source_security_group_id": null,
            "to_port": 4,
            "type": "ingress"
          },
          "private": "eyJzY2hlbWFfdmVyc2lvbiI6IjIifQ==",
          "dependencies": [
            "aws_security_group.api-elb-joey-k8s-local",
            "aws_vpc.joey-k8s-local"
          ]
        }
      ]
    },
    {
      "mode": "managed",
      "type": "aws_subnet",
      "name": "us-east-2a-joey-k8s-local",
      "provider": "provider[\"registry.terraform.io/hashicorp/aws\"]",
      "instances": [
        {
          "schema_version": 1,
          "attributes": {
            "arn": "arn:aws:ec2:us-east-2:089424413387:subnet/subnet-0cc016d66b469ee53",
            "assign_ipv6_address_on_creation": false,
            "availability_zone": "us-east-2a",
            "availability_zone_id": "use2-az1",
            "cidr_block": "172.20.32.0/19",
            "customer_owned_ipv4_pool": "",
            "id": "subnet-0cc016d66b469ee53",
            "ipv6_cidr_block": "",
            "ipv6_cidr_block_association_id": "",
            "map_customer_owned_ip_on_launch": false,
            "map_public_ip_on_launch": false,
            "outpost_arn": "",
            "owner_id": "089424413387",
            "tags": {
              "KubernetesCluster": "joey.k8s.local",
              "Name": "us-east-2a.joey.k8s.local",
              "SubnetType": "Public",
              "kubernetes.io/cluster/joey.k8s.local": "owned",
              "kubernetes.io/role/elb": "1",
              "kubernetes.io/role/internal-elb": "1"
            },
            "tags_all": {
              "KubernetesCluster": "joey.k8s.local",
              "Name": "us-east-2a.joey.k8s.local",
              "SubnetType": "Public",
              "kubernetes.io/cluster/joey.k8s.local": "owned",
              "kubernetes.io/role/elb": "1",
              "kubernetes.io/role/internal-elb": "1"
            },
            "timeouts": null,
            "vpc_id": "vpc-089dbbd22d30c087e"
          },
          "private": "eyJlMmJmYjczMC1lY2FhLTExZTYtOGY4OC0zNDM2M2JjN2M0YzAiOnsiY3JlYXRlIjo2MDAwMDAwMDAwMDAsImRlbGV0ZSI6MTIwMDAwMDAwMDAwMH0sInNjaGVtYV92ZXJzaW9uIjoiMSJ9",
          "dependencies": [
            "aws_vpc.joey-k8s-local"
          ]
        }
      ]
    },
    {
      "mode": "managed",
      "type": "aws_vpc",
      "name": "joey-k8s-local",
      "provider": "provider[\"registry.terraform.io/hashicorp/aws\"]",
      "instances": [
        {
          "schema_version": 1,
          "attributes": {
            "arn": "arn:aws:ec2:us-east-2:089424413387:vpc/vpc-089dbbd22d30c087e",
            "assign_generated_ipv6_cidr_block": false,
            "cidr_block": "172.20.0.0/16",
            "default_network_acl_id": "acl-0db21f568582147bf",
            "default_route_table_id": "rtb-0d8fa2f04ae29793f",
            "default_security_group_id": "sg-078e03ebf7b0f978d",
            "dhcp_options_id": "dopt-ddfa68b6",
            "enable_classiclink": null,
            "enable_classiclink_dns_support": null,
            "enable_dns_hostnames": true,
            "enable_dns_support": true,
            "id": "vpc-089dbbd22d30c087e",
            "instance_tenancy": "default",
            "ipv6_association_id": "",
            "ipv6_cidr_block": "",
            "main_route_table_id": "rtb-0d8fa2f04ae29793f",
            "owner_id": "089424413387",
            "tags": {
              "KubernetesCluster": "joey.k8s.local",
              "Name": "joey.k8s.local",
              "kubernetes.io/cluster/joey.k8s.local": "owned"
            },
            "tags_all": {
              "KubernetesCluster": "joey.k8s.local",
              "Name": "joey.k8s.local",
              "kubernetes.io/cluster/joey.k8s.local": "owned"
            }
          },
          "private": "eyJzY2hlbWFfdmVyc2lvbiI6IjEifQ==",
          "create_before_destroy": true
        }
      ]
    },
    {
      "mode": "managed",
      "type": "aws_vpc_dhcp_options",
      "name": "joey-k8s-local",
      "provider": "provider[\"registry.terraform.io/hashicorp/aws\"]",
      "instances": [
        {
          "schema_version": 0,
          "attributes": {
            "arn": "arn:aws:ec2:us-east-2:089424413387:dhcp-options/dopt-08410fe86b2b67820",
            "domain_name": "us-east-2.compute.internal",
            "domain_name_servers": [
              "AmazonProvidedDNS"
            ],
            "id": "dopt-08410fe86b2b67820",
            "netbios_name_servers": null,
            "netbios_node_type": null,
            "ntp_servers": null,
            "owner_id": "089424413387",
            "tags": {
              "KubernetesCluster": "joey.k8s.local",
              "Name": "joey.k8s.local",
              "kubernetes.io/cluster/joey.k8s.local": "owned"
            },
            "tags_all": {
              "KubernetesCluster": "joey.k8s.local",
              "Name": "joey.k8s.local",
              "kubernetes.io/cluster/joey.k8s.local": "owned"
            }
          },
          "private": "bnVsbA=="
        }
      ]
    },
    {
      "mode": "managed",
      "type": "aws_vpc_dhcp_options_association",
      "name": "joey-k8s-local",
      "provider": "provider[\"registry.terraform.io/hashicorp/aws\"]",
      "instances": [
        {
          "schema_version": 0,
          "attributes": {
            "dhcp_options_id": "dopt-08410fe86b2b67820",
            "id": "dopt-08410fe86b2b67820-vpc-089dbbd22d30c087e",
            "vpc_id": "vpc-089dbbd22d30c087e"
          },
          "private": "bnVsbA==",
          "dependencies": [
            "aws_vpc.joey-k8s-local",
            "aws_vpc_dhcp_options.joey-k8s-local"
          ]
        }
      ]
    }
  ]
}
